{
  "version": 4,
  "terraform_version": "1.15.8",
  "serial": 244,
  "lineage": "52b49e72-14c7-cd5c-2815-f90e9a4e68ff",
  "outputs": {
    "cluster-endpoint": {
      "value": "https://EC2A848BA7DBF7CC288694EFC13CC87B.yl4.eu-north-1.eks.amazonaws.com",
      "type": "string"
    },
    "cluster_name": {
      "value": "devboard",
      "type": "string"
    },
    "cluster_security_group_id": {
      "value": "sg-0aeed5b29e1563baa",
      "type": "string"
    },
    "lb_controller_role_arn": {
      "value": "arn:aws:iam::938998270170:role/devboard-lb-controller-irsa",
      "type": "string"
    }
  },
  "resources": [
    {
      "mode": "data",
      "type": "aws_availability_zones",
      "name": "available",
      "provider": "provider[\"registry.terraform.io/hashicorp/aws\"]",
      "instances": [
        {
          "schema_version": 0,
          "attributes": {
            "all_availability_zones": null,
            "exclude_names": null,
            "exclude_zone_ids": null,
            "filter": null,
            "group_names": [
              "eu-north-1-zg-1"
            ],
            "id": "eu-north-1",
            "names": [
              "eu-north-1a",
              "eu-north-1b",
              "eu-north-1c"
            ],
            "state": null,
            "timeouts": null,
            "zone_ids": [
              "eun1-az1",
              "eun1-az2",
              "eun1-az3"
            ]
          },
          "sensitive_attributes": [],
          "identity_schema_version": 0
        }
      ]
    },
    {
      "mode": "data",
      "type": "aws_iam_policy",
      "name": "ebs_csi_policy",
      "provider": "provider[\"registry.terraform.io/hashicorp/aws\"]",
      "instances": [
        {
          "schema_version": 0,
          "attributes": {
            "arn": "arn:aws:iam::aws:policy/service-role/AmazonEBSCSIDriverPolicy",
            "attachment_count": 0,
            "description": "IAM Policy that allows the CSI driver service account to make calls to related services such as EC2 on your behalf.",
            "id": "arn:aws:iam::aws:policy/service-role/AmazonEBSCSIDriverPolicy",
            "name": "AmazonEBSCSIDriverPolicy",
            "path": "/service-role/",
            "path_prefix": null,
            "policy": "{\n\t\"Version\": \"2012-10-17\",\n\t\"Statement\": [\n\t\t{\n\t\t\t\"Effect\": \"Allow\",\n\t\t\t\"Action\": [\n\t\t\t\t\"ec2:DescribeAvailabilityZones\",\n\t\t\t\t\"ec2:DescribeInstances\",\n\t\t\t\t\"ec2:DescribeInstanceTypes\",\n\t\t\t\t\"ec2:DescribeSnapshots\",\n\t\t\t\t\"ec2:DescribeTags\",\n\t\t\t\t\"ec2:DescribeVolumes\",\n\t\t\t\t\"ec2:DescribeVolumesModifications\",\n\t\t\t\t\"ec2:DescribeVolumeStatus\"\n\t\t\t],\n\t\t\t\"Resource\": \"*\"\n\t\t},\n\t\t{\n\t\t\t\"Effect\": \"Allow\",\n\t\t\t\"Action\": [\n\t\t\t\t\"ec2:CreateSnapshot\",\n\t\t\t\t\"ec2:ModifyVolume\"\n\t\t\t],\n\t\t\t\"Resource\": \"arn:aws:ec2:*:*:volume/*\"\n\t\t},\n\t\t{\n\t\t\t\"Effect\": \"Allow\",\n\t\t\t\"Action\": [\n\t\t\t\t\"ec2:CopyVolumes\"\n\t\t\t],\n\t\t\t\"Resource\": [\n\t\t\t\t\"arn:aws:ec2:*:*:volume/vol-*\"\n\t\t\t]\n\t\t},\n\t\t{\n\t\t\t\"Effect\": \"Allow\",\n\t\t\t\"Action\": [\n\t\t\t\t\"ec2:AttachVolume\",\n\t\t\t\t\"ec2:DetachVolume\"\n\t\t\t],\n\t\t\t\"Resource\": [\n\t\t\t\t\"arn:aws:ec2:*:*:volume/*\",\n\t\t\t\t\"arn:aws:ec2:*:*:instance/*\"\n\t\t\t]\n\t\t},\n\t\t{\n\t\t\t\"Effect\": \"Allow\",\n\t\t\t\"Action\": [\n\t\t\t\t\"ec2:CreateVolume\",\n\t\t\t\t\"ec2:EnableFastSnapshotRestores\"\n\t\t\t],\n\t\t\t\"Resource\": \"arn:aws:ec2:*:*:snapshot/*\"\n\t\t},\n\t\t{\n\t\t\t\"Effect\": \"Allow\",\n\t\t\t\"Action\": [\n\t\t\t\t\"ec2:CreateTags\"\n\t\t\t],\n\t\t\t\"Resource\": [\n\t\t\t\t\"arn:aws:ec2:*:*:volume/*\",\n\t\t\t\t\"arn:aws:ec2:*:*:snapshot/*\"\n\t\t\t],\n\t\t\t\"Condition\": {\n\t\t\t\t\"StringEquals\": {\n\t\t\t\t\t\"ec2:CreateAction\": [\n\t\t\t\t\t\t\"CreateVolume\",\n\t\t\t\t\t\t\"CreateSnapshot\",\n\t\t\t\t\t\t\"CopyVolumes\"\n\t\t\t\t\t]\n\t\t\t\t}\n\t\t\t}\n\t\t},\n\t\t{\n\t\t\t\"Effect\": \"Allow\",\n\t\t\t\"Action\": [\n\t\t\t\t\"ec2:DeleteTags\"\n\t\t\t],\n\t\t\t\"Resource\": [\n\t\t\t\t\"arn:aws:ec2:*:*:volume/*\",\n\t\t\t\t\"arn:aws:ec2:*:*:snapshot/*\"\n\t\t\t]\n\t\t},\n\t\t{\n\t\t\t\"Effect\": \"Allow\",\n\t\t\t\"Action\": [\n\t\t\t\t\"ec2:CreateVolume\",\n\t\t\t\t\"ec2:CopyVolumes\"\n\t\t\t],\n\t\t\t\"Resource\": \"arn:aws:ec2:*:*:volume/*\",\n\t\t\t\"Condition\": {\n\t\t\t\t\"StringLike\": {\n\t\t\t\t\t\"aws:RequestTag/ebs.csi.aws.com/cluster\": \"true\"\n\t\t\t\t}\n\t\t\t}\n\t\t},\n\t\t{\n\t\t\t\"Effect\": \"Allow\",\n\t\t\t\"Action\": [\n\t\t\t\t\"ec2:CreateVolume\",\n\t\t\t\t\"ec2:CopyVolumes\"\n\t\t\t],\n\t\t\t\"Resource\": \"arn:aws:ec2:*:*:volume/*\",\n\t\t\t\"Condition\": {\n\t\t\t\t\"StringLike\": {\n\t\t\t\t\t\"aws:RequestTag/CSIVolumeName\": \"*\"\n\t\t\t\t}\n\t\t\t}\n\t\t},\n\t\t{\n\t\t\t\"Effect\": \"Allow\",\n\t\t\t\"Action\": [\n\t\t\t\t\"ec2:DeleteVolume\"\n\t\t\t],\n\t\t\t\"Resource\": \"arn:aws:ec2:*:*:volume/*\",\n\t\t\t\"Condition\": {\n\t\t\t\t\"StringLike\": {\n\t\t\t\t\t\"ec2:ResourceTag/ebs.csi.aws.com/cluster\": \"true\"\n\t\t\t\t}\n\t\t\t}\n\t\t},\n\t\t{\n\t\t\t\"Effect\": \"Allow\",\n\t\t\t\"Action\": [\n\t\t\t\t\"ec2:DeleteVolume\"\n\t\t\t],\n\t\t\t\"Resource\": \"arn:aws:ec2:*:*:volume/*\",\n\t\t\t\"Condition\": {\n\t\t\t\t\"StringLike\": {\n\t\t\t\t\t\"ec2:ResourceTag/CSIVolumeName\": \"*\"\n\t\t\t\t}\n\t\t\t}\n\t\t},\n\t\t{\n\t\t\t\"Effect\": \"Allow\",\n\t\t\t\"Action\": [\n\t\t\t\t\"ec2:DeleteVolume\"\n\t\t\t],\n\t\t\t\"Resource\": \"arn:aws:ec2:*:*:volume/*\",\n\t\t\t\"Condition\": {\n\t\t\t\t\"StringLike\": {\n\t\t\t\t\t\"ec2:ResourceTag/kubernetes.io/created-for/pvc/name\": \"*\"\n\t\t\t\t}\n\t\t\t}\n\t\t},\n\t\t{\n\t\t\t\"Effect\": \"Allow\",\n\t\t\t\"Action\": [\n\t\t\t\t\"ec2:CreateSnapshot\"\n\t\t\t],\n\t\t\t\"Resource\": \"arn:aws:ec2:*:*:snapshot/*\",\n\t\t\t\"Condition\": {\n\t\t\t\t\"StringLike\": {\n\t\t\t\t\t\"aws:RequestTag/CSIVolumeSnapshotName\": \"*\"\n\t\t\t\t}\n\t\t\t}\n\t\t},\n\t\t{\n\t\t\t\"Effect\": \"Allow\",\n\t\t\t\"Action\": [\n\t\t\t\t\"ec2:CreateSnapshot\"\n\t\t\t],\n\t\t\t\"Resource\": \"arn:aws:ec2:*:*:snapshot/*\",\n\t\t\t\"Condition\": {\n\t\t\t\t\"StringLike\": {\n\t\t\t\t\t\"aws:RequestTag/ebs.csi.aws.com/cluster\": \"true\"\n\t\t\t\t}\n\t\t\t}\n\t\t},\n\t\t{\n\t\t\t\"Effect\": \"Allow\",\n\t\t\t\"Action\": [\n\t\t\t\t\"ec2:DeleteSnapshot\",\n\t\t\t\t\"ec2:LockSnapshot\"\n\t\t\t],\n\t\t\t\"Resource\": \"arn:aws:ec2:*:*:snapshot/*\",\n\t\t\t\"Condition\": {\n\t\t\t\t\"StringLike\": {\n\t\t\t\t\t\"ec2:ResourceTag/CSIVolumeSnapshotName\": \"*\"\n\t\t\t\t}\n\t\t\t}\n\t\t},\n\t\t{\n\t\t\t\"Effect\": \"Allow\",\n\t\t\t\"Action\": [\n\t\t\t\t\"ec2:DeleteSnapshot\",\n\t\t\t\t\"ec2:LockSnapshot\"\n\t\t\t],\n\t\t\t\"Resource\": \"arn:aws:ec2:*:*:snapshot/*\",\n\t\t\t\"Condition\": {\n\t\t\t\t\"StringLike\": {\n\t\t\t\t\t\"ec2:ResourceTag/ebs.csi.aws.com/cluster\": \"true\"\n\t\t\t\t}\n\t\t\t}\n\t\t}\n\t]\n}",
            "policy_id": "ANPAZKAPJZG4IV6FHD2UE",
            "tags": {}
          },
          "sensitive_attributes": [],
          "identity_schema_version": 0
        }
      ]
    },
    {
      "mode": "managed",
      "type": "aws_eks_addon",
      "name": "ebs_csi",
      "provider": "provider[\"registry.terraform.io/hashicorp/aws\"]",
      "instances": [
        {
          "schema_version": 0,
          "attributes": {
            "addon_name": "aws-ebs-csi-driver",
            "addon_version": "v1.62.0-eksbuild.1",
            "arn": "arn:aws:eks:eu-north-1:938998270170:addon/devboard/aws-ebs-csi-driver/08cfbf0b-ff10-1282-cace-dea0e5c4b533",
            "cluster_name": "devboard",
            "configuration_values": "",
            "created_at": "2026-07-20T05:55:29Z",
            "id": "devboard:aws-ebs-csi-driver",
            "modified_at": "2026-07-20T05:56:10Z",
            "pod_identity_association": [],
            "preserve": null,
            "resolve_conflicts": null,
            "resolve_conflicts_on_create": null,
            "resolve_conflicts_on_update": null,
            "service_account_role_arn": "arn:aws:iam::938998270170:role/devboard-ebs-csi-irsa",
            "tags": null,
            "tags_all": {},
            "timeouts": null
          },
          "sensitive_attributes": [],
          "identity_schema_version": 0,
          "private": "eyJlMmJmYjczMC1lY2FhLTExZTYtOGY4OC0zNDM2M2JjN2M0YzAiOnsiY3JlYXRlIjoxMjAwMDAwMDAwMDAwLCJkZWxldGUiOjI0MDAwMDAwMDAwMDAsInVwZGF0ZSI6MTIwMDAwMDAwMDAwMH19",
          "dependencies": [
            "data.aws_availability_zones.available",
            "module.eks.aws_cloudwatch_log_group.this",
            "module.eks.aws_ec2_tag.cluster_primary_security_group",
            "module.eks.aws_eks_access_entry.this",
            "module.eks.aws_eks_access_policy_association.this",
            "module.eks.aws_eks_addon.before_compute",
            "module.eks.aws_eks_addon.this",
            "module.eks.aws_eks_cluster.this",
            "module.eks.aws_eks_identity_provider_config.this",
            "module.eks.aws_iam_openid_connect_provider.oidc_provider",
            "module.eks.aws_iam_policy.cluster_encryption",
            "module.eks.aws_iam_policy.cni_ipv6_policy",
            "module.eks.aws_iam_policy.custom",
            "module.eks.aws_iam_role.eks_auto",
            "module.eks.aws_iam_role.this",
            "module.eks.aws_iam_role_policy_attachment.additional",
            "module.eks.aws_iam_role_policy_attachment.cluster_encryption",
            "module.eks.aws_iam_role_policy_attachment.custom",
            "module.eks.aws_iam_role_policy_attachment.eks_auto",
            "module.eks.aws_iam_role_policy_attachment.eks_auto_additional",
            "module.eks.aws_iam_role_policy_attachment.this",
            "module.eks.aws_security_group.cluster",
            "module.eks.aws_security_group.node",
            "module.eks.aws_security_group_rule.cluster",
            "module.eks.aws_security_group_rule.node",
            "module.eks.data.aws_caller_identity.current",
            "module.eks.data.aws_eks_addon_version.this",
            "module.eks.data.aws_iam_policy_document.assume_role_policy",
            "module.eks.data.aws_iam_policy_document.cni_ipv6_policy",
            "module.eks.data.aws_iam_policy_document.custom",
            "module.eks.data.aws_iam_policy_document.node_assume_role_policy",
            "module.eks.data.aws_iam_session_context.current",
            "module.eks.data.aws_partition.current",
            "module.eks.data.tls_certificate.this",
            "module.eks.module.eks_managed_node_group.aws_autoscaling_schedule.this",
            "module.eks.module.eks_managed_node_group.aws_eks_node_group.this",
            "module.eks.module.eks_managed_node_group.aws_iam_role.this",
            "module.eks.module.eks_managed_node_group.aws_iam_role_policy.this",
            "module.eks.module.eks_managed_node_group.aws_iam_role_policy_attachment.additional",
            "module.eks.module.eks_managed_node_group.aws_iam_role_policy_attachment.this",
            "module.eks.module.eks_managed_node_group.aws_launch_template.this",
            "module.eks.module.eks_managed_node_group.aws_placement_group.this",
            "module.eks.module.eks_managed_node_group.data.aws_caller_identity.current",
            "module.eks.module.eks_managed_node_group.data.aws_ec2_instance_type.this",
            "module.eks.module.eks_managed_node_group.data.aws_ec2_instance_type_offerings.this",
            "module.eks.module.eks_managed_node_group.data.aws_iam_policy_document.assume_role_policy",
            "module.eks.module.eks_managed_node_group.data.aws_iam_policy_document.role",
            "module.eks.module.eks_managed_node_group.data.aws_partition.current",
            "module.eks.module.eks_managed_node_group.data.aws_ssm_parameter.ami",
            "module.eks.module.eks_managed_node_group.data.aws_subnets.placement_group",
            "module.eks.module.eks_managed_node_group.module.user_data.data.cloudinit_config.al2023_eks_managed_node_group",
            "module.eks.module.eks_managed_node_group.module.user_data.data.cloudinit_config.linux_eks_managed_node_group",
            "module.eks.module.eks_managed_node_group.module.user_data.null_resource.validate_cluster_service_cidr",
            "module.eks.module.fargate_profile.aws_eks_fargate_profile.this",
            "module.eks.module.fargate_profile.aws_iam_role.this",
            "module.eks.module.fargate_profile.aws_iam_role_policy.this",
            "module.eks.module.fargate_profile.aws_iam_role_policy_attachment.additional",
            "module.eks.module.fargate_profile.aws_iam_role_policy_attachment.this",
            "module.eks.module.fargate_profile.data.aws_caller_identity.current",
            "module.eks.module.fargate_profile.data.aws_iam_policy_document.assume_role_policy",
            "module.eks.module.fargate_profile.data.aws_iam_policy_document.role",
            "module.eks.module.fargate_profile.data.aws_partition.current",
            "module.eks.module.fargate_profile.data.aws_region.current",
            "module.eks.module.kms.aws_kms_alias.this",
            "module.eks.module.kms.aws_kms_external_key.this",
            "module.eks.module.kms.aws_kms_grant.this",
            "module.eks.module.kms.aws_kms_key.this",
            "module.eks.module.kms.aws_kms_replica_external_key.this",
            "module.eks.module.kms.aws_kms_replica_key.this",
            "module.eks.module.kms.data.aws_caller_identity.current",
            "module.eks.module.kms.data.aws_iam_policy_document.this",
            "module.eks.module.kms.data.aws_partition.current",
            "module.eks.module.self_managed_node_group.aws_autoscaling_group.this",
            "module.eks.module.self_managed_node_group.aws_autoscaling_schedule.this",
            "module.eks.module.self_managed_node_group.aws_eks_access_entry.this",
            "module.eks.module.self_managed_node_group.aws_iam_instance_profile.this",
            "module.eks.module.self_managed_node_group.aws_iam_role.this",
            "module.eks.module.self_managed_node_group.aws_iam_role_policy.this",
            "module.eks.module.self_managed_node_group.aws_iam_role_policy_attachment.additional",
            "module.eks.module.self_managed_node_group.aws_iam_role_policy_attachment.this",
            "module.eks.module.self_managed_node_group.aws_launch_template.this",
            "module.eks.module.self_managed_node_group.aws_placement_group.this",
            "module.eks.module.self_managed_node_group.data.aws_caller_identity.current",
            "module.eks.module.self_managed_node_group.data.aws_ec2_instance_type.this",
            "module.eks.module.self_managed_node_group.data.aws_ec2_instance_type_offerings.this",
            "module.eks.module.self_managed_node_group.data.aws_iam_policy_document.assume_role_policy",
            "module.eks.module.self_managed_node_group.data.aws_iam_policy_document.role",
            "module.eks.module.self_managed_node_group.data.aws_partition.current",
            "module.eks.module.self_managed_node_group.data.aws_ssm_parameter.ami",
            "module.eks.module.self_managed_node_group.data.aws_subnets.placement_group",
            "module.eks.module.self_managed_node_group.module.user_data.data.cloudinit_config.al2023_eks_managed_node_group",
            "module.eks.module.self_managed_node_group.module.user_data.data.cloudinit_config.linux_eks_managed_node_group",
            "module.eks.module.self_managed_node_group.module.user_data.null_resource.validate_cluster_service_cidr",
            "module.eks.time_sleep.this",
            "module.irsa_ebs_csi.aws_iam_role.this",
            "module.irsa_ebs_csi.data.aws_caller_identity.current",
            "module.irsa_ebs_csi.data.aws_iam_policy_document.this",
            "module.irsa_ebs_csi.data.aws_partition.current",
            "module.vpc.aws_subnet.private",
            "module.vpc.aws_vpc.this",
            "module.vpc.aws_vpc_ipv4_cidr_block_association.this"
          ]
        }
      ]
    },
    {
      "mode": "managed",
      "type": "aws_iam_policy",
      "name": "aws_lb_controller",
      "provider": "provider[\"registry.terraform.io/hashicorp/aws\"]",
      "instances": [
        {
          "schema_version": 0,
          "attributes": {
            "arn": "arn:aws:iam::938998270170:policy/devboard-AWSLoadBalancerControllerIAMPolicy",
            "attachment_count": 0,
            "description": "",
            "id": "arn:aws:iam::938998270170:policy/devboard-AWSLoadBalancerControllerIAMPolicy",
            "name": "devboard-AWSLoadBalancerControllerIAMPolicy",
            "name_prefix": "",
            "path": "/",
            "policy": "{\"Statement\":[{\"Action\":[\"iam:CreateServiceLinkedRole\"],\"Condition\":{\"StringEquals\":{\"iam:AWSServiceName\":\"elasticloadbalancing.amazonaws.com\"}},\"Effect\":\"Allow\",\"Resource\":\"*\"},{\"Action\":[\"ec2:DescribeAccountAttributes\",\"ec2:DescribeAddresses\",\"ec2:DescribeAvailabilityZones\",\"ec2:DescribeInternetGateways\",\"ec2:DescribeVpcs\",\"ec2:DescribeVpcPeeringConnections\",\"ec2:DescribeSubnets\",\"ec2:DescribeSecurityGroups\",\"ec2:DescribeInstances\",\"ec2:DescribeNetworkInterfaces\",\"ec2:DescribeTags\",\"ec2:GetCoipPoolUsage\",\"ec2:DescribeCoipPools\",\"ec2:GetSecurityGroupsForVpc\",\"ec2:DescribeIpamPools\",\"ec2:DescribeRouteTables\",\"elasticloadbalancing:DescribeLoadBalancers\",\"elasticloadbalancing:DescribeLoadBalancerAttributes\",\"elasticloadbalancing:DescribeListeners\",\"elasticloadbalancing:DescribeListenerCertificates\",\"elasticloadbalancing:DescribeSSLPolicies\",\"elasticloadbalancing:DescribeRules\",\"elasticloadbalancing:DescribeTargetGroups\",\"elasticloadbalancing:DescribeTargetGroupAttributes\",\"elasticloadbalancing:DescribeTargetHealth\",\"elasticloadbalancing:DescribeTags\",\"elasticloadbalancing:DescribeTrustStores\",\"elasticloadbalancing:DescribeListenerAttributes\",\"elasticloadbalancing:DescribeCapacityReservation\"],\"Effect\":\"Allow\",\"Resource\":\"*\"},{\"Action\":[\"cognito-idp:DescribeUserPoolClient\",\"acm:ListCertificates\",\"acm:DescribeCertificate\",\"iam:ListServerCertificates\",\"iam:GetServerCertificate\",\"waf-regional:GetWebACL\",\"waf-regional:GetWebACLForResource\",\"waf-regional:AssociateWebACL\",\"waf-regional:DisassociateWebACL\",\"wafv2:GetWebACL\",\"wafv2:GetWebACLForResource\",\"wafv2:AssociateWebACL\",\"wafv2:DisassociateWebACL\",\"shield:GetSubscriptionState\",\"shield:DescribeProtection\",\"shield:CreateProtection\",\"shield:DeleteProtection\"],\"Effect\":\"Allow\",\"Resource\":\"*\"},{\"Action\":[\"ec2:AuthorizeSecurityGroupIngress\",\"ec2:RevokeSecurityGroupIngress\"],\"Effect\":\"Allow\",\"Resource\":\"*\"},{\"Action\":[\"ec2:CreateSecurityGroup\"],\"Effect\":\"Allow\",\"Resource\":\"*\"},{\"Action\":[\"ec2:CreateTags\"],\"Condition\":{\"Null\":{\"aws:RequestTag/elbv2.k8s.aws/cluster\":\"false\"},\"StringEquals\":{\"ec2:CreateAction\":\"CreateSecurityGroup\"}},\"Effect\":\"Allow\",\"Resource\":\"arn:aws:ec2:*:*:security-group/*\"},{\"Action\":[\"ec2:CreateTags\",\"ec2:DeleteTags\"],\"Condition\":{\"Null\":{\"aws:RequestTag/elbv2.k8s.aws/cluster\":\"true\",\"aws:ResourceTag/elbv2.k8s.aws/cluster\":\"false\"}},\"Effect\":\"Allow\",\"Resource\":\"arn:aws:ec2:*:*:security-group/*\"},{\"Action\":[\"ec2:AuthorizeSecurityGroupIngress\",\"ec2:RevokeSecurityGroupIngress\",\"ec2:DeleteSecurityGroup\"],\"Condition\":{\"Null\":{\"aws:ResourceTag/elbv2.k8s.aws/cluster\":\"false\"}},\"Effect\":\"Allow\",\"Resource\":\"*\"},{\"Action\":[\"elasticloadbalancing:CreateLoadBalancer\",\"elasticloadbalancing:CreateTargetGroup\"],\"Condition\":{\"Null\":{\"aws:RequestTag/elbv2.k8s.aws/cluster\":\"false\"}},\"Effect\":\"Allow\",\"Resource\":\"*\"},{\"Action\":[\"elasticloadbalancing:CreateListener\",\"elasticloadbalancing:DeleteListener\",\"elasticloadbalancing:CreateRule\",\"elasticloadbalancing:DeleteRule\"],\"Effect\":\"Allow\",\"Resource\":\"*\"},{\"Action\":[\"elasticloadbalancing:AddTags\",\"elasticloadbalancing:RemoveTags\"],\"Condition\":{\"Null\":{\"aws:RequestTag/elbv2.k8s.aws/cluster\":\"true\",\"aws:ResourceTag/elbv2.k8s.aws/cluster\":\"false\"}},\"Effect\":\"Allow\",\"Resource\":[\"arn:aws:elasticloadbalancing:*:*:targetgroup/*/*\",\"arn:aws:elasticloadbalancing:*:*:loadbalancer/net/*/*\",\"arn:aws:elasticloadbalancing:*:*:loadbalancer/app/*/*\"]},{\"Action\":[\"elasticloadbalancing:AddTags\",\"elasticloadbalancing:RemoveTags\"],\"Effect\":\"Allow\",\"Resource\":[\"arn:aws:elasticloadbalancing:*:*:listener/net/*/*/*\",\"arn:aws:elasticloadbalancing:*:*:listener/app/*/*/*\",\"arn:aws:elasticloadbalancing:*:*:listener-rule/net/*/*/*\",\"arn:aws:elasticloadbalancing:*:*:listener-rule/app/*/*/*\"]},{\"Action\":[\"elasticloadbalancing:ModifyLoadBalancerAttributes\",\"elasticloadbalancing:SetIpAddressType\",\"elasticloadbalancing:SetSecurityGroups\",\"elasticloadbalancing:SetSubnets\",\"elasticloadbalancing:DeleteLoadBalancer\",\"elasticloadbalancing:ModifyTargetGroup\",\"elasticloadbalancing:ModifyTargetGroupAttributes\",\"elasticloadbalancing:DeleteTargetGroup\",\"elasticloadbalancing:ModifyListenerAttributes\",\"elasticloadbalancing:ModifyCapacityReservation\",\"elasticloadbalancing:ModifyIpPools\"],\"Condition\":{\"Null\":{\"aws:ResourceTag/elbv2.k8s.aws/cluster\":\"false\"}},\"Effect\":\"Allow\",\"Resource\":\"*\"},{\"Action\":[\"elasticloadbalancing:AddTags\"],\"Condition\":{\"Null\":{\"aws:RequestTag/elbv2.k8s.aws/cluster\":\"false\"},\"StringEquals\":{\"elasticloadbalancing:CreateAction\":[\"CreateTargetGroup\",\"CreateLoadBalancer\"]}},\"Effect\":\"Allow\",\"Resource\":[\"arn:aws:elasticloadbalancing:*:*:targetgroup/*/*\",\"arn:aws:elasticloadbalancing:*:*:loadbalancer/net/*/*\",\"arn:aws:elasticloadbalancing:*:*:loadbalancer/app/*/*\"]},{\"Action\":[\"elasticloadbalancing:RegisterTargets\",\"elasticloadbalancing:DeregisterTargets\"],\"Effect\":\"Allow\",\"Resource\":\"arn:aws:elasticloadbalancing:*:*:targetgroup/*/*\"},{\"Action\":[\"elasticloadbalancing:SetWebAcl\",\"elasticloadbalancing:ModifyListener\",\"elasticloadbalancing:AddListenerCertificates\",\"elasticloadbalancing:RemoveListenerCertificates\",\"elasticloadbalancing:ModifyRule\",\"elasticloadbalancing:SetRulePriorities\"],\"Effect\":\"Allow\",\"Resource\":\"*\"}],\"Version\":\"2012-10-17\"}",
            "policy_id": "ANPA5VIFIRDNIULBHKK4Q",
            "tags": null,
            "tags_all": {}
          },
          "sensitive_attributes": [],
          "identity_schema_version": 0,
          "private": "bnVsbA=="
        }
      ]
    },
    {
      "module": "module.eks",
      "mode": "data",
      "type": "aws_caller_identity",
      "name": "current",
      "provider": "provider[\"registry.terraform.io/hashicorp/aws\"]",
      "instances": [
        {
          "index_key": 0,
          "schema_version": 0,
          "attributes": {
            "account_id": "938998270170",
            "arn": "arn:aws:iam::938998270170:user/terra-admin",
            "id": "938998270170",
            "user_id": "AIDA5VIFIRDNESQXYRMN3"
          },
          "sensitive_attributes": [],
          "identity_schema_version": 0
        }
      ]
    },
    {
      "module": "module.eks",
      "mode": "data",
      "type": "aws_iam_policy_document",
      "name": "assume_role_policy",
      "provider": "provider[\"registry.terraform.io/hashicorp/aws\"]",
      "instances": [
        {
          "index_key": 0,
          "schema_version": 0,
          "attributes": {
            "id": "2830595799",
            "json": "{\n  \"Version\": \"2012-10-17\",\n  \"Statement\": [\n    {\n      \"Sid\": \"EKSClusterAssumeRole\",\n      \"Effect\": \"Allow\",\n      \"Action\": [\n        \"sts:TagSession\",\n        \"sts:AssumeRole\"\n      ],\n      \"Principal\": {\n        \"Service\": \"eks.amazonaws.com\"\n      }\n    }\n  ]\n}",
            "minified_json": "{\"Version\":\"2012-10-17\",\"Statement\":[{\"Sid\":\"EKSClusterAssumeRole\",\"Effect\":\"Allow\",\"Action\":[\"sts:TagSession\",\"sts:AssumeRole\"],\"Principal\":{\"Service\":\"eks.amazonaws.com\"}}]}",
            "override_json": null,
            "override_policy_documents": null,
            "policy_id": null,
            "source_json": null,
            "source_policy_documents": null,
            "statement": [
              {
                "actions": [
                  "sts:AssumeRole",
                  "sts:TagSession"
                ],
                "condition": [],
                "effect": "Allow",
                "not_actions": [],
                "not_principals": [],
                "not_resources": [],
                "principals": [
                  {
                    "identifiers": [
                      "eks.amazonaws.com"
                    ],
                    "type": "Service"
                  }
                ],
                "resources": [],
                "sid": "EKSClusterAssumeRole"
              }
            ],
            "version": "2012-10-17"
          },
          "sensitive_attributes": [],
          "identity_schema_version": 0
        }
      ]
    },
    {
      "module": "module.eks",
      "mode": "data",
      "type": "aws_iam_policy_document",
      "name": "custom",
      "provider": "provider[\"registry.terraform.io/hashicorp/aws\"]",
      "instances": [
        {
          "index_key": 0,
          "schema_version": 0,
          "attributes": {
            "id": "513122117",
            "json": "{\n  \"Version\": \"2012-10-17\",\n  \"Statement\": [\n    {\n      \"Sid\": \"Compute\",\n      \"Effect\": \"Allow\",\n      \"Action\": [\n        \"ec2:RunInstances\",\n        \"ec2:CreateLaunchTemplate\",\n        \"ec2:CreateFleet\"\n      ],\n      \"Resource\": \"*\",\n      \"Condition\": {\n        \"StringEquals\": {\n          \"aws:RequestTag/eks:eks-cluster-name\": \"${aws:PrincipalTag/eks:eks-cluster-name}\"\n        },\n        \"StringLike\": {\n          \"aws:RequestTag/eks:kubernetes-node-class-name\": \"*\",\n          \"aws:RequestTag/eks:kubernetes-node-pool-name\": \"*\"\n        }\n      }\n    },\n    {\n      \"Sid\": \"Storage\",\n      \"Effect\": \"Allow\",\n      \"Action\": [\n        \"ec2:CreateVolume\",\n        \"ec2:CreateSnapshot\"\n      ],\n      \"Resource\": [\n        \"arn:aws:ec2:*:*:volume/*\",\n        \"arn:aws:ec2:*:*:snapshot/*\"\n      ],\n      \"Condition\": {\n        \"StringEquals\": {\n          \"aws:RequestTag/eks:eks-cluster-name\": \"${aws:PrincipalTag/eks:eks-cluster-name}\"\n        }\n      }\n    },\n    {\n      \"Sid\": \"Networking\",\n      \"Effect\": \"Allow\",\n      \"Action\": \"ec2:CreateNetworkInterface\",\n      \"Resource\": \"*\",\n      \"Condition\": {\n        \"StringEquals\": {\n          \"aws:RequestTag/eks:eks-cluster-name\": \"${aws:PrincipalTag/eks:eks-cluster-name}\",\n          \"aws:RequestTag/eks:kubernetes-cni-node-name\": \"*\"\n        }\n      }\n    },\n    {\n      \"Sid\": \"LoadBalancer\",\n      \"Effect\": \"Allow\",\n      \"Action\": [\n        \"elasticloadbalancing:CreateTargetGroup\",\n        \"elasticloadbalancing:CreateRule\",\n        \"elasticloadbalancing:CreateLoadBalancer\",\n        \"elasticloadbalancing:CreateListener\",\n        \"ec2:CreateSecurityGroup\"\n      ],\n      \"Resource\": \"*\",\n      \"Condition\": {\n        \"StringEquals\": {\n          \"aws:RequestTag/eks:eks-cluster-name\": \"${aws:PrincipalTag/eks:eks-cluster-name}\"\n        }\n      }\n    },\n    {\n      \"Sid\": \"ShieldProtection\",\n      \"Effect\": \"Allow\",\n      \"Action\": \"shield:CreateProtection\",\n      \"Resource\": \"*\",\n      \"Condition\": {\n        \"StringEquals\": {\n          \"aws:RequestTag/eks:eks-cluster-name\": \"${aws:PrincipalTag/eks:eks-cluster-name}\"\n        }\n      }\n    },\n    {\n      \"Sid\": \"ShieldTagResource\",\n      \"Effect\": \"Allow\",\n      \"Action\": \"shield:TagResource\",\n      \"Resource\": \"arn:aws:shield::*:protection/*\",\n      \"Condition\": {\n        \"StringEquals\": {\n          \"aws:RequestTag/eks:eks-cluster-name\": \"${aws:PrincipalTag/eks:eks-cluster-name}\"\n        }\n      }\n    }\n  ]\n}",
            "minified_json": "{\"Version\":\"2012-10-17\",\"Statement\":[{\"Sid\":\"Compute\",\"Effect\":\"Allow\",\"Action\":[\"ec2:RunInstances\",\"ec2:CreateLaunchTemplate\",\"ec2:CreateFleet\"],\"Resource\":\"*\",\"Condition\":{\"StringEquals\":{\"aws:RequestTag/eks:eks-cluster-name\":\"${aws:PrincipalTag/eks:eks-cluster-name}\"},\"StringLike\":{\"aws:RequestTag/eks:kubernetes-node-class-name\":\"*\",\"aws:RequestTag/eks:kubernetes-node-pool-name\":\"*\"}}},{\"Sid\":\"Storage\",\"Effect\":\"Allow\",\"Action\":[\"ec2:CreateVolume\",\"ec2:CreateSnapshot\"],\"Resource\":[\"arn:aws:ec2:*:*:volume/*\",\"arn:aws:ec2:*:*:snapshot/*\"],\"Condition\":{\"StringEquals\":{\"aws:RequestTag/eks:eks-cluster-name\":\"${aws:PrincipalTag/eks:eks-cluster-name}\"}}},{\"Sid\":\"Networking\",\"Effect\":\"Allow\",\"Action\":\"ec2:CreateNetworkInterface\",\"Resource\":\"*\",\"Condition\":{\"StringEquals\":{\"aws:RequestTag/eks:eks-cluster-name\":\"${aws:PrincipalTag/eks:eks-cluster-name}\",\"aws:RequestTag/eks:kubernetes-cni-node-name\":\"*\"}}},{\"Sid\":\"LoadBalancer\",\"Effect\":\"Allow\",\"Action\":[\"elasticloadbalancing:CreateTargetGroup\",\"elasticloadbalancing:CreateRule\",\"elasticloadbalancing:CreateLoadBalancer\",\"elasticloadbalancing:CreateListener\",\"ec2:CreateSecurityGroup\"],\"Resource\":\"*\",\"Condition\":{\"StringEquals\":{\"aws:RequestTag/eks:eks-cluster-name\":\"${aws:PrincipalTag/eks:eks-cluster-name}\"}}},{\"Sid\":\"ShieldProtection\",\"Effect\":\"Allow\",\"Action\":\"shield:CreateProtection\",\"Resource\":\"*\",\"Condition\":{\"StringEquals\":{\"aws:RequestTag/eks:eks-cluster-name\":\"${aws:PrincipalTag/eks:eks-cluster-name}\"}}},{\"Sid\":\"ShieldTagResource\",\"Effect\":\"Allow\",\"Action\":\"shield:TagResource\",\"Resource\":\"arn:aws:shield::*:protection/*\",\"Condition\":{\"StringEquals\":{\"aws:RequestTag/eks:eks-cluster-name\":\"${aws:PrincipalTag/eks:eks-cluster-name}\"}}}]}",
            "override_json": null,
            "override_policy_documents": null,
            "policy_id": null,
            "source_json": null,
            "source_policy_documents": null,
            "statement": [
              {
                "actions": [
                  "ec2:CreateFleet",
                  "ec2:CreateLaunchTemplate",
                  "ec2:RunInstances"
                ],
                "condition": [
                  {
                    "test": "StringEquals",
                    "values": [
                      "${aws:PrincipalTag/eks:eks-cluster-name}"
                    ],
                    "variable": "aws:RequestTag/eks:eks-cluster-name"
                  },
                  {
                    "test": "StringLike",
                    "values": [
                      "*"
                    ],
                    "variable": "aws:RequestTag/eks:kubernetes-node-class-name"
                  },
                  {
                    "test": "StringLike",
                    "values": [
                      "*"
                    ],
                    "variable": "aws:RequestTag/eks:kubernetes-node-pool-name"
                  }
                ],
                "effect": "Allow",
                "not_actions": [],
                "not_principals": [],
                "not_resources": [],
                "principals": [],
                "resources": [
                  "*"
                ],
                "sid": "Compute"
              },
              {
                "actions": [
                  "ec2:CreateSnapshot",
                  "ec2:CreateVolume"
                ],
                "condition": [
                  {
                    "test": "StringEquals",
                    "values": [
                      "${aws:PrincipalTag/eks:eks-cluster-name}"
                    ],
                    "variable": "aws:RequestTag/eks:eks-cluster-name"
                  }
                ],
                "effect": "Allow",
                "not_actions": [],
                "not_principals": [],
                "not_resources": [],
                "principals": [],
                "resources": [
                  "arn:aws:ec2:*:*:snapshot/*",
                  "arn:aws:ec2:*:*:volume/*"
                ],
                "sid": "Storage"
              },
              {
                "actions": [
                  "ec2:CreateNetworkInterface"
                ],
                "condition": [
                  {
                    "test": "StringEquals",
                    "values": [
                      "${aws:PrincipalTag/eks:eks-cluster-name}"
                    ],
                    "variable": "aws:RequestTag/eks:eks-cluster-name"
                  },
                  {
                    "test": "StringEquals",
                    "values": [
                      "*"
                    ],
                    "variable": "aws:RequestTag/eks:kubernetes-cni-node-name"
                  }
                ],
                "effect": "Allow",
                "not_actions": [],
                "not_principals": [],
                "not_resources": [],
                "principals": [],
                "resources": [
                  "*"
                ],
                "sid": "Networking"
              },
              {
                "actions": [
                  "ec2:CreateSecurityGroup",
                  "elasticloadbalancing:CreateListener",
                  "elasticloadbalancing:CreateLoadBalancer",
                  "elasticloadbalancing:CreateRule",
                  "elasticloadbalancing:CreateTargetGroup"
                ],
                "condition": [
                  {
                    "test": "StringEquals",
                    "values": [
                      "${aws:PrincipalTag/eks:eks-cluster-name}"
                    ],
                    "variable": "aws:RequestTag/eks:eks-cluster-name"
                  }
                ],
                "effect": "Allow",
                "not_actions": [],
                "not_principals": [],
                "not_resources": [],
                "principals": [],
                "resources": [
                  "*"
                ],
                "sid": "LoadBalancer"
              },
              {
                "actions": [
                  "shield:CreateProtection"
                ],
                "condition": [
                  {
                    "test": "StringEquals",
                    "values": [
                      "${aws:PrincipalTag/eks:eks-cluster-name}"
                    ],
                    "variable": "aws:RequestTag/eks:eks-cluster-name"
                  }
                ],
                "effect": "Allow",
                "not_actions": [],
                "not_principals": [],
                "not_resources": [],
                "principals": [],
                "resources": [
                  "*"
                ],
                "sid": "ShieldProtection"
              },
              {
                "actions": [
                  "shield:TagResource"
                ],
                "condition": [
                  {
                    "test": "StringEquals",
                    "values": [
                      "${aws:PrincipalTag/eks:eks-cluster-name}"
                    ],
                    "variable": "aws:RequestTag/eks:eks-cluster-name"
                  }
                ],
                "effect": "Allow",
                "not_actions": [],
                "not_principals": [],
                "not_resources": [],
                "principals": [],
                "resources": [
                  "arn:aws:shield::*:protection/*"
                ],
                "sid": "ShieldTagResource"
              }
            ],
            "version": "2012-10-17"
          },
          "sensitive_attributes": [],
          "identity_schema_version": 0
        }
      ]
    },
    {
      "module": "module.eks",
      "mode": "data",
      "type": "aws_iam_session_context",
      "name": "current",
      "provider": "provider[\"registry.terraform.io/hashicorp/aws\"]",
      "instances": [
        {
          "index_key": 0,
          "schema_version": 0,
          "attributes": {
            "arn": "arn:aws:iam::938998270170:user/terra-admin",
            "id": "arn:aws:iam::938998270170:user/terra-admin",
            "issuer_arn": "arn:aws:iam::938998270170:user/terra-admin",
            "issuer_id": "",
            "issuer_name": "",
            "session_name": ""
          },
          "sensitive_attributes": [],
          "identity_schema_version": 0
        }
      ]
    },
    {
      "module": "module.eks",
      "mode": "data",
      "type": "aws_partition",
      "name": "current",
      "provider": "provider[\"registry.terraform.io/hashicorp/aws\"]",
      "instances": [
        {
          "index_key": 0,
          "schema_version": 0,
          "attributes": {
            "dns_suffix": "amazonaws.com",
            "id": "aws",
            "partition": "aws",
            "reverse_dns_prefix": "com.amazonaws"
          },
          "sensitive_attributes": [],
          "identity_schema_version": 0
        }
      ]
    },
    {
      "module": "module.eks",
      "mode": "data",
      "type": "tls_certificate",
      "name": "this",
      "provider": "provider[\"registry.terraform.io/hashicorp/tls\"]",
      "instances": [
        {
          "index_key": 0,
          "schema_version": 0,
          "attributes": {
            "certificates": [
              {
                "cert_pem": "-----BEGIN CERTIFICATE-----\nMIIEkjCCA3qgAwIBAgITBn+USionzfP6wq4rAfkI7rnExjANBgkqhkiG9w0BAQsF\nADCBmDELMAkGA1UEBhMCVVMxEDAOBgNVBAgTB0FyaXpvbmExEzARBgNVBAcTClNj\nb3R0c2RhbGUxJTAjBgNVBAoTHFN0YXJmaWVsZCBUZWNobm9sb2dpZXMsIEluYy4x\nOzA5BgNVBAMTMlN0YXJmaWVsZCBTZXJ2aWNlcyBSb290IENlcnRpZmljYXRlIEF1\ndGhvcml0eSAtIEcyMB4XDTE1MDUyNTEyMDAwMFoXDTM3MTIzMTAxMDAwMFowOTEL\nMAkGA1UEBhMCVVMxDzANBgNVBAoTBkFtYXpvbjEZMBcGA1UEAxMQQW1hem9uIFJv\nb3QgQ0EgMTCCASIwDQYJKoZIhvcNAQEBBQADggEPADCCAQoCggEBALJ4gHHKeNXj\nca9HgFB0fW7Y14h29Jlo91ghYPl0hAEvrAIthtOgQ3pOsqTQNroBvo3bSMgHFzZM\n9O6II8c+6zf1tRn4SWiw3te5djgdYZ6k/oI2peVKVuRF4fn9tBb6dNqcmzU5L/qw\nIFAGbHrQgLKm+a/sRxmPUDgH3KKHOVj4utWp+UhnMJbulHheb4mjUcAwhmahRWa6\nVOujw5H5SNz/0egwLX0tdHA114gk957EWW67c4cX8jJGKLhD+rcdqsq08p8kDi1L\n93FcXmn/6pUCyziKrlA4b9v7LWIbxcceVOF34GfID5yHI9Y/QCB/IIDEgEw+OyQm\njgSubJrIqg0CAwEAAaOCATEwggEtMA8GA1UdEwEB/wQFMAMBAf8wDgYDVR0PAQH/\nBAQDAgGGMB0GA1UdDgQWBBSEGMyFNOy8DJSULghZnMeyEE4KCDAfBgNVHSMEGDAW\ngBScXwDfqgHXMCs4iKK4bUqc8hGRgzB4BggrBgEFBQcBAQRsMGowLgYIKwYBBQUH\nMAGGImh0dHA6Ly9vY3NwLnJvb3RnMi5hbWF6b250cnVzdC5jb20wOAYIKwYBBQUH\nMAKGLGh0dHA6Ly9jcnQucm9vdGcyLmFtYXpvbnRydXN0LmNvbS9yb290ZzIuY2Vy\nMD0GA1UdHwQ2MDQwMqAwoC6GLGh0dHA6Ly9jcmwucm9vdGcyLmFtYXpvbnRydXN0\nLmNvbS9yb290ZzIuY3JsMBEGA1UdIAQKMAgwBgYEVR0gADANBgkqhkiG9w0BAQsF\nAAOCAQEAYjdCXLwQtT6LLOkMm2xF4gcAevnFWAu5CIw+7bMlPLVvUOTNNWqnkzSW\nMiGpSESrnO09tKpzbeR/FoCJbM8oAxiDR3mjEH4wW6w7sGDgd9QIpuEdfF7Au/ma\neyKdpwAJfqxGF4PcnCZXmTA5YpaP7dreqsXMGz7KQ2hsVxa81Q4gLv7/wmpdLqBK\nbRRYh5TmOTFffHPLkIhqhBGWJ6bt2YFGpn6jcgAKUj6DiAdjd4lpFw85hdKrCEVN\n0FE6/V1dN2RMfjCyVSRCnTawXZwXgWHxyvkQAiSr6w10kY17RSlQOYiypok1JR4U\nakcjMS9cmvqtmg5iUaQqqcT5NJ0hGA==\n-----END CERTIFICATE-----\n",
                "is_ca": true,
                "issuer": "CN=Starfield Services Root Certificate Authority - G2,O=Starfield Technologies\\, Inc.,L=Scottsdale,ST=Arizona,C=US",
                "max_path_length": -1,
                "not_after": "2037-12-31T01:00:00Z",
                "not_before": "2015-05-25T12:00:00Z",
                "public_key_algorithm": "RSA",
                "serial_number": "144918191876577076464031512351042010504348870",
                "sha1_fingerprint": "06b25927c42a721631c1efd9431e648fa62e1e39",
                "signature_algorithm": "SHA256-RSA",
                "subject": "CN=Amazon Root CA 1,O=Amazon,C=US",
                "version": 3
              },
              {
                "cert_pem": "-----BEGIN CERTIFICATE-----\nMIIEXjCCA0agAwIBAgITB3MSTyqVLj7Rili9uF0bwM5fJzANBgkqhkiG9w0BAQsF\nADA5MQswCQYDVQQGEwJVUzEPMA0GA1UEChMGQW1hem9uMRkwFwYDVQQDExBBbWF6\nb24gUm9vdCBDQSAxMB4XDTIyMDgyMzIyMjYzNVoXDTMwMDgyMzIyMjYzNVowPDEL\nMAkGA1UEBhMCVVMxDzANBgNVBAoTBkFtYXpvbjEcMBoGA1UEAxMTQW1hem9uIFJT\nQSAyMDQ4IE0wNDCCASIwDQYJKoZIhvcNAQEBBQADggEPADCCAQoCggEBAM3pVR6A\nlQOp4xe776FdePXyejgA38mYx1ou9/jrpV6Sfn+/oqBKgwhY6ePsQHHQayWBJdBn\nv4Wz363qRI4XUh9swBFJ11TnZ3LqOMvHmWq2+loA0QPtOfXdJ2fHBLrBrngtJ/GB\n0p5olAVYrSZgvQGP16Rf8ddtNyxEEhYm3HuhmNi+vSeAq1tLYJPAvRCXonTpWdSD\nxY6hvdmxlqTYi82AtBXSfpGQ58HHM0hw0C6aQakghrwWi5fGslLOqzpimNMIsT7c\nqa0GJx6JfKqJqmQQNplO2h8n9ZsFJgBowof01ppdoLAWg6caMOM0om/VILKaa30F\n9W/r8Qjah7ltGVkCAwEAAaOCAVowggFWMBIGA1UdEwEB/wQIMAYBAf8CAQAwDgYD\nVR0PAQH/BAQDAgGGMB0GA1UdJQQWMBQGCCsGAQUFBwMBBggrBgEFBQcDAjAdBgNV\nHQ4EFgQUH1KSYVaCVH+BZtgdPQqqMlyH3QgwHwYDVR0jBBgwFoAUhBjMhTTsvAyU\nlC4IWZzHshBOCggwewYIKwYBBQUHAQEEbzBtMC8GCCsGAQUFBzABhiNodHRwOi8v\nb2NzcC5yb290Y2ExLmFtYXpvbnRydXN0LmNvbTA6BggrBgEFBQcwAoYuaHR0cDov\nL2NydC5yb290Y2ExLmFtYXpvbnRydXN0LmNvbS9yb290Y2ExLmNlcjA/BgNVHR8E\nODA2MDSgMqAwhi5odHRwOi8vY3JsLnJvb3RjYTEuYW1hem9udHJ1c3QuY29tL3Jv\nb3RjYTEuY3JsMBMGA1UdIAQMMAowCAYGZ4EMAQIBMA0GCSqGSIb3DQEBCwUAA4IB\nAQA+1O5UsAaNuW3lHzJtpNGwBnZd9QEYFtxpiAnIaV4qApnGS9OCw5ZPwie7YSlD\nZF5yyFPsFhUC2Q9uJHY/CRV1b5hIiGH0+6+w5PgKiY1MWuWT8VAaJjFxvuhM7a/e\nfN2TIw1Wd6WCl6YRisunjQOrSP+unqC8A540JNyZ1JOE3jVqat3OZBGgMvihdj2w\nY23EpwesrKiQzkHzmvSH67PVW4ycbPy08HVZnBxZ5NrlGG9bwXR3fNTaz+c+Ej6c\n5AnwI3qkOFgSkg3Y75cdFz6pO/olK+e3AqygAcv0WjzmkDPuBjssuZjCHMC56oH3\nGJkV29Di2j5prHJbwZjG1inU\n-----END CERTIFICATE-----\n",
                "is_ca": true,
                "issuer": "CN=Amazon Root CA 1,O=Amazon,C=US",
                "max_path_length": 0,
                "not_after": "2030-08-23T22:26:35Z",
                "not_before": "2022-08-23T22:26:35Z",
                "public_key_algorithm": "RSA",
                "serial_number": "166129359584585245282080020727744908546170663",
                "sha1_fingerprint": "e7b8b5a6743ce1b2f17b041de59558a41472d70c",
                "signature_algorithm": "SHA256-RSA",
                "subject": "CN=Amazon RSA 2048 M04,O=Amazon,C=US",
                "version": 3
              },
              {
                "cert_pem": "-----BEGIN CERTIFICATE-----\nMIIF3zCCBMegAwIBAgIQCpbj2J8VhKbRJFwSTTXM1jANBgkqhkiG9w0BAQsFADA8\nMQswCQYDVQQGEwJVUzEPMA0GA1UEChMGQW1hem9uMRwwGgYDVQQDExNBbWF6b24g\nUlNBIDIwNDggTTA0MB4XDTI2MDEyNzAwMDAwMFoXDTI3MDIyNTIzNTk1OVowKTEn\nMCUGA1UEAwweKi5la3MuZXUtbm9ydGgtMS5hbWF6b25hd3MuY29tMIIBIjANBgkq\nhkiG9w0BAQEFAAOCAQ8AMIIBCgKCAQEAy3y44z8Y9dRQz65M3p9q+8p7yejj8fd7\n6RAiCvjCXx0dD3khtuw2EKPo7qoMjIjC+jkPiXREJx0n2AAQW8iHWKJI72Sb8+fk\n/1AVoNEb4wPNfegSOOf6X2vdT1mnyYwGjVa8nnzJ0YnNBpIuFMex6sQNjqopyzfV\nAZqElc2L9Br+zPjnK/s1IF210FJW7gzUaCh03oZ7hkHbHQNcGfeH3O3vp/F0ZFcx\nH4GltCTSnA1OWBGEHqxoupOPToWhpD30aUJZmER65/63f9o2WHkYX+1bXzqHHxHE\ntYY2Vz2LDJjgiucXEsEQvB5Y8j17XUHczV8I2uDoFdvtzTIl4eILFwIDAQABo4IC\n7jCCAuowHwYDVR0jBBgwFoAUH1KSYVaCVH+BZtgdPQqqMlyH3QgwHQYDVR0OBBYE\nFHWxF2nw4cPIFD93xcUJDHwFeLCHMCkGA1UdEQQiMCCCHiouZWtzLmV1LW5vcnRo\nLTEuYW1hem9uYXdzLmNvbTATBgNVHSAEDDAKMAgGBmeBDAECATAOBgNVHQ8BAf8E\nBAMCBaAwEwYDVR0lBAwwCgYIKwYBBQUHAwEwOwYDVR0fBDQwMjAwoC6gLIYqaHR0\ncDovL2NybC5yMm0wNC5hbWF6b250cnVzdC5jb20vcjJtMDQuY3JsMHUGCCsGAQUF\nBwEBBGkwZzAtBggrBgEFBQcwAYYhaHR0cDovL29jc3AucjJtMDQuYW1hem9udHJ1\nc3QuY29tMDYGCCsGAQUFBzAChipodHRwOi8vY3J0LnIybTA0LmFtYXpvbnRydXN0\nLmNvbS9yMm0wNC5jZXIwDAYDVR0TAQH/BAIwADCCAX8GCisGAQQB1nkCBAIEggFv\nBIIBawFpAHYATGPcmOWcHauI9h6KPd6uj6tEozd7X5uUw/uhnPzBviYAAAGb/NFV\nSwAABAMARzBFAiEApleQlJNIaJbvl3xBCYDFgfNmgdLjGhnyNV3zbq1QUlYCIDt5\nP3GJZLjBVlQVMOwq9EI9JHGbcX4g9hGp3/L2RXPQAHYAHJ9oLOn68EVpUPgbloqH\n3dsyENhM5siy44JSSsTPWZ8AAAGb/NFVeQAABAMARzBFAiEAuIuQLn2PkNAumNky\njp9bpJb1pd2QxBxIc6SnYRuA7z8CIHCRonE23PxdHFsAYMlG2i3UIIE6nSGTyuKh\nssrfjng6AHcAYEyar3p/d18B1Ab8kg3ImesLHH34yVIb+voXdzuXi8kAAAGb/NFW\nHwAABAMASDBGAiEAmB5ktGnrA+mh18PG3X8JHC+yvrXlKZ5Pe0V5eORYeVQCIQDG\nE7xQMQowwapddREU6JC5KFCcIZ8F1eCQk7TKGeu68zANBgkqhkiG9w0BAQsFAAOC\nAQEAbTQaVqsg6qPAXLYz71H9pYsfC2ZKLUm14cqS+Qv3mqdjglcoIDUKIdP1cGYV\niWnFAfGWDGYf8TYsPRXHN5b41X4A1b7OqE1GAr1bgfNWhEQ9bhBVj+4z4jn37y5Q\n9HWDovgPiYj7fHSwEwW0uucUo2TLdKw+eyuytfL/xwTq8scv0JIy1Sop7xccb1i5\n6vsweN18SsBc5/8PoVhAAmefVqWgE6/0vreDjXdbiVAQVkm3tPQdSULROecmh9H2\n9OQgCeF2o1eA0TsJfbY7PSGetUkN/BuJ3wpvboHMr7FcgcjNoKQQnD6nhksvn/x6\n9PB6RmEQDuPz3YlHYtvHXG+eqw==\n-----END CERTIFICATE-----\n",
                "is_ca": false,
                "issuer": "CN=Amazon RSA 2048 M04,O=Amazon,C=US",
                "max_path_length": -1,
                "not_after": "2027-02-25T23:59:59Z",
                "not_before": "2026-01-27T00:00:00Z",
                "public_key_algorithm": "RSA",
                "serial_number": "14075745756126645317012100939347512534",
                "sha1_fingerprint": "5fe6b8be716e56db533d1ac20468e0d14ae327ca",
                "signature_algorithm": "SHA256-RSA",
                "subject": "CN=*.eks.eu-north-1.amazonaws.com",
                "version": 3
              }
            ],
            "content": null,
            "id": "9b06bc7e040baa7fdd2fc7a6ad1e04977a689b29",
            "url": "https://oidc.eks.eu-north-1.amazonaws.com/id/EC2A848BA7DBF7CC288694EFC13CC87B",
            "verify_chain": true
          },
          "sensitive_attributes": [],
          "identity_schema_version": 0
        }
      ]
    },
    {
      "module": "module.eks",
      "mode": "managed",
      "type": "aws_cloudwatch_log_group",
      "name": "this",
      "provider": "provider[\"registry.terraform.io/hashicorp/aws\"]",
      "instances": [
        {
          "index_key": 0,
          "schema_version": 0,
          "attributes": {
            "arn": "arn:aws:logs:eu-north-1:938998270170:log-group:/aws/eks/devboard/cluster",
            "id": "/aws/eks/devboard/cluster",
            "kms_key_id": "",
            "log_group_class": "STANDARD",
            "name": "/aws/eks/devboard/cluster",
            "name_prefix": "",
            "retention_in_days": 90,
            "skip_destroy": false,
            "tags": {
              "Environment": "Dev",
              "Name": "/aws/eks/devboard/cluster"
            },
            "tags_all": {
              "Environment": "Dev",
              "Name": "/aws/eks/devboard/cluster"
            }
          },
          "sensitive_attributes": [],
          "identity_schema_version": 0,
          "private": "bnVsbA==",
          "create_before_destroy": true
        }
      ]
    },
    {
      "module": "module.eks",
      "mode": "managed",
      "type": "aws_ec2_tag",
      "name": "cluster_primary_security_group",
      "provider": "provider[\"registry.terraform.io/hashicorp/aws\"]",
      "instances": [
        {
          "index_key": "Environment",
          "schema_version": 0,
          "attributes": {
            "id": "sg-0a6b4d568990f76ee,Environment",
            "key": "Environment",
            "resource_id": "sg-0a6b4d568990f76ee",
            "value": "Dev"
          },
          "sensitive_attributes": [],
          "identity_schema_version": 0,
          "private": "bnVsbA==",
          "dependencies": [
            "data.aws_availability_zones.available",
            "module.eks.aws_cloudwatch_log_group.this",
            "module.eks.aws_eks_cluster.this",
            "module.eks.aws_iam_policy.cni_ipv6_policy",
            "module.eks.aws_iam_role.eks_auto",
            "module.eks.aws_iam_role.this",
            "module.eks.aws_iam_role_policy_attachment.this",
            "module.eks.aws_security_group.cluster",
            "module.eks.aws_security_group.node",
            "module.eks.aws_security_group_rule.cluster",
            "module.eks.aws_security_group_rule.node",
            "module.eks.data.aws_caller_identity.current",
            "module.eks.data.aws_iam_policy_document.assume_role_policy",
            "module.eks.data.aws_iam_policy_document.cni_ipv6_policy",
            "module.eks.data.aws_iam_policy_document.node_assume_role_policy",
            "module.eks.data.aws_iam_session_context.current",
            "module.eks.data.aws_partition.current",
            "module.eks.module.kms.aws_kms_external_key.this",
            "module.eks.module.kms.aws_kms_key.this",
            "module.eks.module.kms.aws_kms_replica_external_key.this",
            "module.eks.module.kms.aws_kms_replica_key.this",
            "module.eks.module.kms.data.aws_caller_identity.current",
            "module.eks.module.kms.data.aws_iam_policy_document.this",
            "module.eks.module.kms.data.aws_partition.current",
            "module.vpc.aws_subnet.private",
            "module.vpc.aws_vpc.this",
            "module.vpc.aws_vpc_ipv4_cidr_block_association.this"
          ]
        }
      ]
    },
    {
      "module": "module.eks",
      "mode": "managed",
      "type": "aws_eks_access_entry",
      "name": "this",
      "provider": "provider[\"registry.terraform.io/hashicorp/aws\"]",
      "instances": [
        {
          "index_key": "cluster_creator",
          "schema_version": 0,
          "attributes": {
            "access_entry_arn": "arn:aws:eks:eu-north-1:938998270170:access-entry/devboard/user/938998270170/terra-admin/d2cfbf0b-2286-680c-c393-3e0572d54596",
            "cluster_name": "devboard",
            "created_at": "2026-07-20T05:53:36Z",
            "id": "devboard:arn:aws:iam::938998270170:user/terra-admin",
            "kubernetes_groups": [],
            "modified_at": "2026-07-20T05:53:36Z",
            "principal_arn": "arn:aws:iam::938998270170:user/terra-admin",
            "tags": {
              "Environment": "Dev",
              "Name": "devboard"
            },
            "tags_all": {
              "Environment": "Dev",
              "Name": "devboard"
            },
            "timeouts": null,
            "type": "STANDARD",
            "user_name": "arn:aws:iam::938998270170:user/terra-admin"
          },
          "sensitive_attributes": [],
          "identity_schema_version": 0,
          "private": "eyJlMmJmYjczMC1lY2FhLTExZTYtOGY4OC0zNDM2M2JjN2M0YzAiOnsiY3JlYXRlIjo2MDAwMDAwMDAwMDAsImRlbGV0ZSI6NjAwMDAwMDAwMDAwfX0=",
          "dependencies": [
            "data.aws_availability_zones.available",
            "module.eks.aws_cloudwatch_log_group.this",
            "module.eks.aws_eks_cluster.this",
            "module.eks.aws_iam_policy.cni_ipv6_policy",
            "module.eks.aws_iam_role.eks_auto",
            "module.eks.aws_iam_role.this",
            "module.eks.aws_iam_role_policy_attachment.this",
            "module.eks.aws_security_group.cluster",
            "module.eks.aws_security_group.node",
            "module.eks.aws_security_group_rule.cluster",
            "module.eks.aws_security_group_rule.node",
            "module.eks.data.aws_caller_identity.current",
            "module.eks.data.aws_iam_policy_document.assume_role_policy",
            "module.eks.data.aws_iam_policy_document.cni_ipv6_policy",
            "module.eks.data.aws_iam_policy_document.node_assume_role_policy",
            "module.eks.data.aws_iam_session_context.current",
            "module.eks.data.aws_partition.current",
            "module.eks.module.kms.aws_kms_external_key.this",
            "module.eks.module.kms.aws_kms_key.this",
            "module.eks.module.kms.aws_kms_replica_external_key.this",
            "module.eks.module.kms.aws_kms_replica_key.this",
            "module.eks.module.kms.data.aws_caller_identity.current",
            "module.eks.module.kms.data.aws_iam_policy_document.this",
            "module.eks.module.kms.data.aws_partition.current",
            "module.vpc.aws_subnet.private",
            "module.vpc.aws_vpc.this",
            "module.vpc.aws_vpc_ipv4_cidr_block_association.this"
          ]
        }
      ]
    },
    {
      "module": "module.eks",
      "mode": "managed",
      "type": "aws_eks_access_policy_association",
      "name": "this",
      "provider": "provider[\"registry.terraform.io/hashicorp/aws\"]",
      "instances": [
        {
          "index_key": "cluster_creator_admin",
          "schema_version": 0,
          "attributes": {
            "access_scope": [
              {
                "namespaces": null,
                "type": "cluster"
              }
            ],
            "associated_at": "2026-07-20 05:53:37.289 +0000 UTC",
            "cluster_name": "devboard",
            "id": "devboard#arn:aws:iam::938998270170:user/terra-admin#arn:aws:eks::aws:cluster-access-policy/AmazonEKSClusterAdminPolicy",
            "modified_at": "2026-07-20 05:53:37.289 +0000 UTC",
            "policy_arn": "arn:aws:eks::aws:cluster-access-policy/AmazonEKSClusterAdminPolicy",
            "principal_arn": "arn:aws:iam::938998270170:user/terra-admin",
            "timeouts": null
          },
          "sensitive_attributes": [],
          "identity_schema_version": 0,
          "private": "eyJlMmJmYjczMC1lY2FhLTExZTYtOGY4OC0zNDM2M2JjN2M0YzAiOnsiY3JlYXRlIjo2MDAwMDAwMDAwMDAsImRlbGV0ZSI6NjAwMDAwMDAwMDAwfX0=",
          "dependencies": [
            "data.aws_availability_zones.available",
            "module.eks.aws_cloudwatch_log_group.this",
            "module.eks.aws_eks_access_entry.this",
            "module.eks.aws_eks_cluster.this",
            "module.eks.aws_iam_policy.cni_ipv6_policy",
            "module.eks.aws_iam_role.eks_auto",
            "module.eks.aws_iam_role.this",
            "module.eks.aws_iam_role_policy_attachment.this",
            "module.eks.aws_security_group.cluster",
            "module.eks.aws_security_group.node",
            "module.eks.aws_security_group_rule.cluster",
            "module.eks.aws_security_group_rule.node",
            "module.eks.data.aws_caller_identity.current",
            "module.eks.data.aws_iam_policy_document.assume_role_policy",
            "module.eks.data.aws_iam_policy_document.cni_ipv6_policy",
            "module.eks.data.aws_iam_policy_document.node_assume_role_policy",
            "module.eks.data.aws_iam_session_context.current",
            "module.eks.data.aws_partition.current",
            "module.eks.module.kms.aws_kms_external_key.this",
            "module.eks.module.kms.aws_kms_key.this",
            "module.eks.module.kms.aws_kms_replica_external_key.this",
            "module.eks.module.kms.aws_kms_replica_key.this",
            "module.eks.module.kms.data.aws_caller_identity.current",
            "module.eks.module.kms.data.aws_iam_policy_document.this",
            "module.eks.module.kms.data.aws_partition.current",
            "module.vpc.aws_subnet.private",
            "module.vpc.aws_vpc.this",
            "module.vpc.aws_vpc_ipv4_cidr_block_association.this"
          ]
        }
      ]
    },
    {
      "module": "module.eks",
      "mode": "managed",
      "type": "aws_eks_cluster",
      "name": "this",
      "provider": "provider[\"registry.terraform.io/hashicorp/aws\"]",
      "instances": [
        {
          "index_key": 0,
          "schema_version": 1,
          "attributes": {
            "access_config": [
              {
                "authentication_mode": "API_AND_CONFIG_MAP",
                "bootstrap_cluster_creator_admin_permissions": false
              }
            ],
            "arn": "arn:aws:eks:eu-north-1:938998270170:cluster/devboard",
            "bootstrap_self_managed_addons": true,
            "certificate_authority": [
              {
                "data": "LS0tLS1CRUdJTiBDRVJUSUZJQ0FURS0tLS0tCk1JSURCVENDQWUyZ0F3SUJBZ0lJSkwvUzZFOTVIVDR3RFFZSktvWklodmNOQVFFTEJRQXdGVEVUTUJFR0ExVUUKQXhNS2EzVmlaWEp1WlhSbGN6QWVGdzB5TmpBM01qQXdOVFEwTkROYUZ3MHpOakEzTVRjd05UUTVORE5hTUJVeApFekFSQmdOVkJBTVRDbXQxWW1WeWJtVjBaWE13Z2dFaU1BMEdDU3FHU0liM0RRRUJBUVVBQTRJQkR3QXdnZ0VLCkFvSUJBUURjVUR2L0VqNzltcktCb2xtN2N0b2gzQWxDRkNKaGFVbG8xc2NINCtDVzF6RGQwODgwVGlycHhpUDAKWlBsTHN6UXVLdmJ2WGlZRU40RnZLMmY0dHZ5QjMrZ2pUN3hJNTJjQ0RpTHdQRnpHaGNXdFlKdDU3YW5FZ3FySApzZlNtaHFmTzZ2NTMrajU0aFBwbGNmTXoyV3hrS3FJbmlHajdXdW9OZWFoNmFFL0hia3QrNDZxNHloSnlDU3I4ClNmVzA4eFQ2REdqYUN2ZUExTkN5b0ZXTnhjenBoSGZQMlZrRGRIdlNRc0NpcjY5WFh6di9ZWnhhREYxYXBvak4KaUdmU3JNL1dTQnhpc3czck9kK1hsU1VRRVRWZGE5Y2Z3Q0ZCbmpTY3pGcUNyOGp4VlRobUpreXdOVUlRS1dRZwpLdUcvOGNidEhLZFhWT1VIRytrRmJCVEdqMURiQWdNQkFBR2pXVEJYTUE0R0ExVWREd0VCL3dRRUF3SUNwREFQCkJnTlZIUk1CQWY4RUJUQURBUUgvTUIwR0ExVWREZ1FXQkJRay9QSk1mUnpuTDUrSmhNZ1hoeVZ5TklmMjJ6QVYKQmdOVkhSRUVEakFNZ2dwcmRXSmxjbTVsZEdWek1BMEdDU3FHU0liM0RRRUJDd1VBQTRJQkFRQktBUi9vQjFPUApabkZOTDRJRVRjU0NlOE82RUJjaXlXMktvM3c4ZzZlR3RqckF1VmxCeTJJUThiSnl0RFZHRis1elU5d3Z0WXRpCkpLUXYxUTBZNDBFQjdMbk1QOFRNaUxaaEZJTjBlYzNnMkMrVWdpbVBUVXdPNHdDMWcxM2YzY1VJYVNhbnduM0MKQ3ZMRUlCV2xZVm9SbUVEZmRIdFB0RmIzZ0tIcHRVdmZOQ1B4QXFZSTV4R1Fkd05nMm9ENHE3M0JuU0Y3REVWMApSSTEyZFZCZXVJY0JmaWNsNndFa3FIaVNXcHJ3YmljN1pROGJnNktRSXJPVjBVdHVFcTFaZFFYWHNwTjNTWFRECmxRdlkrdHJXRmFucllKSTVMcDFucTR0R3hweDRqOHdIWDNlbzVqN3JoeGVrb2RlZm1oaFJvb3pIRUI0SkkvUWQKaFEyNUpzN3RZcVZzCi0tLS0tRU5EIENFUlRJRklDQVRFLS0tLS0K"
              }
            ],
            "cluster_id": null,
            "compute_config": [],
            "created_at": "2026-07-20T05:45:06Z",
            "enabled_cluster_log_types": [
              "api",
              "audit",
              "authenticator"
            ],
            "encryption_config": [
              {
                "provider": [
                  {
                    "key_arn": "arn:aws:kms:eu-north-1:938998270170:key/17879a3c-b0ec-45ec-af91-13f02ef7895b"
                  }
                ],
                "resources": [
                  "secrets"
                ]
              }
            ],
            "endpoint": "https://EC2A848BA7DBF7CC288694EFC13CC87B.yl4.eu-north-1.eks.amazonaws.com",
            "force_update_version": null,
            "id": "devboard",
            "identity": [
              {
                "oidc": [
                  {
                    "issuer": "https://oidc.eks.eu-north-1.amazonaws.com/id/EC2A848BA7DBF7CC288694EFC13CC87B"
                  }
                ]
              }
            ],
            "kubernetes_network_config": [
              {
                "elastic_load_balancing": [
                  {
                    "enabled": false
                  }
                ],
                "ip_family": "ipv4",
                "service_ipv4_cidr": "172.20.0.0/16",
                "service_ipv6_cidr": ""
              }
            ],
            "name": "devboard",
            "outpost_config": [],
            "platform_version": "eks.29",
            "remote_network_config": [],
            "role_arn": "arn:aws:iam::938998270170:role/devboard-cluster-20260720054442625600000002",
            "status": "ACTIVE",
            "storage_config": [],
            "tags": {
              "Environment": "Dev",
              "Name": "devboard",
              "terraform-aws-modules": "eks"
            },
            "tags_all": {
              "Environment": "Dev",
              "Name": "devboard",
              "terraform-aws-modules": "eks"
            },
            "timeouts": {
              "create": null,
              "delete": null,
              "update": null
            },
            "upgrade_policy": [
              {
                "support_type": "EXTENDED"
              }
            ],
            "version": "1.34",
            "vpc_config": [
              {
                "cluster_security_group_id": "sg-0a6b4d568990f76ee",
                "endpoint_private_access": true,
                "endpoint_public_access": true,
                "public_access_cidrs": [
                  "0.0.0.0/0"
                ],
                "security_group_ids": [
                  "sg-0aeed5b29e1563baa"
                ],
                "subnet_ids": [
                  "subnet-061865fbed3059865",
                  "subnet-07553268cba52cd5a"
                ],
                "vpc_id": "vpc-08838944f2dac7d90"
              }
            ],
            "zonal_shift_config": []
          },
          "sensitive_attributes": [],
          "identity_schema_version": 0,
          "private": "eyJlMmJmYjczMC1lY2FhLTExZTYtOGY4OC0zNDM2M2JjN2M0YzAiOnsiY3JlYXRlIjoxODAwMDAwMDAwMDAwLCJkZWxldGUiOjkwMDAwMDAwMDAwMCwidXBkYXRlIjozNjAwMDAwMDAwMDAwfSwic2NoZW1hX3ZlcnNpb24iOiIxIn0=",
          "dependencies": [
            "data.aws_availability_zones.available",
            "module.eks.aws_cloudwatch_log_group.this",
            "module.eks.aws_iam_policy.cni_ipv6_policy",
            "module.eks.aws_iam_role.eks_auto",
            "module.eks.aws_iam_role.this",
            "module.eks.aws_iam_role_policy_attachment.this",
            "module.eks.aws_security_group.cluster",
            "module.eks.aws_security_group.node",
            "module.eks.aws_security_group_rule.cluster",
            "module.eks.aws_security_group_rule.node",
            "module.eks.data.aws_caller_identity.current",
            "module.eks.data.aws_iam_policy_document.assume_role_policy",
            "module.eks.data.aws_iam_policy_document.cni_ipv6_policy",
            "module.eks.data.aws_iam_policy_document.node_assume_role_policy",
            "module.eks.data.aws_iam_session_context.current",
            "module.eks.data.aws_partition.current",
            "module.eks.module.kms.aws_kms_external_key.this",
            "module.eks.module.kms.aws_kms_key.this",
            "module.eks.module.kms.aws_kms_replica_external_key.this",
            "module.eks.module.kms.aws_kms_replica_key.this",
            "module.eks.module.kms.data.aws_caller_identity.current",
            "module.eks.module.kms.data.aws_iam_policy_document.this",
            "module.eks.module.kms.data.aws_partition.current",
            "module.vpc.aws_subnet.private",
            "module.vpc.aws_vpc.this",
            "module.vpc.aws_vpc_ipv4_cidr_block_association.this"
          ],
          "create_before_destroy": true
        }
      ]
    },
    {
      "module": "module.eks",
      "mode": "managed",
      "type": "aws_iam_openid_connect_provider",
      "name": "oidc_provider",
      "provider": "provider[\"registry.terraform.io/hashicorp/aws\"]",
      "instances": [
        {
          "index_key": 0,
          "schema_version": 0,
          "attributes": {
            "arn": "arn:aws:iam::938998270170:oidc-provider/oidc.eks.eu-north-1.amazonaws.com/id/EC2A848BA7DBF7CC288694EFC13CC87B",
            "client_id_list": [
              "sts.amazonaws.com"
            ],
            "id": "arn:aws:iam::938998270170:oidc-provider/oidc.eks.eu-north-1.amazonaws.com/id/EC2A848BA7DBF7CC288694EFC13CC87B",
            "tags": {
              "Environment": "Dev",
              "Name": "devboard"
            },
            "tags_all": {
              "Environment": "Dev",
              "Name": "devboard"
            },
            "thumbprint_list": [
              "06b25927c42a721631c1efd9431e648fa62e1e39"
            ],
            "url": "oidc.eks.eu-north-1.amazonaws.com/id/EC2A848BA7DBF7CC288694EFC13CC87B"
          },
          "sensitive_attributes": [],
          "identity_schema_version": 0,
          "private": "bnVsbA==",
          "dependencies": [
            "data.aws_availability_zones.available",
            "module.eks.aws_cloudwatch_log_group.this",
            "module.eks.aws_eks_cluster.this",
            "module.eks.aws_iam_policy.cni_ipv6_policy",
            "module.eks.aws_iam_role.eks_auto",
            "module.eks.aws_iam_role.this",
            "module.eks.aws_iam_role_policy_attachment.this",
            "module.eks.aws_security_group.cluster",
            "module.eks.aws_security_group.node",
            "module.eks.aws_security_group_rule.cluster",
            "module.eks.aws_security_group_rule.node",
            "module.eks.data.aws_caller_identity.current",
            "module.eks.data.aws_iam_policy_document.assume_role_policy",
            "module.eks.data.aws_iam_policy_document.cni_ipv6_policy",
            "module.eks.data.aws_iam_policy_document.node_assume_role_policy",
            "module.eks.data.aws_iam_session_context.current",
            "module.eks.data.aws_partition.current",
            "module.eks.data.tls_certificate.this",
            "module.eks.module.kms.aws_kms_external_key.this",
            "module.eks.module.kms.aws_kms_key.this",
            "module.eks.module.kms.aws_kms_replica_external_key.this",
            "module.eks.module.kms.aws_kms_replica_key.this",
            "module.eks.module.kms.data.aws_caller_identity.current",
            "module.eks.module.kms.data.aws_iam_policy_document.this",
            "module.eks.module.kms.data.aws_partition.current",
            "module.vpc.aws_subnet.private",
            "module.vpc.aws_vpc.this",
            "module.vpc.aws_vpc_ipv4_cidr_block_association.this"
          ]
        }
      ]
    },
    {
      "module": "module.eks",
      "mode": "managed",
      "type": "aws_iam_policy",
      "name": "cluster_encryption",
      "provider": "provider[\"registry.terraform.io/hashicorp/aws\"]",
      "instances": [
        {
          "index_key": 0,
          "schema_version": 0,
          "attributes": {
            "arn": "arn:aws:iam::938998270170:policy/devboard-cluster-ClusterEncryption20260720054504349200000010",
            "attachment_count": 0,
            "description": "Cluster encryption policy to allow cluster role to utilize CMK provided",
            "id": "arn:aws:iam::938998270170:policy/devboard-cluster-ClusterEncryption20260720054504349200000010",
            "name": "devboard-cluster-ClusterEncryption20260720054504349200000010",
            "name_prefix": "devboard-cluster-ClusterEncryption",
            "path": "/",
            "policy": "{\"Statement\":[{\"Action\":[\"kms:Encrypt\",\"kms:Decrypt\",\"kms:ListGrants\",\"kms:DescribeKey\"],\"Effect\":\"Allow\",\"Resource\":\"arn:aws:kms:eu-north-1:938998270170:key/17879a3c-b0ec-45ec-af91-13f02ef7895b\"}],\"Version\":\"2012-10-17\"}",
            "policy_id": "ANPA5VIFIRDNFWK7DUL6S",
            "tags": {
              "Environment": "Dev",
              "Name": "devboard"
            },
            "tags_all": {
              "Environment": "Dev",
              "Name": "devboard"
            }
          },
          "sensitive_attributes": [],
          "identity_schema_version": 0,
          "private": "bnVsbA==",
          "dependencies": [
            "module.eks.aws_iam_role.this",
            "module.eks.data.aws_caller_identity.current",
            "module.eks.data.aws_iam_policy_document.assume_role_policy",
            "module.eks.data.aws_iam_session_context.current",
            "module.eks.module.kms.aws_kms_external_key.this",
            "module.eks.module.kms.aws_kms_key.this",
            "module.eks.module.kms.aws_kms_replica_external_key.this",
            "module.eks.module.kms.aws_kms_replica_key.this",
            "module.eks.module.kms.data.aws_caller_identity.current",
            "module.eks.module.kms.data.aws_iam_policy_document.this",
            "module.eks.module.kms.data.aws_partition.current"
          ]
        }
      ]
    },
    {
      "module": "module.eks",
      "mode": "managed",
      "type": "aws_iam_policy",
      "name": "custom",
      "provider": "provider[\"registry.terraform.io/hashicorp/aws\"]",
      "instances": [
        {
          "index_key": 0,
          "schema_version": 0,
          "attributes": {
            "arn": "arn:aws:iam::938998270170:policy/devboard-cluster-20260720054442629000000003",
            "attachment_count": 0,
            "description": "",
            "id": "arn:aws:iam::938998270170:policy/devboard-cluster-20260720054442629000000003",
            "name": "devboard-cluster-20260720054442629000000003",
            "name_prefix": "devboard-cluster-",
            "path": "/",
            "policy": "{\"Statement\":[{\"Action\":[\"ec2:RunInstances\",\"ec2:CreateLaunchTemplate\",\"ec2:CreateFleet\"],\"Condition\":{\"StringEquals\":{\"aws:RequestTag/eks:eks-cluster-name\":\"${aws:PrincipalTag/eks:eks-cluster-name}\"},\"StringLike\":{\"aws:RequestTag/eks:kubernetes-node-class-name\":\"*\",\"aws:RequestTag/eks:kubernetes-node-pool-name\":\"*\"}},\"Effect\":\"Allow\",\"Resource\":\"*\",\"Sid\":\"Compute\"},{\"Action\":[\"ec2:CreateVolume\",\"ec2:CreateSnapshot\"],\"Condition\":{\"StringEquals\":{\"aws:RequestTag/eks:eks-cluster-name\":\"${aws:PrincipalTag/eks:eks-cluster-name}\"}},\"Effect\":\"Allow\",\"Resource\":[\"arn:aws:ec2:*:*:volume/*\",\"arn:aws:ec2:*:*:snapshot/*\"],\"Sid\":\"Storage\"},{\"Action\":\"ec2:CreateNetworkInterface\",\"Condition\":{\"StringEquals\":{\"aws:RequestTag/eks:eks-cluster-name\":\"${aws:PrincipalTag/eks:eks-cluster-name}\",\"aws:RequestTag/eks:kubernetes-cni-node-name\":\"*\"}},\"Effect\":\"Allow\",\"Resource\":\"*\",\"Sid\":\"Networking\"},{\"Action\":[\"elasticloadbalancing:CreateTargetGroup\",\"elasticloadbalancing:CreateRule\",\"elasticloadbalancing:CreateLoadBalancer\",\"elasticloadbalancing:CreateListener\",\"ec2:CreateSecurityGroup\"],\"Condition\":{\"StringEquals\":{\"aws:RequestTag/eks:eks-cluster-name\":\"${aws:PrincipalTag/eks:eks-cluster-name}\"}},\"Effect\":\"Allow\",\"Resource\":\"*\",\"Sid\":\"LoadBalancer\"},{\"Action\":\"shield:CreateProtection\",\"Condition\":{\"StringEquals\":{\"aws:RequestTag/eks:eks-cluster-name\":\"${aws:PrincipalTag/eks:eks-cluster-name}\"}},\"Effect\":\"Allow\",\"Resource\":\"*\",\"Sid\":\"ShieldProtection\"},{\"Action\":\"shield:TagResource\",\"Condition\":{\"StringEquals\":{\"aws:RequestTag/eks:eks-cluster-name\":\"${aws:PrincipalTag/eks:eks-cluster-name}\"}},\"Effect\":\"Allow\",\"Resource\":\"arn:aws:shield::*:protection/*\",\"Sid\":\"ShieldTagResource\"}],\"Version\":\"2012-10-17\"}",
            "policy_id": "ANPA5VIFIRDNAQEPY22OH",
            "tags": {
              "Environment": "Dev",
              "Name": "devboard"
            },
            "tags_all": {
              "Environment": "Dev",
              "Name": "devboard"
            }
          },
          "sensitive_attributes": [],
          "identity_schema_version": 0,
          "private": "bnVsbA==",
          "dependencies": [
            "module.eks.data.aws_iam_policy_document.custom",
            "module.eks.data.aws_partition.current"
          ]
        }
      ]
    },
    {
      "module": "module.eks",
      "mode": "managed",
      "type": "aws_iam_role",
      "name": "this",
      "provider": "provider[\"registry.terraform.io/hashicorp/aws\"]",
      "instances": [
        {
          "index_key": 0,
          "schema_version": 0,
          "attributes": {
            "arn": "arn:aws:iam::938998270170:role/devboard-cluster-20260720054442625600000002",
            "assume_role_policy": "{\"Statement\":[{\"Action\":[\"sts:TagSession\",\"sts:AssumeRole\"],\"Effect\":\"Allow\",\"Principal\":{\"Service\":\"eks.amazonaws.com\"},\"Sid\":\"EKSClusterAssumeRole\"}],\"Version\":\"2012-10-17\"}",
            "create_date": "2026-07-20T05:44:43Z",
            "description": "",
            "force_detach_policies": true,
            "id": "devboard-cluster-20260720054442625600000002",
            "inline_policy": [],
            "managed_policy_arns": [],
            "max_session_duration": 3600,
            "name": "devboard-cluster-20260720054442625600000002",
            "name_prefix": "devboard-cluster-",
            "path": "/",
            "permissions_boundary": "",
            "tags": {
              "Environment": "Dev",
              "Name": "devboard"
            },
            "tags_all": {
              "Environment": "Dev",
              "Name": "devboard"
            },
            "unique_id": "AROA5VIFIRDNHIGHCPIU3"
          },
          "sensitive_attributes": [],
          "identity_schema_version": 0,
          "private": "bnVsbA==",
          "dependencies": [
            "module.eks.data.aws_iam_policy_document.assume_role_policy"
          ],
          "create_before_destroy": true
        }
      ]
    },
    {
      "module": "module.eks",
      "mode": "managed",
      "type": "aws_iam_role_policy_attachment",
      "name": "cluster_encryption",
      "provider": "provider[\"registry.terraform.io/hashicorp/aws\"]",
      "instances": [
        {
          "index_key": 0,
          "schema_version": 0,
          "attributes": {
            "id": "devboard-cluster-20260720054442625600000002-20260720054504978200000011",
            "policy_arn": "arn:aws:iam::938998270170:policy/devboard-cluster-ClusterEncryption20260720054504349200000010",
            "role": "devboard-cluster-20260720054442625600000002"
          },
          "sensitive_attributes": [],
          "identity_schema_version": 0,
          "private": "bnVsbA==",
          "dependencies": [
            "module.eks.aws_iam_policy.cluster_encryption",
            "module.eks.aws_iam_role.this",
            "module.eks.data.aws_caller_identity.current",
            "module.eks.data.aws_iam_policy_document.assume_role_policy",
            "module.eks.data.aws_iam_session_context.current",
            "module.eks.module.kms.aws_kms_external_key.this",
            "module.eks.module.kms.aws_kms_key.this",
            "module.eks.module.kms.aws_kms_replica_external_key.this",
            "module.eks.module.kms.aws_kms_replica_key.this",
            "module.eks.module.kms.data.aws_caller_identity.current",
            "module.eks.module.kms.data.aws_iam_policy_document.this",
            "module.eks.module.kms.data.aws_partition.current"
          ]
        }
      ]
    },
    {
      "module": "module.eks",
      "mode": "managed",
      "type": "aws_iam_role_policy_attachment",
      "name": "custom",
      "provider": "provider[\"registry.terraform.io/hashicorp/aws\"]",
      "instances": [
        {
          "index_key": 0,
          "schema_version": 0,
          "attributes": {
            "id": "devboard-cluster-20260720054442625600000002-20260720054443698700000005",
            "policy_arn": "arn:aws:iam::938998270170:policy/devboard-cluster-20260720054442629000000003",
            "role": "devboard-cluster-20260720054442625600000002"
          },
          "sensitive_attributes": [],
          "identity_schema_version": 0,
          "private": "bnVsbA==",
          "dependencies": [
            "module.eks.aws_iam_policy.custom",
            "module.eks.aws_iam_role.this",
            "module.eks.data.aws_iam_policy_document.assume_role_policy",
            "module.eks.data.aws_iam_policy_document.custom",
            "module.eks.data.aws_partition.current"
          ]
        }
      ]
    },
    {
      "module": "module.eks",
      "mode": "managed",
      "type": "aws_iam_role_policy_attachment",
      "name": "this",
      "provider": "provider[\"registry.terraform.io/hashicorp/aws\"]",
      "instances": [
        {
          "index_key": "AmazonEKSClusterPolicy",
          "schema_version": 0,
          "attributes": {
            "id": "devboard-cluster-20260720054442625600000002-20260720054443742200000006",
            "policy_arn": "arn:aws:iam::aws:policy/AmazonEKSClusterPolicy",
            "role": "devboard-cluster-20260720054442625600000002"
          },
          "sensitive_attributes": [],
          "identity_schema_version": 0,
          "private": "bnVsbA==",
          "dependencies": [
            "module.eks.aws_iam_role.this",
            "module.eks.data.aws_iam_policy_document.assume_role_policy",
            "module.eks.data.aws_partition.current"
          ],
          "create_before_destroy": true
        },
        {
          "index_key": "AmazonEKSVPCResourceController",
          "schema_version": 0,
          "attributes": {
            "id": "devboard-cluster-20260720054442625600000002-20260720054443765900000007",
            "policy_arn": "arn:aws:iam::aws:policy/AmazonEKSVPCResourceController",
            "role": "devboard-cluster-20260720054442625600000002"
          },
          "sensitive_attributes": [],
          "identity_schema_version": 0,
          "private": "bnVsbA==",
          "dependencies": [
            "module.eks.aws_iam_role.this",
            "module.eks.data.aws_iam_policy_document.assume_role_policy",
            "module.eks.data.aws_partition.current"
          ],
          "create_before_destroy": true
        }
      ]
    },
    {
      "module": "module.eks",
      "mode": "managed",
      "type": "aws_security_group",
      "name": "cluster",
      "provider": "provider[\"registry.terraform.io/hashicorp/aws\"]",
      "instances": [
        {
          "index_key": 0,
          "schema_version": 1,
          "attributes": {
            "arn": "arn:aws:ec2:eu-north-1:938998270170:security-group/sg-0aeed5b29e1563baa",
            "description": "EKS cluster security group",
            "egress": [],
            "id": "sg-0aeed5b29e1563baa",
            "ingress": [],
            "name": "devboard-cluster-2026072005445411310000000b",
            "name_prefix": "devboard-cluster-",
            "owner_id": "938998270170",
            "revoke_rules_on_delete": false,
            "tags": {
              "Environment": "Dev",
              "Name": "devboard-cluster"
            },
            "tags_all": {
              "Environment": "Dev",
              "Name": "devboard-cluster"
            },
            "timeouts": null,
            "vpc_id": "vpc-08838944f2dac7d90"
          },
          "sensitive_attributes": [],
          "identity_schema_version": 0,
          "private": "eyJlMmJmYjczMC1lY2FhLTExZTYtOGY4OC0zNDM2M2JjN2M0YzAiOnsiY3JlYXRlIjo2MDAwMDAwMDAwMDAsImRlbGV0ZSI6OTAwMDAwMDAwMDAwfSwic2NoZW1hX3ZlcnNpb24iOiIxIn0=",
          "dependencies": [
            "module.vpc.aws_vpc.this"
          ],
          "create_before_destroy": true
        }
      ]
    },
    {
      "module": "module.eks",
      "mode": "managed",
      "type": "aws_security_group",
      "name": "node",
      "provider": "provider[\"registry.terraform.io/hashicorp/aws\"]",
      "instances": [
        {
          "index_key": 0,
          "schema_version": 1,
          "attributes": {
            "arn": "arn:aws:ec2:eu-north-1:938998270170:security-group/sg-021581775b4fccf7a",
            "description": "EKS node shared security group",
            "egress": [],
            "id": "sg-021581775b4fccf7a",
            "ingress": [],
            "name": "devboard-node-2026072005445412410000000c",
            "name_prefix": "devboard-node-",
            "owner_id": "938998270170",
            "revoke_rules_on_delete": false,
            "tags": {
              "Environment": "Dev",
              "Name": "devboard-node",
              "kubernetes.io/cluster/devboard": "owned"
            },
            "tags_all": {
              "Environment": "Dev",
              "Name": "devboard-node",
              "kubernetes.io/cluster/devboard": "owned"
            },
            "timeouts": null,
            "vpc_id": "vpc-08838944f2dac7d90"
          },
          "sensitive_attributes": [],
          "identity_schema_version": 0,
          "private": "eyJlMmJmYjczMC1lY2FhLTExZTYtOGY4OC0zNDM2M2JjN2M0YzAiOnsiY3JlYXRlIjo2MDAwMDAwMDAwMDAsImRlbGV0ZSI6OTAwMDAwMDAwMDAwfSwic2NoZW1hX3ZlcnNpb24iOiIxIn0=",
          "dependencies": [
            "module.vpc.aws_vpc.this"
          ],
          "create_before_destroy": true
        }
      ]
    },
    {
      "module": "module.eks",
      "mode": "managed",
      "type": "aws_security_group_rule",
      "name": "cluster",
      "provider": "provider[\"registry.terraform.io/hashicorp/aws\"]",
      "instances": [
        {
          "index_key": "ingress_nodes_443",
          "schema_version": 2,
          "attributes": {
            "cidr_blocks": null,
            "description": "Node groups to cluster API",
            "from_port": 443,
            "id": "sgrule-2713974857",
            "ipv6_cidr_blocks": null,
            "prefix_list_ids": null,
            "protocol": "tcp",
            "security_group_id": "sg-0aeed5b29e1563baa",
            "security_group_rule_id": "sgr-0e141285384cc1cc5",
            "self": false,
            "source_security_group_id": "sg-021581775b4fccf7a",
            "timeouts": null,
            "to_port": 443,
            "type": "ingress"
          },
          "sensitive_attributes": [],
          "identity_schema_version": 0,
          "private": "eyJlMmJmYjczMC1lY2FhLTExZTYtOGY4OC0zNDM2M2JjN2M0YzAiOnsiY3JlYXRlIjozMDAwMDAwMDAwMDB9LCJzY2hlbWFfdmVyc2lvbiI6IjIifQ==",
          "dependencies": [
            "module.eks.aws_security_group.cluster",
            "module.eks.aws_security_group.node",
            "module.vpc.aws_vpc.this"
          ],
          "create_before_destroy": true
        }
      ]
    },
    {
      "module": "module.eks",
      "mode": "managed",
      "type": "aws_security_group_rule",
      "name": "node",
      "provider": "provider[\"registry.terraform.io/hashicorp/aws\"]",
      "instances": [
        {
          "index_key": "egress_all",
          "schema_version": 2,
          "attributes": {
            "cidr_blocks": [
              "0.0.0.0/0"
            ],
            "description": "Allow all egress",
            "from_port": 0,
            "id": "sgrule-562554160",
            "ipv6_cidr_blocks": null,
            "prefix_list_ids": [],
            "protocol": "-1",
            "security_group_id": "sg-021581775b4fccf7a",
            "security_group_rule_id": "sgr-07528b04bbef7ec89",
            "self": false,
            "source_security_group_id": null,
            "timeouts": null,
            "to_port": 0,
            "type": "egress"
          },
          "sensitive_attributes": [],
          "identity_schema_version": 0,
          "private": "eyJlMmJmYjczMC1lY2FhLTExZTYtOGY4OC0zNDM2M2JjN2M0YzAiOnsiY3JlYXRlIjozMDAwMDAwMDAwMDB9LCJzY2hlbWFfdmVyc2lvbiI6IjIifQ==",
          "dependencies": [
            "module.eks.aws_security_group.cluster",
            "module.eks.aws_security_group.node",
            "module.vpc.aws_vpc.this"
          ],
          "create_before_destroy": true
        },
        {
          "index_key": "ingress_cluster_443",
          "schema_version": 2,
          "attributes": {
            "cidr_blocks": null,
            "description": "Cluster API to node groups",
            "from_port": 443,
            "id": "sgrule-1357947702",
            "ipv6_cidr_blocks": null,
            "prefix_list_ids": [],
            "protocol": "tcp",
            "security_group_id": "sg-021581775b4fccf7a",
            "security_group_rule_id": "sgr-0de59ce8a01c23ed3",
            "self": false,
            "source_security_group_id": "sg-0aeed5b29e1563baa",
            "timeouts": null,
            "to_port": 443,
            "type": "ingress"
          },
          "sensitive_attributes": [],
          "identity_schema_version": 0,
          "private": "eyJlMmJmYjczMC1lY2FhLTExZTYtOGY4OC0zNDM2M2JjN2M0YzAiOnsiY3JlYXRlIjozMDAwMDAwMDAwMDB9LCJzY2hlbWFfdmVyc2lvbiI6IjIifQ==",
          "dependencies": [
            "module.eks.aws_security_group.cluster",
            "module.eks.aws_security_group.node",
            "module.vpc.aws_vpc.this"
          ],
          "create_before_destroy": true
        },
        {
          "index_key": "ingress_cluster_4443_webhook",
          "schema_version": 2,
          "attributes": {
            "cidr_blocks": null,
            "description": "Cluster API to node 4443/tcp webhook",
            "from_port": 4443,
            "id": "sgrule-2822055256",
            "ipv6_cidr_blocks": null,
            "prefix_list_ids": [],
            "protocol": "tcp",
            "security_group_id": "sg-021581775b4fccf7a",
            "security_group_rule_id": "sgr-0eb7933d275f92c8e",
            "self": false,
            "source_security_group_id": "sg-0aeed5b29e1563baa",
            "timeouts": null,
            "to_port": 4443,
            "type": "ingress"
          },
          "sensitive_attributes": [],
          "identity_schema_version": 0,
          "private": "eyJlMmJmYjczMC1lY2FhLTExZTYtOGY4OC0zNDM2M2JjN2M0YzAiOnsiY3JlYXRlIjozMDAwMDAwMDAwMDB9LCJzY2hlbWFfdmVyc2lvbiI6IjIifQ==",
          "dependencies": [
            "module.eks.aws_security_group.cluster",
            "module.eks.aws_security_group.node",
            "module.vpc.aws_vpc.this"
          ],
          "create_before_destroy": true
        },
        {
          "index_key": "ingress_cluster_6443_webhook",
          "schema_version": 2,
          "attributes": {
            "cidr_blocks": null,
            "description": "Cluster API to node 6443/tcp webhook",
            "from_port": 6443,
            "id": "sgrule-1635205838",
            "ipv6_cidr_blocks": null,
            "prefix_list_ids": [],
            "protocol": "tcp",
            "security_group_id": "sg-021581775b4fccf7a",
            "security_group_rule_id": "sgr-0815b52d1094c9616",
            "self": false,
            "source_security_group_id": "sg-0aeed5b29e1563baa",
            "timeouts": null,
            "to_port": 6443,
            "type": "ingress"
          },
          "sensitive_attributes": [],
          "identity_schema_version": 0,
          "private": "eyJlMmJmYjczMC1lY2FhLTExZTYtOGY4OC0zNDM2M2JjN2M0YzAiOnsiY3JlYXRlIjozMDAwMDAwMDAwMDB9LCJzY2hlbWFfdmVyc2lvbiI6IjIifQ==",
          "dependencies": [
            "module.eks.aws_security_group.cluster",
            "module.eks.aws_security_group.node",
            "module.vpc.aws_vpc.this"
          ],
          "create_before_destroy": true
        },
        {
          "index_key": "ingress_cluster_8443_webhook",
          "schema_version": 2,
          "attributes": {
            "cidr_blocks": null,
            "description": "Cluster API to node 8443/tcp webhook",
            "from_port": 8443,
            "id": "sgrule-1915453167",
            "ipv6_cidr_blocks": null,
            "prefix_list_ids": [],
            "protocol": "tcp",
            "security_group_id": "sg-021581775b4fccf7a",
            "security_group_rule_id": "sgr-0d3a61d09c8e7fc61",
            "self": false,
            "source_security_group_id": "sg-0aeed5b29e1563baa",
            "timeouts": null,
            "to_port": 8443,
            "type": "ingress"
          },
          "sensitive_attributes": [],
          "identity_schema_version": 0,
          "private": "eyJlMmJmYjczMC1lY2FhLTExZTYtOGY4OC0zNDM2M2JjN2M0YzAiOnsiY3JlYXRlIjozMDAwMDAwMDAwMDB9LCJzY2hlbWFfdmVyc2lvbiI6IjIifQ==",
          "dependencies": [
            "module.eks.aws_security_group.cluster",
            "module.eks.aws_security_group.node",
            "module.vpc.aws_vpc.this"
          ],
          "create_before_destroy": true
        },
        {
          "index_key": "ingress_cluster_9443_webhook",
          "schema_version": 2,
          "attributes": {
            "cidr_blocks": null,
            "description": "Cluster API to node 9443/tcp webhook",
            "from_port": 9443,
            "id": "sgrule-378162468",
            "ipv6_cidr_blocks": null,
            "prefix_list_ids": [],
            "protocol": "tcp",
            "security_group_id": "sg-021581775b4fccf7a",
            "security_group_rule_id": "sgr-03e0ff9206946f508",
            "self": false,
            "source_security_group_id": "sg-0aeed5b29e1563baa",
            "timeouts": null,
            "to_port": 9443,
            "type": "ingress"
          },
          "sensitive_attributes": [],
          "identity_schema_version": 0,
          "private": "eyJlMmJmYjczMC1lY2FhLTExZTYtOGY4OC0zNDM2M2JjN2M0YzAiOnsiY3JlYXRlIjozMDAwMDAwMDAwMDB9LCJzY2hlbWFfdmVyc2lvbiI6IjIifQ==",
          "dependencies": [
            "module.eks.aws_security_group.cluster",
            "module.eks.aws_security_group.node",
            "module.vpc.aws_vpc.this"
          ],
          "create_before_destroy": true
        },
        {
          "index_key": "ingress_cluster_kubelet",
          "schema_version": 2,
          "attributes": {
            "cidr_blocks": null,
            "description": "Cluster API to node kubelets",
            "from_port": 10250,
            "id": "sgrule-3975572015",
            "ipv6_cidr_blocks": null,
            "prefix_list_ids": [],
            "protocol": "tcp",
            "security_group_id": "sg-021581775b4fccf7a",
            "security_group_rule_id": "sgr-094c2ebeea2014770",
            "self": false,
            "source_security_group_id": "sg-0aeed5b29e1563baa",
            "timeouts": null,
            "to_port": 10250,
            "type": "ingress"
          },
          "sensitive_attributes": [],
          "identity_schema_version": 0,
          "private": "eyJlMmJmYjczMC1lY2FhLTExZTYtOGY4OC0zNDM2M2JjN2M0YzAiOnsiY3JlYXRlIjozMDAwMDAwMDAwMDB9LCJzY2hlbWFfdmVyc2lvbiI6IjIifQ==",
          "dependencies": [
            "module.eks.aws_security_group.cluster",
            "module.eks.aws_security_group.node",
            "module.vpc.aws_vpc.this"
          ],
          "create_before_destroy": true
        },
        {
          "index_key": "ingress_nodes_ephemeral",
          "schema_version": 2,
          "attributes": {
            "cidr_blocks": null,
            "description": "Node to node ingress on ephemeral ports",
            "from_port": 1025,
            "id": "sgrule-1361918173",
            "ipv6_cidr_blocks": null,
            "prefix_list_ids": [],
            "protocol": "tcp",
            "security_group_id": "sg-021581775b4fccf7a",
            "security_group_rule_id": "sgr-073ea8628318a1e19",
            "self": true,
            "source_security_group_id": null,
            "timeouts": null,
            "to_port": 65535,
            "type": "ingress"
          },
          "sensitive_attributes": [],
          "identity_schema_version": 0,
          "private": "eyJlMmJmYjczMC1lY2FhLTExZTYtOGY4OC0zNDM2M2JjN2M0YzAiOnsiY3JlYXRlIjozMDAwMDAwMDAwMDB9LCJzY2hlbWFfdmVyc2lvbiI6IjIifQ==",
          "dependencies": [
            "module.eks.aws_security_group.cluster",
            "module.eks.aws_security_group.node",
            "module.vpc.aws_vpc.this"
          ],
          "create_before_destroy": true
        },
        {
          "index_key": "ingress_self_coredns_tcp",
          "schema_version": 2,
          "attributes": {
            "cidr_blocks": null,
            "description": "Node to node CoreDNS",
            "from_port": 53,
            "id": "sgrule-1222332947",
            "ipv6_cidr_blocks": null,
            "prefix_list_ids": [],
            "protocol": "tcp",
            "security_group_id": "sg-021581775b4fccf7a",
            "security_group_rule_id": "sgr-0c000dd6b5c60047e",
            "self": true,
            "source_security_group_id": null,
            "timeouts": null,
            "to_port": 53,
            "type": "ingress"
          },
          "sensitive_attributes": [],
          "identity_schema_version": 0,
          "private": "eyJlMmJmYjczMC1lY2FhLTExZTYtOGY4OC0zNDM2M2JjN2M0YzAiOnsiY3JlYXRlIjozMDAwMDAwMDAwMDB9LCJzY2hlbWFfdmVyc2lvbiI6IjIifQ==",
          "dependencies": [
            "module.eks.aws_security_group.cluster",
            "module.eks.aws_security_group.node",
            "module.vpc.aws_vpc.this"
          ],
          "create_before_destroy": true
        },
        {
          "index_key": "ingress_self_coredns_udp",
          "schema_version": 2,
          "attributes": {
            "cidr_blocks": null,
            "description": "Node to node CoreDNS UDP",
            "from_port": 53,
            "id": "sgrule-3968135676",
            "ipv6_cidr_blocks": null,
            "prefix_list_ids": [],
            "protocol": "udp",
            "security_group_id": "sg-021581775b4fccf7a",
            "security_group_rule_id": "sgr-0353d0a50fe50ebaa",
            "self": true,
            "source_security_group_id": null,
            "timeouts": null,
            "to_port": 53,
            "type": "ingress"
          },
          "sensitive_attributes": [],
          "identity_schema_version": 0,
          "private": "eyJlMmJmYjczMC1lY2FhLTExZTYtOGY4OC0zNDM2M2JjN2M0YzAiOnsiY3JlYXRlIjozMDAwMDAwMDAwMDB9LCJzY2hlbWFfdmVyc2lvbiI6IjIifQ==",
          "dependencies": [
            "module.eks.aws_security_group.cluster",
            "module.eks.aws_security_group.node",
            "module.vpc.aws_vpc.this"
          ],
          "create_before_destroy": true
        }
      ]
    },
    {
      "module": "module.eks",
      "mode": "managed",
      "type": "time_sleep",
      "name": "this",
      "provider": "provider[\"registry.terraform.io/hashicorp/time\"]",
      "instances": [
        {
          "index_key": 0,
          "schema_version": 0,
          "attributes": {
            "create_duration": "30s",
            "destroy_duration": null,
            "id": "2026-07-20T05:54:06Z",
            "triggers": {
              "cluster_certificate_authority_data": "LS0tLS1CRUdJTiBDRVJUSUZJQ0FURS0tLS0tCk1JSURCVENDQWUyZ0F3SUJBZ0lJSkwvUzZFOTVIVDR3RFFZSktvWklodmNOQVFFTEJRQXdGVEVUTUJFR0ExVUUKQXhNS2EzVmlaWEp1WlhSbGN6QWVGdzB5TmpBM01qQXdOVFEwTkROYUZ3MHpOakEzTVRjd05UUTVORE5hTUJVeApFekFSQmdOVkJBTVRDbXQxWW1WeWJtVjBaWE13Z2dFaU1BMEdDU3FHU0liM0RRRUJBUVVBQTRJQkR3QXdnZ0VLCkFvSUJBUURjVUR2L0VqNzltcktCb2xtN2N0b2gzQWxDRkNKaGFVbG8xc2NINCtDVzF6RGQwODgwVGlycHhpUDAKWlBsTHN6UXVLdmJ2WGlZRU40RnZLMmY0dHZ5QjMrZ2pUN3hJNTJjQ0RpTHdQRnpHaGNXdFlKdDU3YW5FZ3FySApzZlNtaHFmTzZ2NTMrajU0aFBwbGNmTXoyV3hrS3FJbmlHajdXdW9OZWFoNmFFL0hia3QrNDZxNHloSnlDU3I4ClNmVzA4eFQ2REdqYUN2ZUExTkN5b0ZXTnhjenBoSGZQMlZrRGRIdlNRc0NpcjY5WFh6di9ZWnhhREYxYXBvak4KaUdmU3JNL1dTQnhpc3czck9kK1hsU1VRRVRWZGE5Y2Z3Q0ZCbmpTY3pGcUNyOGp4VlRobUpreXdOVUlRS1dRZwpLdUcvOGNidEhLZFhWT1VIRytrRmJCVEdqMURiQWdNQkFBR2pXVEJYTUE0R0ExVWREd0VCL3dRRUF3SUNwREFQCkJnTlZIUk1CQWY4RUJUQURBUUgvTUIwR0ExVWREZ1FXQkJRay9QSk1mUnpuTDUrSmhNZ1hoeVZ5TklmMjJ6QVYKQmdOVkhSRUVEakFNZ2dwcmRXSmxjbTVsZEdWek1BMEdDU3FHU0liM0RRRUJDd1VBQTRJQkFRQktBUi9vQjFPUApabkZOTDRJRVRjU0NlOE82RUJjaXlXMktvM3c4ZzZlR3RqckF1VmxCeTJJUThiSnl0RFZHRis1elU5d3Z0WXRpCkpLUXYxUTBZNDBFQjdMbk1QOFRNaUxaaEZJTjBlYzNnMkMrVWdpbVBUVXdPNHdDMWcxM2YzY1VJYVNhbnduM0MKQ3ZMRUlCV2xZVm9SbUVEZmRIdFB0RmIzZ0tIcHRVdmZOQ1B4QXFZSTV4R1Fkd05nMm9ENHE3M0JuU0Y3REVWMApSSTEyZFZCZXVJY0JmaWNsNndFa3FIaVNXcHJ3YmljN1pROGJnNktRSXJPVjBVdHVFcTFaZFFYWHNwTjNTWFRECmxRdlkrdHJXRmFucllKSTVMcDFucTR0R3hweDRqOHdIWDNlbzVqN3JoeGVrb2RlZm1oaFJvb3pIRUI0SkkvUWQKaFEyNUpzN3RZcVZzCi0tLS0tRU5EIENFUlRJRklDQVRFLS0tLS0K",
              "cluster_endpoint": "https://EC2A848BA7DBF7CC288694EFC13CC87B.yl4.eu-north-1.eks.amazonaws.com",
              "cluster_name": "devboard",
              "cluster_service_cidr": "172.20.0.0/16",
              "cluster_version": "1.34"
            }
          },
          "sensitive_attributes": [],
          "identity_schema_version": 0,
          "dependencies": [
            "data.aws_availability_zones.available",
            "module.eks.aws_cloudwatch_log_group.this",
            "module.eks.aws_eks_cluster.this",
            "module.eks.aws_iam_policy.cni_ipv6_policy",
            "module.eks.aws_iam_role.eks_auto",
            "module.eks.aws_iam_role.this",
            "module.eks.aws_iam_role_policy_attachment.this",
            "module.eks.aws_security_group.cluster",
            "module.eks.aws_security_group.node",
            "module.eks.aws_security_group_rule.cluster",
            "module.eks.aws_security_group_rule.node",
            "module.eks.data.aws_caller_identity.current",
            "module.eks.data.aws_iam_policy_document.assume_role_policy",
            "module.eks.data.aws_iam_policy_document.cni_ipv6_policy",
            "module.eks.data.aws_iam_policy_document.node_assume_role_policy",
            "module.eks.data.aws_iam_session_context.current",
            "module.eks.data.aws_partition.current",
            "module.eks.module.kms.aws_kms_external_key.this",
            "module.eks.module.kms.aws_kms_key.this",
            "module.eks.module.kms.aws_kms_replica_external_key.this",
            "module.eks.module.kms.aws_kms_replica_key.this",
            "module.eks.module.kms.data.aws_caller_identity.current",
            "module.eks.module.kms.data.aws_iam_policy_document.this",
            "module.eks.module.kms.data.aws_partition.current",
            "module.vpc.aws_subnet.private",
            "module.vpc.aws_vpc.this",
            "module.vpc.aws_vpc_ipv4_cidr_block_association.this"
          ],
          "create_before_destroy": true
        }
      ]
    },
    {
      "module": "module.eks.module.eks_managed_node_group[\"general_nodes\"]",
      "mode": "data",
      "type": "aws_caller_identity",
      "name": "current",
      "provider": "provider[\"registry.terraform.io/hashicorp/aws\"]",
      "instances": [
        {
          "schema_version": 0,
          "attributes": {
            "account_id": "938998270170",
            "arn": "arn:aws:iam::938998270170:user/terra-admin",
            "id": "938998270170",
            "user_id": "AIDA5VIFIRDNESQXYRMN3"
          },
          "sensitive_attributes": [],
          "identity_schema_version": 0
        }
      ]
    },
    {
      "module": "module.eks.module.eks_managed_node_group[\"general_nodes\"]",
      "mode": "data",
      "type": "aws_iam_policy_document",
      "name": "assume_role_policy",
      "provider": "provider[\"registry.terraform.io/hashicorp/aws\"]",
      "instances": [
        {
          "index_key": 0,
          "schema_version": 0,
          "attributes": {
            "id": "2560088296",
            "json": "{\n  \"Version\": \"2012-10-17\",\n  \"Statement\": [\n    {\n      \"Sid\": \"EKSNodeAssumeRole\",\n      \"Effect\": \"Allow\",\n      \"Action\": \"sts:AssumeRole\",\n      \"Principal\": {\n        \"Service\": \"ec2.amazonaws.com\"\n      }\n    }\n  ]\n}",
            "minified_json": "{\"Version\":\"2012-10-17\",\"Statement\":[{\"Sid\":\"EKSNodeAssumeRole\",\"Effect\":\"Allow\",\"Action\":\"sts:AssumeRole\",\"Principal\":{\"Service\":\"ec2.amazonaws.com\"}}]}",
            "override_json": null,
            "override_policy_documents": null,
            "policy_id": null,
            "source_json": null,
            "source_policy_documents": null,
            "statement": [
              {
                "actions": [
                  "sts:AssumeRole"
                ],
                "condition": [],
                "effect": "Allow",
                "not_actions": [],
                "not_principals": [],
                "not_resources": [],
                "principals": [
                  {
                    "identifiers": [
                      "ec2.amazonaws.com"
                    ],
                    "type": "Service"
                  }
                ],
                "resources": [],
                "sid": "EKSNodeAssumeRole"
              }
            ],
            "version": "2012-10-17"
          },
          "sensitive_attributes": [],
          "identity_schema_version": 0
        }
      ]
    },
    {
      "module": "module.eks.module.eks_managed_node_group[\"general_nodes\"]",
      "mode": "data",
      "type": "aws_partition",
      "name": "current",
      "provider": "provider[\"registry.terraform.io/hashicorp/aws\"]",
      "instances": [
        {
          "schema_version": 0,
          "attributes": {
            "dns_suffix": "amazonaws.com",
            "id": "aws",
            "partition": "aws",
            "reverse_dns_prefix": "com.amazonaws"
          },
          "sensitive_attributes": [],
          "identity_schema_version": 0
        }
      ]
    },
    {
      "module": "module.eks.module.eks_managed_node_group[\"general_nodes\"]",
      "mode": "managed",
      "type": "aws_eks_node_group",
      "name": "this",
      "provider": "provider[\"registry.terraform.io/hashicorp/aws\"]",
      "instances": [
        {
          "index_key": 0,
          "schema_version": 0,
          "attributes": {
            "ami_type": "AL2023_x86_64_STANDARD",
            "arn": "arn:aws:eks:eu-north-1:938998270170:nodegroup/devboard/general_nodes-20260720055412195300000016/f8cfbf0b-6846-2c3b-68c9-968b5675cd5e",
            "capacity_type": "ON_DEMAND",
            "cluster_name": "devboard",
            "disk_size": 0,
            "force_update_version": null,
            "id": "devboard:general_nodes-20260720055412195300000016",
            "instance_types": [
              "c7i-flex.large"
            ],
            "labels": null,
            "launch_template": [
              {
                "id": "lt-0172ad2cc93244cb6",
                "name": "general_nodes-20260720055406533800000014",
                "version": "1"
              }
            ],
            "node_group_name": "general_nodes-20260720055412195300000016",
            "node_group_name_prefix": "general_nodes-",
            "node_repair_config": [],
            "node_role_arn": "arn:aws:iam::938998270170:role/general_nodes-eks-node-group-20260720054442617100000001",
            "release_version": "1.34.9-20260714",
            "remote_access": [],
            "resources": [
              {
                "autoscaling_groups": [
                  {
                    "name": "eks-general_nodes-20260720055412195300000016-f8cfbf0b-6846-2c3b-68c9-968b5675cd5e"
                  }
                ],
                "remote_access_security_group_id": ""
              }
            ],
            "scaling_config": [
              {
                "desired_size": 2,
                "max_size": 4,
                "min_size": 1
              }
            ],
            "status": "ACTIVE",
            "subnet_ids": [
              "subnet-061865fbed3059865",
              "subnet-07553268cba52cd5a"
            ],
            "tags": {
              "Environment": "Dev",
              "Name": "general_nodes"
            },
            "tags_all": {
              "Environment": "Dev",
              "Name": "general_nodes"
            },
            "taint": [],
            "timeouts": {
              "create": null,
              "delete": null,
              "update": null
            },
            "update_config": [
              {
                "max_unavailable": 0,
                "max_unavailable_percentage": 33
              }
            ],
            "version": "1.34"
          },
          "sensitive_attributes": [],
          "identity_schema_version": 0,
          "private": "eyJlMmJmYjczMC1lY2FhLTExZTYtOGY4OC0zNDM2M2JjN2M0YzAiOnsiY3JlYXRlIjozNjAwMDAwMDAwMDAwLCJkZWxldGUiOjM2MDAwMDAwMDAwMDAsInVwZGF0ZSI6MzYwMDAwMDAwMDAwMH19",
          "dependencies": [
            "data.aws_availability_zones.available",
            "module.eks.aws_cloudwatch_log_group.this",
            "module.eks.aws_eks_cluster.this",
            "module.eks.aws_iam_policy.cni_ipv6_policy",
            "module.eks.aws_iam_role.eks_auto",
            "module.eks.aws_iam_role.this",
            "module.eks.aws_iam_role_policy_attachment.this",
            "module.eks.aws_security_group.cluster",
            "module.eks.aws_security_group.node",
            "module.eks.aws_security_group_rule.cluster",
            "module.eks.aws_security_group_rule.node",
            "module.eks.data.aws_caller_identity.current",
            "module.eks.data.aws_iam_policy_document.assume_role_policy",
            "module.eks.data.aws_iam_policy_document.cni_ipv6_policy",
            "module.eks.data.aws_iam_policy_document.node_assume_role_policy",
            "module.eks.data.aws_iam_session_context.current",
            "module.eks.data.aws_partition.current",
            "module.eks.module.eks_managed_node_group.aws_iam_role.this",
            "module.eks.module.eks_managed_node_group.aws_iam_role_policy_attachment.additional",
            "module.eks.module.eks_managed_node_group.aws_iam_role_policy_attachment.this",
            "module.eks.module.eks_managed_node_group.aws_launch_template.this",
            "module.eks.module.eks_managed_node_group.aws_placement_group.this",
            "module.eks.module.eks_managed_node_group.data.aws_caller_identity.current",
            "module.eks.module.eks_managed_node_group.data.aws_ec2_instance_type.this",
            "module.eks.module.eks_managed_node_group.data.aws_ec2_instance_type_offerings.this",
            "module.eks.module.eks_managed_node_group.data.aws_iam_policy_document.assume_role_policy",
            "module.eks.module.eks_managed_node_group.data.aws_partition.current",
            "module.eks.module.eks_managed_node_group.data.aws_ssm_parameter.ami",
            "module.eks.module.eks_managed_node_group.data.aws_subnets.placement_group",
            "module.eks.module.eks_managed_node_group.module.user_data.data.cloudinit_config.al2023_eks_managed_node_group",
            "module.eks.module.eks_managed_node_group.module.user_data.data.cloudinit_config.linux_eks_managed_node_group",
            "module.eks.module.kms.aws_kms_external_key.this",
            "module.eks.module.kms.aws_kms_key.this",
            "module.eks.module.kms.aws_kms_replica_external_key.this",
            "module.eks.module.kms.aws_kms_replica_key.this",
            "module.eks.module.kms.data.aws_caller_identity.current",
            "module.eks.module.kms.data.aws_iam_policy_document.this",
            "module.eks.module.kms.data.aws_partition.current",
            "module.eks.time_sleep.this",
            "module.vpc.aws_subnet.private",
            "module.vpc.aws_vpc.this",
            "module.vpc.aws_vpc_ipv4_cidr_block_association.this"
          ],
          "create_before_destroy": true
        }
      ]
    },
    {
      "module": "module.eks.module.eks_managed_node_group[\"general_nodes\"]",
      "mode": "managed",
      "type": "aws_iam_role",
      "name": "this",
      "provider": "provider[\"registry.terraform.io/hashicorp/aws\"]",
      "instances": [
        {
          "index_key": 0,
          "schema_version": 0,
          "attributes": {
            "arn": "arn:aws:iam::938998270170:role/general_nodes-eks-node-group-20260720054442617100000001",
            "assume_role_policy": "{\"Statement\":[{\"Action\":\"sts:AssumeRole\",\"Effect\":\"Allow\",\"Principal\":{\"Service\":\"ec2.amazonaws.com\"},\"Sid\":\"EKSNodeAssumeRole\"}],\"Version\":\"2012-10-17\"}",
            "create_date": "2026-07-20T05:44:43Z",
            "description": "EKS managed node group IAM role",
            "force_detach_policies": true,
            "id": "general_nodes-eks-node-group-20260720054442617100000001",
            "inline_policy": [],
            "managed_policy_arns": [],
            "max_session_duration": 3600,
            "name": "general_nodes-eks-node-group-20260720054442617100000001",
            "name_prefix": "general_nodes-eks-node-group-",
            "path": "/",
            "permissions_boundary": "",
            "tags": {
              "Environment": "Dev",
              "Name": "devboard"
            },
            "tags_all": {
              "Environment": "Dev",
              "Name": "devboard"
            },
            "unique_id": "AROA5VIFIRDNLT6X3E7JQ"
          },
          "sensitive_attributes": [],
          "identity_schema_version": 0,
          "private": "bnVsbA==",
          "dependencies": [
            "module.eks.module.eks_managed_node_group.data.aws_iam_policy_document.assume_role_policy"
          ],
          "create_before_destroy": true
        }
      ]
    },
    {
      "module": "module.eks.module.eks_managed_node_group[\"general_nodes\"]",
      "mode": "managed",
      "type": "aws_iam_role_policy_attachment",
      "name": "this",
      "provider": "provider[\"registry.terraform.io/hashicorp/aws\"]",
      "instances": [
        {
          "index_key": "AmazonEC2ContainerRegistryReadOnly",
          "schema_version": 0,
          "attributes": {
            "id": "general_nodes-eks-node-group-20260720054442617100000001-2026072005444387660000000a",
            "policy_arn": "arn:aws:iam::aws:policy/AmazonEC2ContainerRegistryReadOnly",
            "role": "general_nodes-eks-node-group-20260720054442617100000001"
          },
          "sensitive_attributes": [],
          "identity_schema_version": 0,
          "private": "bnVsbA==",
          "dependencies": [
            "module.eks.module.eks_managed_node_group.aws_iam_role.this",
            "module.eks.module.eks_managed_node_group.data.aws_caller_identity.current",
            "module.eks.module.eks_managed_node_group.data.aws_iam_policy_document.assume_role_policy",
            "module.eks.module.eks_managed_node_group.data.aws_partition.current"
          ],
          "create_before_destroy": true
        },
        {
          "index_key": "AmazonEKSWorkerNodePolicy",
          "schema_version": 0,
          "attributes": {
            "id": "general_nodes-eks-node-group-20260720054442617100000001-20260720054443798900000009",
            "policy_arn": "arn:aws:iam::aws:policy/AmazonEKSWorkerNodePolicy",
            "role": "general_nodes-eks-node-group-20260720054442617100000001"
          },
          "sensitive_attributes": [],
          "identity_schema_version": 0,
          "private": "bnVsbA==",
          "dependencies": [
            "module.eks.module.eks_managed_node_group.aws_iam_role.this",
            "module.eks.module.eks_managed_node_group.data.aws_caller_identity.current",
            "module.eks.module.eks_managed_node_group.data.aws_iam_policy_document.assume_role_policy",
            "module.eks.module.eks_managed_node_group.data.aws_partition.current"
          ],
          "create_before_destroy": true
        },
        {
          "index_key": "AmazonEKS_CNI_Policy",
          "schema_version": 0,
          "attributes": {
            "id": "general_nodes-eks-node-group-20260720054442617100000001-20260720054443793900000008",
            "policy_arn": "arn:aws:iam::aws:policy/AmazonEKS_CNI_Policy",
            "role": "general_nodes-eks-node-group-20260720054442617100000001"
          },
          "sensitive_attributes": [],
          "identity_schema_version": 0,
          "private": "bnVsbA==",
          "dependencies": [
            "module.eks.module.eks_managed_node_group.aws_iam_role.this",
            "module.eks.module.eks_managed_node_group.data.aws_caller_identity.current",
            "module.eks.module.eks_managed_node_group.data.aws_iam_policy_document.assume_role_policy",
            "module.eks.module.eks_managed_node_group.data.aws_partition.current"
          ],
          "create_before_destroy": true
        }
      ]
    },
    {
      "module": "module.eks.module.eks_managed_node_group[\"general_nodes\"]",
      "mode": "managed",
      "type": "aws_launch_template",
      "name": "this",
      "provider": "provider[\"registry.terraform.io/hashicorp/aws\"]",
      "instances": [
        {
          "index_key": 0,
          "schema_version": 0,
          "attributes": {
            "arn": "arn:aws:ec2:eu-north-1:938998270170:launch-template/lt-0172ad2cc93244cb6",
            "block_device_mappings": [],
            "capacity_reservation_specification": [],
            "cpu_options": [],
            "credit_specification": [],
            "default_version": 1,
            "description": "Custom launch template for general_nodes EKS managed node group",
            "disable_api_stop": false,
            "disable_api_termination": false,
            "ebs_optimized": "",
            "elastic_gpu_specifications": [],
            "elastic_inference_accelerator": [],
            "enclave_options": [],
            "hibernation_options": [],
            "iam_instance_profile": [],
            "id": "lt-0172ad2cc93244cb6",
            "image_id": "",
            "instance_initiated_shutdown_behavior": "",
            "instance_market_options": [],
            "instance_requirements": [],
            "instance_type": "",
            "kernel_id": "",
            "key_name": "",
            "latest_version": 1,
            "license_specification": [],
            "maintenance_options": [],
            "metadata_options": [
              {
                "http_endpoint": "enabled",
                "http_protocol_ipv6": "",
                "http_put_response_hop_limit": 2,
                "http_tokens": "required",
                "instance_metadata_tags": ""
              }
            ],
            "monitoring": [
              {
                "enabled": true
              }
            ],
            "name": "general_nodes-20260720055406533800000014",
            "name_prefix": "general_nodes-",
            "network_interfaces": [],
            "placement": [],
            "private_dns_name_options": [],
            "ram_disk_id": "",
            "security_group_names": null,
            "tag_specifications": [
              {
                "resource_type": "instance",
                "tags": {
                  "Environment": "Dev",
                  "Name": "general_nodes"
                }
              },
              {
                "resource_type": "network-interface",
                "tags": {
                  "Environment": "Dev",
                  "Name": "general_nodes"
                }
              },
              {
                "resource_type": "volume",
                "tags": {
                  "Environment": "Dev",
                  "Name": "general_nodes"
                }
              }
            ],
            "tags": {
              "Environment": "Dev",
              "Name": "devboard"
            },
            "tags_all": {
              "Environment": "Dev",
              "Name": "devboard"
            },
            "update_default_version": true,
            "user_data": "",
            "vpc_security_group_ids": [
              "sg-021581775b4fccf7a"
            ]
          },
          "sensitive_attributes": [],
          "identity_schema_version": 0,
          "private": "bnVsbA==",
          "dependencies": [
            "data.aws_availability_zones.available",
            "module.eks.aws_cloudwatch_log_group.this",
            "module.eks.aws_eks_cluster.this",
            "module.eks.aws_iam_policy.cni_ipv6_policy",
            "module.eks.aws_iam_role.eks_auto",
            "module.eks.aws_iam_role.this",
            "module.eks.aws_iam_role_policy_attachment.this",
            "module.eks.aws_security_group.cluster",
            "module.eks.aws_security_group.node",
            "module.eks.aws_security_group_rule.cluster",
            "module.eks.aws_security_group_rule.node",
            "module.eks.data.aws_caller_identity.current",
            "module.eks.data.aws_iam_policy_document.assume_role_policy",
            "module.eks.data.aws_iam_policy_document.cni_ipv6_policy",
            "module.eks.data.aws_iam_policy_document.node_assume_role_policy",
            "module.eks.data.aws_iam_session_context.current",
            "module.eks.data.aws_partition.current",
            "module.eks.module.eks_managed_node_group.aws_iam_role.this",
            "module.eks.module.eks_managed_node_group.aws_iam_role_policy_attachment.additional",
            "module.eks.module.eks_managed_node_group.aws_iam_role_policy_attachment.this",
            "module.eks.module.eks_managed_node_group.aws_placement_group.this",
            "module.eks.module.eks_managed_node_group.data.aws_caller_identity.current",
            "module.eks.module.eks_managed_node_group.data.aws_ec2_instance_type.this",
            "module.eks.module.eks_managed_node_group.data.aws_iam_policy_document.assume_role_policy",
            "module.eks.module.eks_managed_node_group.data.aws_partition.current",
            "module.eks.module.eks_managed_node_group.module.user_data.data.cloudinit_config.al2023_eks_managed_node_group",
            "module.eks.module.eks_managed_node_group.module.user_data.data.cloudinit_config.linux_eks_managed_node_group",
            "module.eks.module.kms.aws_kms_external_key.this",
            "module.eks.module.kms.aws_kms_key.this",
            "module.eks.module.kms.aws_kms_replica_external_key.this",
            "module.eks.module.kms.aws_kms_replica_key.this",
            "module.eks.module.kms.data.aws_caller_identity.current",
            "module.eks.module.kms.data.aws_iam_policy_document.this",
            "module.eks.module.kms.data.aws_partition.current",
            "module.eks.time_sleep.this",
            "module.vpc.aws_subnet.private",
            "module.vpc.aws_vpc.this",
            "module.vpc.aws_vpc_ipv4_cidr_block_association.this"
          ],
          "create_before_destroy": true
        }
      ]
    },
    {
      "module": "module.eks.module.eks_managed_node_group[\"general_nodes\"].module.user_data",
      "mode": "managed",
      "type": "null_resource",
      "name": "validate_cluster_service_cidr",
      "provider": "provider[\"registry.terraform.io/hashicorp/null\"]",
      "instances": [
        {
          "schema_version": 0,
          "attributes": {
            "id": "3247354861988956757",
            "triggers": null
          },
          "sensitive_attributes": [],
          "identity_schema_version": 0,
          "dependencies": [
            "data.aws_availability_zones.available",
            "module.eks.aws_cloudwatch_log_group.this",
            "module.eks.aws_eks_cluster.this",
            "module.eks.aws_iam_policy.cni_ipv6_policy",
            "module.eks.aws_iam_role.eks_auto",
            "module.eks.aws_iam_role.this",
            "module.eks.aws_iam_role_policy_attachment.this",
            "module.eks.aws_security_group.cluster",
            "module.eks.aws_security_group.node",
            "module.eks.aws_security_group_rule.cluster",
            "module.eks.aws_security_group_rule.node",
            "module.eks.data.aws_caller_identity.current",
            "module.eks.data.aws_iam_policy_document.assume_role_policy",
            "module.eks.data.aws_iam_policy_document.cni_ipv6_policy",
            "module.eks.data.aws_iam_policy_document.node_assume_role_policy",
            "module.eks.data.aws_iam_session_context.current",
            "module.eks.data.aws_partition.current",
            "module.eks.module.kms.aws_kms_external_key.this",
            "module.eks.module.kms.aws_kms_key.this",
            "module.eks.module.kms.aws_kms_replica_external_key.this",
            "module.eks.module.kms.aws_kms_replica_key.this",
            "module.eks.module.kms.data.aws_caller_identity.current",
            "module.eks.module.kms.data.aws_iam_policy_document.this",
            "module.eks.module.kms.data.aws_partition.current",
            "module.eks.time_sleep.this",
            "module.vpc.aws_subnet.private",
            "module.vpc.aws_vpc.this",
            "module.vpc.aws_vpc_ipv4_cidr_block_association.this"
          ]
        }
      ]
    },
    {
      "module": "module.eks.module.kms",
      "mode": "data",
      "type": "aws_caller_identity",
      "name": "current",
      "provider": "provider[\"registry.terraform.io/hashicorp/aws\"]",
      "instances": [
        {
          "index_key": 0,
          "schema_version": 0,
          "attributes": {
            "account_id": "938998270170",
            "arn": "arn:aws:iam::938998270170:user/terra-admin",
            "id": "938998270170",
            "user_id": "AIDA5VIFIRDNESQXYRMN3"
          },
          "sensitive_attributes": [],
          "identity_schema_version": 0
        }
      ]
    },
    {
      "module": "module.eks.module.kms",
      "mode": "data",
      "type": "aws_iam_policy_document",
      "name": "this",
      "provider": "provider[\"registry.terraform.io/hashicorp/aws\"]",
      "instances": [
        {
          "index_key": 0,
          "schema_version": 0,
          "attributes": {
            "id": "3708712386",
            "json": "{\n  \"Version\": \"2012-10-17\",\n  \"Statement\": [\n    {\n      \"Sid\": \"Default\",\n      \"Effect\": \"Allow\",\n      \"Action\": \"kms:*\",\n      \"Resource\": \"*\",\n      \"Principal\": {\n        \"AWS\": \"arn:aws:iam::938998270170:root\"\n      }\n    },\n    {\n      \"Sid\": \"KeyAdministration\",\n      \"Effect\": \"Allow\",\n      \"Action\": [\n        \"kms:Update*\",\n        \"kms:UntagResource\",\n        \"kms:TagResource\",\n        \"kms:ScheduleKeyDeletion\",\n        \"kms:Revoke*\",\n        \"kms:ReplicateKey\",\n        \"kms:Put*\",\n        \"kms:List*\",\n        \"kms:ImportKeyMaterial\",\n        \"kms:Get*\",\n        \"kms:Enable*\",\n        \"kms:Disable*\",\n        \"kms:Describe*\",\n        \"kms:Delete*\",\n        \"kms:Create*\",\n        \"kms:CancelKeyDeletion\"\n      ],\n      \"Resource\": \"*\",\n      \"Principal\": {\n        \"AWS\": \"arn:aws:iam::938998270170:user/terra-admin\"\n      }\n    },\n    {\n      \"Sid\": \"KeyUsage\",\n      \"Effect\": \"Allow\",\n      \"Action\": [\n        \"kms:ReEncrypt*\",\n        \"kms:GenerateDataKey*\",\n        \"kms:Encrypt\",\n        \"kms:DescribeKey\",\n        \"kms:Decrypt\"\n      ],\n      \"Resource\": \"*\",\n      \"Principal\": {\n        \"AWS\": \"arn:aws:iam::938998270170:role/devboard-cluster-20260720054442625600000002\"\n      }\n    }\n  ]\n}",
            "minified_json": "{\"Version\":\"2012-10-17\",\"Statement\":[{\"Sid\":\"Default\",\"Effect\":\"Allow\",\"Action\":\"kms:*\",\"Resource\":\"*\",\"Principal\":{\"AWS\":\"arn:aws:iam::938998270170:root\"}},{\"Sid\":\"KeyAdministration\",\"Effect\":\"Allow\",\"Action\":[\"kms:Update*\",\"kms:UntagResource\",\"kms:TagResource\",\"kms:ScheduleKeyDeletion\",\"kms:Revoke*\",\"kms:ReplicateKey\",\"kms:Put*\",\"kms:List*\",\"kms:ImportKeyMaterial\",\"kms:Get*\",\"kms:Enable*\",\"kms:Disable*\",\"kms:Describe*\",\"kms:Delete*\",\"kms:Create*\",\"kms:CancelKeyDeletion\"],\"Resource\":\"*\",\"Principal\":{\"AWS\":\"arn:aws:iam::938998270170:user/terra-admin\"}},{\"Sid\":\"KeyUsage\",\"Effect\":\"Allow\",\"Action\":[\"kms:ReEncrypt*\",\"kms:GenerateDataKey*\",\"kms:Encrypt\",\"kms:DescribeKey\",\"kms:Decrypt\"],\"Resource\":\"*\",\"Principal\":{\"AWS\":\"arn:aws:iam::938998270170:role/devboard-cluster-20260720054442625600000002\"}}]}",
            "override_json": null,
            "override_policy_documents": null,
            "policy_id": null,
            "source_json": null,
            "source_policy_documents": null,
            "statement": [
              {
                "actions": [
                  "kms:*"
                ],
                "condition": [],
                "effect": "Allow",
                "not_actions": [],
                "not_principals": [],
                "not_resources": [],
                "principals": [
                  {
                    "identifiers": [
                      "arn:aws:iam::938998270170:root"
                    ],
                    "type": "AWS"
                  }
                ],
                "resources": [
                  "*"
                ],
                "sid": "Default"
              },
              {
                "actions": [
                  "kms:CancelKeyDeletion",
                  "kms:Create*",
                  "kms:Delete*",
                  "kms:Describe*",
                  "kms:Disable*",
                  "kms:Enable*",
                  "kms:Get*",
                  "kms:ImportKeyMaterial",
                  "kms:List*",
                  "kms:Put*",
                  "kms:ReplicateKey",
                  "kms:Revoke*",
                  "kms:ScheduleKeyDeletion",
                  "kms:TagResource",
                  "kms:UntagResource",
                  "kms:Update*"
                ],
                "condition": [],
                "effect": "Allow",
                "not_actions": [],
                "not_principals": [],
                "not_resources": [],
                "principals": [
                  {
                    "identifiers": [
                      "arn:aws:iam::938998270170:user/terra-admin"
                    ],
                    "type": "AWS"
                  }
                ],
                "resources": [
                  "*"
                ],
                "sid": "KeyAdministration"
              },
              {
                "actions": [
                  "kms:Decrypt",
                  "kms:DescribeKey",
                  "kms:Encrypt",
                  "kms:GenerateDataKey*",
                  "kms:ReEncrypt*"
                ],
                "condition": [],
                "effect": "Allow",
                "not_actions": [],
                "not_principals": [],
                "not_resources": [],
                "principals": [
                  {
                    "identifiers": [
                      "arn:aws:iam::938998270170:role/devboard-cluster-20260720054442625600000002"
                    ],
                    "type": "AWS"
                  }
                ],
                "resources": [
                  "*"
                ],
                "sid": "KeyUsage"
              }
            ],
            "version": "2012-10-17"
          },
          "sensitive_attributes": [],
          "identity_schema_version": 0
        }
      ]
    },
    {
      "module": "module.eks.module.kms",
      "mode": "data",
      "type": "aws_partition",
      "name": "current",
      "provider": "provider[\"registry.terraform.io/hashicorp/aws\"]",
      "instances": [
        {
          "index_key": 0,
          "schema_version": 0,
          "attributes": {
            "dns_suffix": "amazonaws.com",
            "id": "aws",
            "partition": "aws",
            "reverse_dns_prefix": "com.amazonaws"
          },
          "sensitive_attributes": [],
          "identity_schema_version": 0
        }
      ]
    },
    {
      "module": "module.eks.module.kms",
      "mode": "managed",
      "type": "aws_kms_alias",
      "name": "this",
      "provider": "provider[\"registry.terraform.io/hashicorp/aws\"]",
      "instances": [
        {
          "index_key": "cluster",
          "schema_version": 0,
          "attributes": {
            "arn": "arn:aws:kms:eu-north-1:938998270170:alias/eks/devboard",
            "id": "alias/eks/devboard",
            "name": "alias/eks/devboard",
            "name_prefix": "",
            "target_key_arn": "arn:aws:kms:eu-north-1:938998270170:key/17879a3c-b0ec-45ec-af91-13f02ef7895b",
            "target_key_id": "17879a3c-b0ec-45ec-af91-13f02ef7895b"
          },
          "sensitive_attributes": [],
          "identity_schema_version": 0,
          "private": "bnVsbA==",
          "dependencies": [
            "module.eks.aws_iam_role.this",
            "module.eks.data.aws_caller_identity.current",
            "module.eks.data.aws_iam_policy_document.assume_role_policy",
            "module.eks.data.aws_iam_session_context.current",
            "module.eks.module.kms.aws_kms_external_key.this",
            "module.eks.module.kms.aws_kms_key.this",
            "module.eks.module.kms.aws_kms_replica_external_key.this",
            "module.eks.module.kms.aws_kms_replica_key.this",
            "module.eks.module.kms.data.aws_caller_identity.current",
            "module.eks.module.kms.data.aws_iam_policy_document.this",
            "module.eks.module.kms.data.aws_partition.current"
          ]
        }
      ]
    },
    {
      "module": "module.eks.module.kms",
      "mode": "managed",
      "type": "aws_kms_key",
      "name": "this",
      "provider": "provider[\"registry.terraform.io/hashicorp/aws\"]",
      "instances": [
        {
          "index_key": 0,
          "schema_version": 0,
          "attributes": {
            "arn": "arn:aws:kms:eu-north-1:938998270170:key/17879a3c-b0ec-45ec-af91-13f02ef7895b",
            "bypass_policy_lockout_safety_check": false,
            "custom_key_store_id": "",
            "customer_master_key_spec": "SYMMETRIC_DEFAULT",
            "deletion_window_in_days": null,
            "description": "devboard cluster encryption key",
            "enable_key_rotation": true,
            "id": "17879a3c-b0ec-45ec-af91-13f02ef7895b",
            "is_enabled": true,
            "key_id": "17879a3c-b0ec-45ec-af91-13f02ef7895b",
            "key_usage": "ENCRYPT_DECRYPT",
            "multi_region": false,
            "policy": "{\"Statement\":[{\"Action\":\"kms:*\",\"Effect\":\"Allow\",\"Principal\":{\"AWS\":\"arn:aws:iam::938998270170:root\"},\"Resource\":\"*\",\"Sid\":\"Default\"},{\"Action\":[\"kms:Update*\",\"kms:UntagResource\",\"kms:TagResource\",\"kms:ScheduleKeyDeletion\",\"kms:Revoke*\",\"kms:ReplicateKey\",\"kms:Put*\",\"kms:List*\",\"kms:ImportKeyMaterial\",\"kms:Get*\",\"kms:Enable*\",\"kms:Disable*\",\"kms:Describe*\",\"kms:Delete*\",\"kms:Create*\",\"kms:CancelKeyDeletion\"],\"Effect\":\"Allow\",\"Principal\":{\"AWS\":\"arn:aws:iam::938998270170:user/terra-admin\"},\"Resource\":\"*\",\"Sid\":\"KeyAdministration\"},{\"Action\":[\"kms:ReEncrypt*\",\"kms:GenerateDataKey*\",\"kms:Encrypt\",\"kms:DescribeKey\",\"kms:Decrypt\"],\"Effect\":\"Allow\",\"Principal\":{\"AWS\":\"arn:aws:iam::938998270170:role/devboard-cluster-20260720054442625600000002\"},\"Resource\":\"*\",\"Sid\":\"KeyUsage\"}],\"Version\":\"2012-10-17\"}",
            "rotation_period_in_days": 365,
            "tags": {
              "Environment": "Dev",
              "Name": "devboard",
              "terraform-aws-modules": "eks"
            },
            "tags_all": {
              "Environment": "Dev",
              "Name": "devboard",
              "terraform-aws-modules": "eks"
            },
            "timeouts": null,
            "xks_key_id": ""
          },
          "sensitive_attributes": [],
          "identity_schema_version": 0,
          "private": "eyJlMmJmYjczMC1lY2FhLTExZTYtOGY4OC0zNDM2M2JjN2M0YzAiOnsiY3JlYXRlIjoxMjAwMDAwMDAwMDB9fQ==",
          "dependencies": [
            "module.eks.aws_iam_role.this",
            "module.eks.data.aws_caller_identity.current",
            "module.eks.data.aws_iam_policy_document.assume_role_policy",
            "module.eks.data.aws_iam_session_context.current",
            "module.eks.module.kms.data.aws_caller_identity.current",
            "module.eks.module.kms.data.aws_iam_policy_document.this",
            "module.eks.module.kms.data.aws_partition.current"
          ],
          "create_before_destroy": true
        }
      ]
    },
    {
      "module": "module.irsa_ebs_csi",
      "mode": "data",
      "type": "aws_caller_identity",
      "name": "current",
      "provider": "provider[\"registry.terraform.io/hashicorp/aws\"]",
      "instances": [
        {
          "schema_version": 0,
          "attributes": {
            "account_id": "938998270170",
            "arn": "arn:aws:iam::938998270170:user/terra-admin",
            "id": "938998270170",
            "user_id": "AIDA5VIFIRDNESQXYRMN3"
          },
          "sensitive_attributes": [],
          "identity_schema_version": 0
        }
      ]
    },
    {
      "module": "module.irsa_ebs_csi",
      "mode": "data",
      "type": "aws_iam_policy_document",
      "name": "ebs_csi",
      "provider": "provider[\"registry.terraform.io/hashicorp/aws\"]",
      "instances": [
        {
          "index_key": 0,
          "schema_version": 0,
          "attributes": {
            "id": "4189668531",
            "json": "{\n  \"Version\": \"2012-10-17\",\n  \"Statement\": [\n    {\n      \"Effect\": \"Allow\",\n      \"Action\": [\n        \"ec2:DescribeVolumesModifications\",\n        \"ec2:DescribeVolumes\",\n        \"ec2:DescribeTags\",\n        \"ec2:DescribeSnapshots\",\n        \"ec2:DescribeInstances\",\n        \"ec2:DescribeAvailabilityZones\"\n      ],\n      \"Resource\": \"*\"\n    },\n    {\n      \"Effect\": \"Allow\",\n      \"Action\": [\n        \"ec2:ModifyVolume\",\n        \"ec2:CreateSnapshot\"\n      ],\n      \"Resource\": \"arn:aws:ec2:*:*:volume/*\"\n    },\n    {\n      \"Effect\": \"Allow\",\n      \"Action\": [\n        \"ec2:DetachVolume\",\n        \"ec2:AttachVolume\"\n      ],\n      \"Resource\": [\n        \"arn:aws:ec2:*:*:volume/*\",\n        \"arn:aws:ec2:*:*:instance/*\"\n      ]\n    },\n    {\n      \"Effect\": \"Allow\",\n      \"Action\": [\n        \"ec2:EnableFastSnapshotRestores\",\n        \"ec2:CreateVolume\"\n      ],\n      \"Resource\": \"arn:aws:ec2:*:*:snapshot/*\"\n    },\n    {\n      \"Effect\": \"Allow\",\n      \"Action\": \"ec2:CreateTags\",\n      \"Resource\": [\n        \"arn:aws:ec2:*:*:volume/*\",\n        \"arn:aws:ec2:*:*:snapshot/*\"\n      ],\n      \"Condition\": {\n        \"StringEquals\": {\n          \"ec2:CreateAction\": [\n            \"CreateVolume\",\n            \"CreateSnapshot\"\n          ]\n        }\n      }\n    },\n    {\n      \"Effect\": \"Allow\",\n      \"Action\": \"ec2:DeleteTags\",\n      \"Resource\": [\n        \"arn:aws:ec2:*:*:volume/*\",\n        \"arn:aws:ec2:*:*:snapshot/*\"\n      ]\n    },\n    {\n      \"Effect\": \"Allow\",\n      \"Action\": \"ec2:CreateVolume\",\n      \"Resource\": \"arn:aws:ec2:*:*:volume/*\",\n      \"Condition\": {\n        \"StringLike\": {\n          \"aws:RequestTag/ebs.csi.aws.com/cluster\": \"true\"\n        }\n      }\n    },\n    {\n      \"Effect\": \"Allow\",\n      \"Action\": \"ec2:CreateVolume\",\n      \"Resource\": \"arn:aws:ec2:*:*:volume/*\",\n      \"Condition\": {\n        \"StringLike\": {\n          \"aws:RequestTag/CSIVolumeName\": \"*\"\n        }\n      }\n    },\n    {\n      \"Effect\": \"Allow\",\n      \"Action\": \"ec2:DeleteVolume\",\n      \"Resource\": \"arn:aws:ec2:*:*:volume/*\",\n      \"Condition\": {\n        \"StringLike\": {\n          \"aws:ResourceTag/ebs.csi.aws.com/cluster\": \"true\"\n        }\n      }\n    },\n    {\n      \"Effect\": \"Allow\",\n      \"Action\": \"ec2:DeleteVolume\",\n      \"Resource\": \"arn:aws:ec2:*:*:volume/*\",\n      \"Condition\": {\n        \"StringLike\": {\n          \"aws:ResourceTag/CSIVolumeName\": \"*\"\n        }\n      }\n    },\n    {\n      \"Effect\": \"Allow\",\n      \"Action\": \"ec2:DeleteVolume\",\n      \"Resource\": \"arn:aws:ec2:*:*:volume/*\",\n      \"Condition\": {\n        \"StringLike\": {\n          \"ec2:ResourceTag/kubernetes.io/created-for/pvc/name\": \"*\"\n        }\n      }\n    },\n    {\n      \"Effect\": \"Allow\",\n      \"Action\": \"ec2:CreateSnapshot\",\n      \"Resource\": \"arn:aws:ec2:*:*:snapshot/*\",\n      \"Condition\": {\n        \"StringLike\": {\n          \"aws:RequestTag/CSIVolumeSnapshotName\": \"*\"\n        }\n      }\n    },\n    {\n      \"Effect\": \"Allow\",\n      \"Action\": \"ec2:CreateSnapshot\",\n      \"Resource\": \"arn:aws:ec2:*:*:snapshot/*\",\n      \"Condition\": {\n        \"StringLike\": {\n          \"aws:RequestTag/ebs.csi.aws.com/cluster\": \"true\"\n        }\n      }\n    },\n    {\n      \"Effect\": \"Allow\",\n      \"Action\": \"ec2:DeleteSnapshot\",\n      \"Resource\": \"arn:aws:ec2:*:*:snapshot/*\",\n      \"Condition\": {\n        \"StringLike\": {\n          \"aws:ResourceTag/CSIVolumeSnapshotName\": \"*\"\n        }\n      }\n    },\n    {\n      \"Effect\": \"Allow\",\n      \"Action\": \"ec2:DeleteSnapshot\",\n      \"Resource\": \"arn:aws:ec2:*:*:snapshot/*\",\n      \"Condition\": {\n        \"StringLike\": {\n          \"aws:ResourceTag/ebs.csi.aws.com/cluster\": \"true\"\n        }\n      }\n    }\n  ]\n}",
            "minified_json": "{\"Version\":\"2012-10-17\",\"Statement\":[{\"Effect\":\"Allow\",\"Action\":[\"ec2:DescribeVolumesModifications\",\"ec2:DescribeVolumes\",\"ec2:DescribeTags\",\"ec2:DescribeSnapshots\",\"ec2:DescribeInstances\",\"ec2:DescribeAvailabilityZones\"],\"Resource\":\"*\"},{\"Effect\":\"Allow\",\"Action\":[\"ec2:ModifyVolume\",\"ec2:CreateSnapshot\"],\"Resource\":\"arn:aws:ec2:*:*:volume/*\"},{\"Effect\":\"Allow\",\"Action\":[\"ec2:DetachVolume\",\"ec2:AttachVolume\"],\"Resource\":[\"arn:aws:ec2:*:*:volume/*\",\"arn:aws:ec2:*:*:instance/*\"]},{\"Effect\":\"Allow\",\"Action\":[\"ec2:EnableFastSnapshotRestores\",\"ec2:CreateVolume\"],\"Resource\":\"arn:aws:ec2:*:*:snapshot/*\"},{\"Effect\":\"Allow\",\"Action\":\"ec2:CreateTags\",\"Resource\":[\"arn:aws:ec2:*:*:volume/*\",\"arn:aws:ec2:*:*:snapshot/*\"],\"Condition\":{\"StringEquals\":{\"ec2:CreateAction\":[\"CreateVolume\",\"CreateSnapshot\"]}}},{\"Effect\":\"Allow\",\"Action\":\"ec2:DeleteTags\",\"Resource\":[\"arn:aws:ec2:*:*:volume/*\",\"arn:aws:ec2:*:*:snapshot/*\"]},{\"Effect\":\"Allow\",\"Action\":\"ec2:CreateVolume\",\"Resource\":\"arn:aws:ec2:*:*:volume/*\",\"Condition\":{\"StringLike\":{\"aws:RequestTag/ebs.csi.aws.com/cluster\":\"true\"}}},{\"Effect\":\"Allow\",\"Action\":\"ec2:CreateVolume\",\"Resource\":\"arn:aws:ec2:*:*:volume/*\",\"Condition\":{\"StringLike\":{\"aws:RequestTag/CSIVolumeName\":\"*\"}}},{\"Effect\":\"Allow\",\"Action\":\"ec2:DeleteVolume\",\"Resource\":\"arn:aws:ec2:*:*:volume/*\",\"Condition\":{\"StringLike\":{\"aws:ResourceTag/ebs.csi.aws.com/cluster\":\"true\"}}},{\"Effect\":\"Allow\",\"Action\":\"ec2:DeleteVolume\",\"Resource\":\"arn:aws:ec2:*:*:volume/*\",\"Condition\":{\"StringLike\":{\"aws:ResourceTag/CSIVolumeName\":\"*\"}}},{\"Effect\":\"Allow\",\"Action\":\"ec2:DeleteVolume\",\"Resource\":\"arn:aws:ec2:*:*:volume/*\",\"Condition\":{\"StringLike\":{\"ec2:ResourceTag/kubernetes.io/created-for/pvc/name\":\"*\"}}},{\"Effect\":\"Allow\",\"Action\":\"ec2:CreateSnapshot\",\"Resource\":\"arn:aws:ec2:*:*:snapshot/*\",\"Condition\":{\"StringLike\":{\"aws:RequestTag/CSIVolumeSnapshotName\":\"*\"}}},{\"Effect\":\"Allow\",\"Action\":\"ec2:CreateSnapshot\",\"Resource\":\"arn:aws:ec2:*:*:snapshot/*\",\"Condition\":{\"StringLike\":{\"aws:RequestTag/ebs.csi.aws.com/cluster\":\"true\"}}},{\"Effect\":\"Allow\",\"Action\":\"ec2:DeleteSnapshot\",\"Resource\":\"arn:aws:ec2:*:*:snapshot/*\",\"Condition\":{\"StringLike\":{\"aws:ResourceTag/CSIVolumeSnapshotName\":\"*\"}}},{\"Effect\":\"Allow\",\"Action\":\"ec2:DeleteSnapshot\",\"Resource\":\"arn:aws:ec2:*:*:snapshot/*\",\"Condition\":{\"StringLike\":{\"aws:ResourceTag/ebs.csi.aws.com/cluster\":\"true\"}}}]}",
            "override_json": null,
            "override_policy_documents": null,
            "policy_id": null,
            "source_json": null,
            "source_policy_documents": null,
            "statement": [
              {
                "actions": [
                  "ec2:DescribeAvailabilityZones",
                  "ec2:DescribeInstances",
                  "ec2:DescribeSnapshots",
                  "ec2:DescribeTags",
                  "ec2:DescribeVolumes",
                  "ec2:DescribeVolumesModifications"
                ],
                "condition": [],
                "effect": "Allow",
                "not_actions": [],
                "not_principals": [],
                "not_resources": [],
                "principals": [],
                "resources": [
                  "*"
                ],
                "sid": ""
              },
              {
                "actions": [
                  "ec2:CreateSnapshot",
                  "ec2:ModifyVolume"
                ],
                "condition": [],
                "effect": "Allow",
                "not_actions": [],
                "not_principals": [],
                "not_resources": [],
                "principals": [],
                "resources": [
                  "arn:aws:ec2:*:*:volume/*"
                ],
                "sid": ""
              },
              {
                "actions": [
                  "ec2:AttachVolume",
                  "ec2:DetachVolume"
                ],
                "condition": [],
                "effect": "Allow",
                "not_actions": [],
                "not_principals": [],
                "not_resources": [],
                "principals": [],
                "resources": [
                  "arn:aws:ec2:*:*:instance/*",
                  "arn:aws:ec2:*:*:volume/*"
                ],
                "sid": ""
              },
              {
                "actions": [
                  "ec2:CreateVolume",
                  "ec2:EnableFastSnapshotRestores"
                ],
                "condition": [],
                "effect": "Allow",
                "not_actions": [],
                "not_principals": [],
                "not_resources": [],
                "principals": [],
                "resources": [
                  "arn:aws:ec2:*:*:snapshot/*"
                ],
                "sid": ""
              },
              {
                "actions": [
                  "ec2:CreateTags"
                ],
                "condition": [
                  {
                    "test": "StringEquals",
                    "values": [
                      "CreateVolume",
                      "CreateSnapshot"
                    ],
                    "variable": "ec2:CreateAction"
                  }
                ],
                "effect": "Allow",
                "not_actions": [],
                "not_principals": [],
                "not_resources": [],
                "principals": [],
                "resources": [
                  "arn:aws:ec2:*:*:snapshot/*",
                  "arn:aws:ec2:*:*:volume/*"
                ],
                "sid": ""
              },
              {
                "actions": [
                  "ec2:DeleteTags"
                ],
                "condition": [],
                "effect": "Allow",
                "not_actions": [],
                "not_principals": [],
                "not_resources": [],
                "principals": [],
                "resources": [
                  "arn:aws:ec2:*:*:snapshot/*",
                  "arn:aws:ec2:*:*:volume/*"
                ],
                "sid": ""
              },
              {
                "actions": [
                  "ec2:CreateVolume"
                ],
                "condition": [
                  {
                    "test": "StringLike",
                    "values": [
                      "true"
                    ],
                    "variable": "aws:RequestTag/ebs.csi.aws.com/cluster"
                  }
                ],
                "effect": "Allow",
                "not_actions": [],
                "not_principals": [],
                "not_resources": [],
                "principals": [],
                "resources": [
                  "arn:aws:ec2:*:*:volume/*"
                ],
                "sid": ""
              },
              {
                "actions": [
                  "ec2:CreateVolume"
                ],
                "condition": [
                  {
                    "test": "StringLike",
                    "values": [
                      "*"
                    ],
                    "variable": "aws:RequestTag/CSIVolumeName"
                  }
                ],
                "effect": "Allow",
                "not_actions": [],
                "not_principals": [],
                "not_resources": [],
                "principals": [],
                "resources": [
                  "arn:aws:ec2:*:*:volume/*"
                ],
                "sid": ""
              },
              {
                "actions": [
                  "ec2:DeleteVolume"
                ],
                "condition": [
                  {
                    "test": "StringLike",
                    "values": [
                      "true"
                    ],
                    "variable": "aws:ResourceTag/ebs.csi.aws.com/cluster"
                  }
                ],
                "effect": "Allow",
                "not_actions": [],
                "not_principals": [],
                "not_resources": [],
                "principals": [],
                "resources": [
                  "arn:aws:ec2:*:*:volume/*"
                ],
                "sid": ""
              },
              {
                "actions": [
                  "ec2:DeleteVolume"
                ],
                "condition": [
                  {
                    "test": "StringLike",
                    "values": [
                      "*"
                    ],
                    "variable": "aws:ResourceTag/CSIVolumeName"
                  }
                ],
                "effect": "Allow",
                "not_actions": [],
                "not_principals": [],
                "not_resources": [],
                "principals": [],
                "resources": [
                  "arn:aws:ec2:*:*:volume/*"
                ],
                "sid": ""
              },
              {
                "actions": [
                  "ec2:DeleteVolume"
                ],
                "condition": [
                  {
                    "test": "StringLike",
                    "values": [
                      "*"
                    ],
                    "variable": "ec2:ResourceTag/kubernetes.io/created-for/pvc/name"
                  }
                ],
                "effect": "Allow",
                "not_actions": [],
                "not_principals": [],
                "not_resources": [],
                "principals": [],
                "resources": [
                  "arn:aws:ec2:*:*:volume/*"
                ],
                "sid": ""
              },
              {
                "actions": [
                  "ec2:CreateSnapshot"
                ],
                "condition": [
                  {
                    "test": "StringLike",
                    "values": [
                      "*"
                    ],
                    "variable": "aws:RequestTag/CSIVolumeSnapshotName"
                  }
                ],
                "effect": "Allow",
                "not_actions": [],
                "not_principals": [],
                "not_resources": [],
                "principals": [],
                "resources": [
                  "arn:aws:ec2:*:*:snapshot/*"
                ],
                "sid": ""
              },
              {
                "actions": [
                  "ec2:CreateSnapshot"
                ],
                "condition": [
                  {
                    "test": "StringLike",
                    "values": [
                      "true"
                    ],
                    "variable": "aws:RequestTag/ebs.csi.aws.com/cluster"
                  }
                ],
                "effect": "Allow",
                "not_actions": [],
                "not_principals": [],
                "not_resources": [],
                "principals": [],
                "resources": [
                  "arn:aws:ec2:*:*:snapshot/*"
                ],
                "sid": ""
              },
              {
                "actions": [
                  "ec2:DeleteSnapshot"
                ],
                "condition": [
                  {
                    "test": "StringLike",
                    "values": [
                      "*"
                    ],
                    "variable": "aws:ResourceTag/CSIVolumeSnapshotName"
                  }
                ],
                "effect": "Allow",
                "not_actions": [],
                "not_principals": [],
                "not_resources": [],
                "principals": [],
                "resources": [
                  "arn:aws:ec2:*:*:snapshot/*"
                ],
                "sid": ""
              },
              {
                "actions": [
                  "ec2:DeleteSnapshot"
                ],
                "condition": [
                  {
                    "test": "StringLike",
                    "values": [
                      "true"
                    ],
                    "variable": "aws:ResourceTag/ebs.csi.aws.com/cluster"
                  }
                ],
                "effect": "Allow",
                "not_actions": [],
                "not_principals": [],
                "not_resources": [],
                "principals": [],
                "resources": [
                  "arn:aws:ec2:*:*:snapshot/*"
                ],
                "sid": ""
              }
            ],
            "version": "2012-10-17"
          },
          "sensitive_attributes": [],
          "identity_schema_version": 0
        }
      ]
    },
    {
      "module": "module.irsa_ebs_csi",
      "mode": "data",
      "type": "aws_iam_policy_document",
      "name": "this",
      "provider": "provider[\"registry.terraform.io/hashicorp/aws\"]",
      "instances": [
        {
          "index_key": 0,
          "schema_version": 0,
          "attributes": {
            "id": "709850105",
            "json": "{\n  \"Version\": \"2012-10-17\",\n  \"Statement\": [\n    {\n      \"Effect\": \"Allow\",\n      \"Action\": \"sts:AssumeRoleWithWebIdentity\",\n      \"Principal\": {\n        \"Federated\": \"arn:aws:iam::938998270170:oidc-provider/oidc.eks.eu-north-1.amazonaws.com/id/EC2A848BA7DBF7CC288694EFC13CC87B\"\n      },\n      \"Condition\": {\n        \"StringEquals\": {\n          \"oidc.eks.eu-north-1.amazonaws.com/id/EC2A848BA7DBF7CC288694EFC13CC87B:aud\": \"sts.amazonaws.com\",\n          \"oidc.eks.eu-north-1.amazonaws.com/id/EC2A848BA7DBF7CC288694EFC13CC87B:sub\": \"system:serviceaccount:kube-system:ebs-csi-controller-sa\"\n        }\n      }\n    }\n  ]\n}",
            "minified_json": "{\"Version\":\"2012-10-17\",\"Statement\":[{\"Effect\":\"Allow\",\"Action\":\"sts:AssumeRoleWithWebIdentity\",\"Principal\":{\"Federated\":\"arn:aws:iam::938998270170:oidc-provider/oidc.eks.eu-north-1.amazonaws.com/id/EC2A848BA7DBF7CC288694EFC13CC87B\"},\"Condition\":{\"StringEquals\":{\"oidc.eks.eu-north-1.amazonaws.com/id/EC2A848BA7DBF7CC288694EFC13CC87B:aud\":\"sts.amazonaws.com\",\"oidc.eks.eu-north-1.amazonaws.com/id/EC2A848BA7DBF7CC288694EFC13CC87B:sub\":\"system:serviceaccount:kube-system:ebs-csi-controller-sa\"}}}]}",
            "override_json": null,
            "override_policy_documents": null,
            "policy_id": null,
            "source_json": null,
            "source_policy_documents": null,
            "statement": [
              {
                "actions": [
                  "sts:AssumeRoleWithWebIdentity"
                ],
                "condition": [
                  {
                    "test": "StringEquals",
                    "values": [
                      "sts.amazonaws.com"
                    ],
                    "variable": "oidc.eks.eu-north-1.amazonaws.com/id/EC2A848BA7DBF7CC288694EFC13CC87B:aud"
                  },
                  {
                    "test": "StringEquals",
                    "values": [
                      "system:serviceaccount:kube-system:ebs-csi-controller-sa"
                    ],
                    "variable": "oidc.eks.eu-north-1.amazonaws.com/id/EC2A848BA7DBF7CC288694EFC13CC87B:sub"
                  }
                ],
                "effect": "Allow",
                "not_actions": [],
                "not_principals": [],
                "not_resources": [],
                "principals": [
                  {
                    "identifiers": [
                      "arn:aws:iam::938998270170:oidc-provider/oidc.eks.eu-north-1.amazonaws.com/id/EC2A848BA7DBF7CC288694EFC13CC87B"
                    ],
                    "type": "Federated"
                  }
                ],
                "resources": [],
                "sid": ""
              }
            ],
            "version": "2012-10-17"
          },
          "sensitive_attributes": [],
          "identity_schema_version": 0
        }
      ]
    },
    {
      "module": "module.irsa_ebs_csi",
      "mode": "data",
      "type": "aws_partition",
      "name": "current",
      "provider": "provider[\"registry.terraform.io/hashicorp/aws\"]",
      "instances": [
        {
          "schema_version": 0,
          "attributes": {
            "dns_suffix": "amazonaws.com",
            "id": "aws",
            "partition": "aws",
            "reverse_dns_prefix": "com.amazonaws"
          },
          "sensitive_attributes": [],
          "identity_schema_version": 0
        }
      ]
    },
    {
      "module": "module.irsa_ebs_csi",
      "mode": "data",
      "type": "aws_region",
      "name": "current",
      "provider": "provider[\"registry.terraform.io/hashicorp/aws\"]",
      "instances": [
        {
          "schema_version": 0,
          "attributes": {
            "description": "Europe (Stockholm)",
            "endpoint": "ec2.eu-north-1.amazonaws.com",
            "id": "eu-north-1",
            "name": "eu-north-1"
          },
          "sensitive_attributes": [],
          "identity_schema_version": 0
        }
      ]
    },
    {
      "module": "module.irsa_ebs_csi",
      "mode": "managed",
      "type": "aws_iam_policy",
      "name": "ebs_csi",
      "provider": "provider[\"registry.terraform.io/hashicorp/aws\"]",
      "instances": [
        {
          "index_key": 0,
          "schema_version": 0,
          "attributes": {
            "arn": "arn:aws:iam::938998270170:policy/AmazonEKS_EBS_CSI_Policy-20260720054442633400000004",
            "attachment_count": 0,
            "description": "Provides permissions to manage EBS volumes via the container storage interface driver",
            "id": "arn:aws:iam::938998270170:policy/AmazonEKS_EBS_CSI_Policy-20260720054442633400000004",
            "name": "AmazonEKS_EBS_CSI_Policy-20260720054442633400000004",
            "name_prefix": "AmazonEKS_EBS_CSI_Policy-",
            "path": "/",
            "policy": "{\"Statement\":[{\"Action\":[\"ec2:DescribeVolumesModifications\",\"ec2:DescribeVolumes\",\"ec2:DescribeTags\",\"ec2:DescribeSnapshots\",\"ec2:DescribeInstances\",\"ec2:DescribeAvailabilityZones\"],\"Effect\":\"Allow\",\"Resource\":\"*\"},{\"Action\":[\"ec2:ModifyVolume\",\"ec2:CreateSnapshot\"],\"Effect\":\"Allow\",\"Resource\":\"arn:aws:ec2:*:*:volume/*\"},{\"Action\":[\"ec2:DetachVolume\",\"ec2:AttachVolume\"],\"Effect\":\"Allow\",\"Resource\":[\"arn:aws:ec2:*:*:volume/*\",\"arn:aws:ec2:*:*:instance/*\"]},{\"Action\":[\"ec2:EnableFastSnapshotRestores\",\"ec2:CreateVolume\"],\"Effect\":\"Allow\",\"Resource\":\"arn:aws:ec2:*:*:snapshot/*\"},{\"Action\":\"ec2:CreateTags\",\"Condition\":{\"StringEquals\":{\"ec2:CreateAction\":[\"CreateVolume\",\"CreateSnapshot\"]}},\"Effect\":\"Allow\",\"Resource\":[\"arn:aws:ec2:*:*:volume/*\",\"arn:aws:ec2:*:*:snapshot/*\"]},{\"Action\":\"ec2:DeleteTags\",\"Effect\":\"Allow\",\"Resource\":[\"arn:aws:ec2:*:*:volume/*\",\"arn:aws:ec2:*:*:snapshot/*\"]},{\"Action\":\"ec2:CreateVolume\",\"Condition\":{\"StringLike\":{\"aws:RequestTag/ebs.csi.aws.com/cluster\":\"true\"}},\"Effect\":\"Allow\",\"Resource\":\"arn:aws:ec2:*:*:volume/*\"},{\"Action\":\"ec2:CreateVolume\",\"Condition\":{\"StringLike\":{\"aws:RequestTag/CSIVolumeName\":\"*\"}},\"Effect\":\"Allow\",\"Resource\":\"arn:aws:ec2:*:*:volume/*\"},{\"Action\":\"ec2:DeleteVolume\",\"Condition\":{\"StringLike\":{\"aws:ResourceTag/ebs.csi.aws.com/cluster\":\"true\"}},\"Effect\":\"Allow\",\"Resource\":\"arn:aws:ec2:*:*:volume/*\"},{\"Action\":\"ec2:DeleteVolume\",\"Condition\":{\"StringLike\":{\"aws:ResourceTag/CSIVolumeName\":\"*\"}},\"Effect\":\"Allow\",\"Resource\":\"arn:aws:ec2:*:*:volume/*\"},{\"Action\":\"ec2:DeleteVolume\",\"Condition\":{\"StringLike\":{\"ec2:ResourceTag/kubernetes.io/created-for/pvc/name\":\"*\"}},\"Effect\":\"Allow\",\"Resource\":\"arn:aws:ec2:*:*:volume/*\"},{\"Action\":\"ec2:CreateSnapshot\",\"Condition\":{\"StringLike\":{\"aws:RequestTag/CSIVolumeSnapshotName\":\"*\"}},\"Effect\":\"Allow\",\"Resource\":\"arn:aws:ec2:*:*:snapshot/*\"},{\"Action\":\"ec2:CreateSnapshot\",\"Condition\":{\"StringLike\":{\"aws:RequestTag/ebs.csi.aws.com/cluster\":\"true\"}},\"Effect\":\"Allow\",\"Resource\":\"arn:aws:ec2:*:*:snapshot/*\"},{\"Action\":\"ec2:DeleteSnapshot\",\"Condition\":{\"StringLike\":{\"aws:ResourceTag/CSIVolumeSnapshotName\":\"*\"}},\"Effect\":\"Allow\",\"Resource\":\"arn:aws:ec2:*:*:snapshot/*\"},{\"Action\":\"ec2:DeleteSnapshot\",\"Condition\":{\"StringLike\":{\"aws:ResourceTag/ebs.csi.aws.com/cluster\":\"true\"}},\"Effect\":\"Allow\",\"Resource\":\"arn:aws:ec2:*:*:snapshot/*\"}],\"Version\":\"2012-10-17\"}",
            "policy_id": "ANPA5VIFIRDNNJTYQSQAW",
            "tags": null,
            "tags_all": {}
          },
          "sensitive_attributes": [],
          "identity_schema_version": 0,
          "private": "bnVsbA==",
          "dependencies": [
            "module.irsa_ebs_csi.data.aws_iam_policy_document.ebs_csi",
            "module.irsa_ebs_csi.data.aws_partition.current"
          ]
        }
      ]
    },
    {
      "module": "module.irsa_ebs_csi",
      "mode": "managed",
      "type": "aws_iam_role",
      "name": "this",
      "provider": "provider[\"registry.terraform.io/hashicorp/aws\"]",
      "instances": [
        {
          "index_key": 0,
          "schema_version": 0,
          "attributes": {
            "arn": "arn:aws:iam::938998270170:role/devboard-ebs-csi-irsa",
            "assume_role_policy": "{\"Statement\":[{\"Action\":\"sts:AssumeRoleWithWebIdentity\",\"Condition\":{\"StringEquals\":{\"oidc.eks.eu-north-1.amazonaws.com/id/EC2A848BA7DBF7CC288694EFC13CC87B:aud\":\"sts.amazonaws.com\",\"oidc.eks.eu-north-1.amazonaws.com/id/EC2A848BA7DBF7CC288694EFC13CC87B:sub\":\"system:serviceaccount:kube-system:ebs-csi-controller-sa\"}},\"Effect\":\"Allow\",\"Principal\":{\"Federated\":\"arn:aws:iam::938998270170:oidc-provider/oidc.eks.eu-north-1.amazonaws.com/id/EC2A848BA7DBF7CC288694EFC13CC87B\"}}],\"Version\":\"2012-10-17\"}",
            "create_date": "2026-07-20T05:53:37Z",
            "description": "",
            "force_detach_policies": true,
            "id": "devboard-ebs-csi-irsa",
            "inline_policy": [],
            "managed_policy_arns": [],
            "max_session_duration": 3600,
            "name": "devboard-ebs-csi-irsa",
            "name_prefix": "",
            "path": "/",
            "permissions_boundary": "",
            "tags": null,
            "tags_all": {},
            "unique_id": "AROA5VIFIRDNGLBZBSUT6"
          },
          "sensitive_attributes": [],
          "identity_schema_version": 0,
          "private": "bnVsbA==",
          "dependencies": [
            "data.aws_availability_zones.available",
            "module.eks.aws_cloudwatch_log_group.this",
            "module.eks.aws_eks_cluster.this",
            "module.eks.aws_iam_openid_connect_provider.oidc_provider",
            "module.eks.aws_iam_policy.cni_ipv6_policy",
            "module.eks.aws_iam_role.eks_auto",
            "module.eks.aws_iam_role.this",
            "module.eks.aws_iam_role_policy_attachment.this",
            "module.eks.aws_security_group.cluster",
            "module.eks.aws_security_group.node",
            "module.eks.aws_security_group_rule.cluster",
            "module.eks.aws_security_group_rule.node",
            "module.eks.data.aws_caller_identity.current",
            "module.eks.data.aws_iam_policy_document.assume_role_policy",
            "module.eks.data.aws_iam_policy_document.cni_ipv6_policy",
            "module.eks.data.aws_iam_policy_document.node_assume_role_policy",
            "module.eks.data.aws_iam_session_context.current",
            "module.eks.data.aws_partition.current",
            "module.eks.data.tls_certificate.this",
            "module.eks.module.kms.aws_kms_external_key.this",
            "module.eks.module.kms.aws_kms_key.this",
            "module.eks.module.kms.aws_kms_replica_external_key.this",
            "module.eks.module.kms.aws_kms_replica_key.this",
            "module.eks.module.kms.data.aws_caller_identity.current",
            "module.eks.module.kms.data.aws_iam_policy_document.this",
            "module.eks.module.kms.data.aws_partition.current",
            "module.irsa_ebs_csi.data.aws_caller_identity.current",
            "module.irsa_ebs_csi.data.aws_iam_policy_document.this",
            "module.irsa_ebs_csi.data.aws_partition.current",
            "module.vpc.aws_subnet.private",
            "module.vpc.aws_vpc.this",
            "module.vpc.aws_vpc_ipv4_cidr_block_association.this"
          ]
        }
      ]
    },
    {
      "module": "module.irsa_ebs_csi",
      "mode": "managed",
      "type": "aws_iam_role_policy_attachment",
      "name": "ebs_csi",
      "provider": "provider[\"registry.terraform.io/hashicorp/aws\"]",
      "instances": [
        {
          "index_key": 0,
          "schema_version": 0,
          "attributes": {
            "id": "devboard-ebs-csi-irsa-20260720055338289500000013",
            "policy_arn": "arn:aws:iam::938998270170:policy/AmazonEKS_EBS_CSI_Policy-20260720054442633400000004",
            "role": "devboard-ebs-csi-irsa"
          },
          "sensitive_attributes": [],
          "identity_schema_version": 0,
          "private": "bnVsbA==",
          "dependencies": [
            "data.aws_availability_zones.available",
            "module.eks.aws_cloudwatch_log_group.this",
            "module.eks.aws_eks_cluster.this",
            "module.eks.aws_iam_openid_connect_provider.oidc_provider",
            "module.eks.aws_iam_policy.cni_ipv6_policy",
            "module.eks.aws_iam_role.eks_auto",
            "module.eks.aws_iam_role.this",
            "module.eks.aws_iam_role_policy_attachment.this",
            "module.eks.aws_security_group.cluster",
            "module.eks.aws_security_group.node",
            "module.eks.aws_security_group_rule.cluster",
            "module.eks.aws_security_group_rule.node",
            "module.eks.data.aws_caller_identity.current",
            "module.eks.data.aws_iam_policy_document.assume_role_policy",
            "module.eks.data.aws_iam_policy_document.cni_ipv6_policy",
            "module.eks.data.aws_iam_policy_document.node_assume_role_policy",
            "module.eks.data.aws_iam_session_context.current",
            "module.eks.data.aws_partition.current",
            "module.eks.data.tls_certificate.this",
            "module.eks.module.kms.aws_kms_external_key.this",
            "module.eks.module.kms.aws_kms_key.this",
            "module.eks.module.kms.aws_kms_replica_external_key.this",
            "module.eks.module.kms.aws_kms_replica_key.this",
            "module.eks.module.kms.data.aws_caller_identity.current",
            "module.eks.module.kms.data.aws_iam_policy_document.this",
            "module.eks.module.kms.data.aws_partition.current",
            "module.irsa_ebs_csi.aws_iam_policy.ebs_csi",
            "module.irsa_ebs_csi.aws_iam_role.this",
            "module.irsa_ebs_csi.data.aws_caller_identity.current",
            "module.irsa_ebs_csi.data.aws_iam_policy_document.ebs_csi",
            "module.irsa_ebs_csi.data.aws_iam_policy_document.this",
            "module.irsa_ebs_csi.data.aws_partition.current",
            "module.vpc.aws_subnet.private",
            "module.vpc.aws_vpc.this",
            "module.vpc.aws_vpc_ipv4_cidr_block_association.this"
          ]
        }
      ]
    },
    {
      "module": "module.irsa_lb_controller",
      "mode": "data",
      "type": "aws_caller_identity",
      "name": "current",
      "provider": "provider[\"registry.terraform.io/hashicorp/aws\"]",
      "instances": [
        {
          "schema_version": 0,
          "attributes": {
            "account_id": "938998270170",
            "arn": "arn:aws:iam::938998270170:user/terra-admin",
            "id": "938998270170",
            "user_id": "AIDA5VIFIRDNESQXYRMN3"
          },
          "sensitive_attributes": [],
          "identity_schema_version": 0
        }
      ]
    },
    {
      "module": "module.irsa_lb_controller",
      "mode": "data",
      "type": "aws_iam_policy_document",
      "name": "this",
      "provider": "provider[\"registry.terraform.io/hashicorp/aws\"]",
      "instances": [
        {
          "index_key": 0,
          "schema_version": 0,
          "attributes": {
            "id": "3414900901",
            "json": "{\n  \"Version\": \"2012-10-17\",\n  \"Statement\": [\n    {\n      \"Effect\": \"Allow\",\n      \"Action\": \"sts:AssumeRoleWithWebIdentity\",\n      \"Principal\": {\n        \"Federated\": \"arn:aws:iam::938998270170:oidc-provider/oidc.eks.eu-north-1.amazonaws.com/id/EC2A848BA7DBF7CC288694EFC13CC87B\"\n      },\n      \"Condition\": {\n        \"StringEquals\": {\n          \"oidc.eks.eu-north-1.amazonaws.com/id/EC2A848BA7DBF7CC288694EFC13CC87B:aud\": \"sts.amazonaws.com\",\n          \"oidc.eks.eu-north-1.amazonaws.com/id/EC2A848BA7DBF7CC288694EFC13CC87B:sub\": \"system:serviceaccount:kube-system:aws-load-balancer-controller\"\n        }\n      }\n    }\n  ]\n}",
            "minified_json": "{\"Version\":\"2012-10-17\",\"Statement\":[{\"Effect\":\"Allow\",\"Action\":\"sts:AssumeRoleWithWebIdentity\",\"Principal\":{\"Federated\":\"arn:aws:iam::938998270170:oidc-provider/oidc.eks.eu-north-1.amazonaws.com/id/EC2A848BA7DBF7CC288694EFC13CC87B\"},\"Condition\":{\"StringEquals\":{\"oidc.eks.eu-north-1.amazonaws.com/id/EC2A848BA7DBF7CC288694EFC13CC87B:aud\":\"sts.amazonaws.com\",\"oidc.eks.eu-north-1.amazonaws.com/id/EC2A848BA7DBF7CC288694EFC13CC87B:sub\":\"system:serviceaccount:kube-system:aws-load-balancer-controller\"}}}]}",
            "override_json": null,
            "override_policy_documents": null,
            "policy_id": null,
            "source_json": null,
            "source_policy_documents": null,
            "statement": [
              {
                "actions": [
                  "sts:AssumeRoleWithWebIdentity"
                ],
                "condition": [
                  {
                    "test": "StringEquals",
                    "values": [
                      "sts.amazonaws.com"
                    ],
                    "variable": "oidc.eks.eu-north-1.amazonaws.com/id/EC2A848BA7DBF7CC288694EFC13CC87B:aud"
                  },
                  {
                    "test": "StringEquals",
                    "values": [
                      "system:serviceaccount:kube-system:aws-load-balancer-controller"
                    ],
                    "variable": "oidc.eks.eu-north-1.amazonaws.com/id/EC2A848BA7DBF7CC288694EFC13CC87B:sub"
                  }
                ],
                "effect": "Allow",
                "not_actions": [],
                "not_principals": [],
                "not_resources": [],
                "principals": [
                  {
                    "identifiers": [
                      "arn:aws:iam::938998270170:oidc-provider/oidc.eks.eu-north-1.amazonaws.com/id/EC2A848BA7DBF7CC288694EFC13CC87B"
                    ],
                    "type": "Federated"
                  }
                ],
                "resources": [],
                "sid": ""
              }
            ],
            "version": "2012-10-17"
          },
          "sensitive_attributes": [],
          "identity_schema_version": 0
        }
      ]
    },
    {
      "module": "module.irsa_lb_controller",
      "mode": "data",
      "type": "aws_partition",
      "name": "current",
      "provider": "provider[\"registry.terraform.io/hashicorp/aws\"]",
      "instances": [
        {
          "schema_version": 0,
          "attributes": {
            "dns_suffix": "amazonaws.com",
            "id": "aws",
            "partition": "aws",
            "reverse_dns_prefix": "com.amazonaws"
          },
          "sensitive_attributes": [],
          "identity_schema_version": 0
        }
      ]
    },
    {
      "module": "module.irsa_lb_controller",
      "mode": "data",
      "type": "aws_region",
      "name": "current",
      "provider": "provider[\"registry.terraform.io/hashicorp/aws\"]",
      "instances": [
        {
          "schema_version": 0,
          "attributes": {
            "description": "Europe (Stockholm)",
            "endpoint": "ec2.eu-north-1.amazonaws.com",
            "id": "eu-north-1",
            "name": "eu-north-1"
          },
          "sensitive_attributes": [],
          "identity_schema_version": 0
        }
      ]
    },
    {
      "module": "module.irsa_lb_controller",
      "mode": "managed",
      "type": "aws_iam_role",
      "name": "this",
      "provider": "provider[\"registry.terraform.io/hashicorp/aws\"]",
      "instances": [
        {
          "index_key": 0,
          "schema_version": 0,
          "attributes": {
            "arn": "arn:aws:iam::938998270170:role/devboard-lb-controller-irsa",
            "assume_role_policy": "{\"Statement\":[{\"Action\":\"sts:AssumeRoleWithWebIdentity\",\"Condition\":{\"StringEquals\":{\"oidc.eks.eu-north-1.amazonaws.com/id/EC2A848BA7DBF7CC288694EFC13CC87B:aud\":\"sts.amazonaws.com\",\"oidc.eks.eu-north-1.amazonaws.com/id/EC2A848BA7DBF7CC288694EFC13CC87B:sub\":\"system:serviceaccount:kube-system:aws-load-balancer-controller\"}},\"Effect\":\"Allow\",\"Principal\":{\"Federated\":\"arn:aws:iam::938998270170:oidc-provider/oidc.eks.eu-north-1.amazonaws.com/id/EC2A848BA7DBF7CC288694EFC13CC87B\"}}],\"Version\":\"2012-10-17\"}",
            "create_date": "2026-07-20T05:53:37Z",
            "description": "",
            "force_detach_policies": true,
            "id": "devboard-lb-controller-irsa",
            "inline_policy": [],
            "managed_policy_arns": [],
            "max_session_duration": 3600,
            "name": "devboard-lb-controller-irsa",
            "name_prefix": "",
            "path": "/",
            "permissions_boundary": "",
            "tags": null,
            "tags_all": {},
            "unique_id": "AROA5VIFIRDNC62NTCCYF"
          },
          "sensitive_attributes": [],
          "identity_schema_version": 0,
          "private": "bnVsbA==",
          "dependencies": [
            "data.aws_availability_zones.available",
            "module.eks.aws_cloudwatch_log_group.this",
            "module.eks.aws_eks_cluster.this",
            "module.eks.aws_iam_openid_connect_provider.oidc_provider",
            "module.eks.aws_iam_policy.cni_ipv6_policy",
            "module.eks.aws_iam_role.eks_auto",
            "module.eks.aws_iam_role.this",
            "module.eks.aws_iam_role_policy_attachment.this",
            "module.eks.aws_security_group.cluster",
            "module.eks.aws_security_group.node",
            "module.eks.aws_security_group_rule.cluster",
            "module.eks.aws_security_group_rule.node",
            "module.eks.data.aws_caller_identity.current",
            "module.eks.data.aws_iam_policy_document.assume_role_policy",
            "module.eks.data.aws_iam_policy_document.cni_ipv6_policy",
            "module.eks.data.aws_iam_policy_document.node_assume_role_policy",
            "module.eks.data.aws_iam_session_context.current",
            "module.eks.data.aws_partition.current",
            "module.eks.data.tls_certificate.this",
            "module.eks.module.kms.aws_kms_external_key.this",
            "module.eks.module.kms.aws_kms_key.this",
            "module.eks.module.kms.aws_kms_replica_external_key.this",
            "module.eks.module.kms.aws_kms_replica_key.this",
            "module.eks.module.kms.data.aws_caller_identity.current",
            "module.eks.module.kms.data.aws_iam_policy_document.this",
            "module.eks.module.kms.data.aws_partition.current",
            "module.irsa_lb_controller.data.aws_caller_identity.current",
            "module.irsa_lb_controller.data.aws_iam_policy_document.this",
            "module.irsa_lb_controller.data.aws_partition.current",
            "module.vpc.aws_subnet.private",
            "module.vpc.aws_vpc.this",
            "module.vpc.aws_vpc_ipv4_cidr_block_association.this"
          ]
        }
      ]
    },
    {
      "module": "module.irsa_lb_controller",
      "mode": "managed",
      "type": "aws_iam_role_policy_attachment",
      "name": "this",
      "provider": "provider[\"registry.terraform.io/hashicorp/aws\"]",
      "instances": [
        {
          "index_key": "policy",
          "schema_version": 0,
          "attributes": {
            "id": "devboard-lb-controller-irsa-20260720055338190400000012",
            "policy_arn": "arn:aws:iam::938998270170:policy/devboard-AWSLoadBalancerControllerIAMPolicy",
            "role": "devboard-lb-controller-irsa"
          },
          "sensitive_attributes": [],
          "identity_schema_version": 0,
          "private": "bnVsbA==",
          "dependencies": [
            "aws_iam_policy.aws_lb_controller",
            "data.aws_availability_zones.available",
            "module.eks.aws_cloudwatch_log_group.this",
            "module.eks.aws_eks_cluster.this",
            "module.eks.aws_iam_openid_connect_provider.oidc_provider",
            "module.eks.aws_iam_policy.cni_ipv6_policy",
            "module.eks.aws_iam_role.eks_auto",
            "module.eks.aws_iam_role.this",
            "module.eks.aws_iam_role_policy_attachment.this",
            "module.eks.aws_security_group.cluster",
            "module.eks.aws_security_group.node",
            "module.eks.aws_security_group_rule.cluster",
            "module.eks.aws_security_group_rule.node",
            "module.eks.data.aws_caller_identity.current",
            "module.eks.data.aws_iam_policy_document.assume_role_policy",
            "module.eks.data.aws_iam_policy_document.cni_ipv6_policy",
            "module.eks.data.aws_iam_policy_document.node_assume_role_policy",
            "module.eks.data.aws_iam_session_context.current",
            "module.eks.data.aws_partition.current",
            "module.eks.data.tls_certificate.this",
            "module.eks.module.kms.aws_kms_external_key.this",
            "module.eks.module.kms.aws_kms_key.this",
            "module.eks.module.kms.aws_kms_replica_external_key.this",
            "module.eks.module.kms.aws_kms_replica_key.this",
            "module.eks.module.kms.data.aws_caller_identity.current",
            "module.eks.module.kms.data.aws_iam_policy_document.this",
            "module.eks.module.kms.data.aws_partition.current",
            "module.irsa_lb_controller.aws_iam_role.this",
            "module.irsa_lb_controller.data.aws_caller_identity.current",
            "module.irsa_lb_controller.data.aws_iam_policy_document.this",
            "module.irsa_lb_controller.data.aws_partition.current",
            "module.vpc.aws_subnet.private",
            "module.vpc.aws_vpc.this",
            "module.vpc.aws_vpc_ipv4_cidr_block_association.this"
          ]
        }
      ]
    },
    {
      "module": "module.vpc",
      "mode": "managed",
      "type": "aws_default_network_acl",
      "name": "this",
      "provider": "provider[\"registry.terraform.io/hashicorp/aws\"]",
      "instances": [
        {
          "index_key": 0,
          "schema_version": 0,
          "attributes": {
            "arn": "arn:aws:ec2:eu-north-1:938998270170:network-acl/acl-06c96ab33d71a5cf3",
            "default_network_acl_id": "acl-06c96ab33d71a5cf3",
            "egress": [
              {
                "action": "allow",
                "cidr_block": "",
                "from_port": 0,
                "icmp_code": null,
                "icmp_type": null,
                "ipv6_cidr_block": "::/0",
                "protocol": "-1",
                "rule_no": 101,
                "to_port": 0
              },
              {
                "action": "allow",
                "cidr_block": "0.0.0.0/0",
                "from_port": 0,
                "icmp_code": null,
                "icmp_type": null,
                "ipv6_cidr_block": "",
                "protocol": "-1",
                "rule_no": 100,
                "to_port": 0
              }
            ],
            "id": "acl-06c96ab33d71a5cf3",
            "ingress": [
              {
                "action": "allow",
                "cidr_block": "",
                "from_port": 0,
                "icmp_code": null,
                "icmp_type": null,
                "ipv6_cidr_block": "::/0",
                "protocol": "-1",
                "rule_no": 101,
                "to_port": 0
              },
              {
                "action": "allow",
                "cidr_block": "0.0.0.0/0",
                "from_port": 0,
                "icmp_code": null,
                "icmp_type": null,
                "ipv6_cidr_block": "",
                "protocol": "-1",
                "rule_no": 100,
                "to_port": 0
              }
            ],
            "owner_id": "938998270170",
            "subnet_ids": [
              "subnet-061865fbed3059865",
              "subnet-06f3f585416463a47",
              "subnet-07553268cba52cd5a",
              "subnet-085a5fbc7dc6aaf08"
            ],
            "tags": {
              "Name": "devboard-vpc-default"
            },
            "tags_all": {
              "Name": "devboard-vpc-default"
            },
            "vpc_id": "vpc-08838944f2dac7d90"
          },
          "sensitive_attributes": [],
          "identity_schema_version": 0,
          "private": "bnVsbA==",
          "dependencies": [
            "module.vpc.aws_vpc.this"
          ]
        }
      ]
    },
    {
      "module": "module.vpc",
      "mode": "managed",
      "type": "aws_default_route_table",
      "name": "default",
      "provider": "provider[\"registry.terraform.io/hashicorp/aws\"]",
      "instances": [
        {
          "index_key": 0,
          "schema_version": 0,
          "attributes": {
            "arn": "arn:aws:ec2:eu-north-1:938998270170:route-table/rtb-0dc7dc93a6d1cff6d",
            "default_route_table_id": "rtb-0dc7dc93a6d1cff6d",
            "id": "rtb-0dc7dc93a6d1cff6d",
            "owner_id": "938998270170",
            "propagating_vgws": null,
            "route": [],
            "tags": {
              "Name": "devboard-vpc-default"
            },
            "tags_all": {
              "Name": "devboard-vpc-default"
            },
            "timeouts": {
              "create": "5m",
              "update": "5m"
            },
            "vpc_id": "vpc-08838944f2dac7d90"
          },
          "sensitive_attributes": [],
          "identity_schema_version": 0,
          "private": "eyJlMmJmYjczMC1lY2FhLTExZTYtOGY4OC0zNDM2M2JjN2M0YzAiOnsiY3JlYXRlIjozMDAwMDAwMDAwMDAsInVwZGF0ZSI6MzAwMDAwMDAwMDAwfX0=",
          "dependencies": [
            "module.vpc.aws_vpc.this"
          ]
        }
      ]
    },
    {
      "module": "module.vpc",
      "mode": "managed",
      "type": "aws_default_security_group",
      "name": "this",
      "provider": "provider[\"registry.terraform.io/hashicorp/aws\"]",
      "instances": [
        {
          "index_key": 0,
          "schema_version": 1,
          "attributes": {
            "arn": "arn:aws:ec2:eu-north-1:938998270170:security-group/sg-0d56f67361cb5cb0e",
            "description": "default VPC security group",
            "egress": [],
            "id": "sg-0d56f67361cb5cb0e",
            "ingress": [],
            "name": "default",
            "name_prefix": "",
            "owner_id": "938998270170",
            "revoke_rules_on_delete": false,
            "tags": {
              "Name": "devboard-vpc-default"
            },
            "tags_all": {
              "Name": "devboard-vpc-default"
            },
            "vpc_id": "vpc-08838944f2dac7d90"
          },
          "sensitive_attributes": [],
          "identity_schema_version": 0,
          "private": "eyJzY2hlbWFfdmVyc2lvbiI6IjEifQ==",
          "dependencies": [
            "module.vpc.aws_vpc.this"
          ]
        }
      ]
    },
    {
      "module": "module.vpc",
      "mode": "managed",
      "type": "aws_eip",
      "name": "nat",
      "provider": "provider[\"registry.terraform.io/hashicorp/aws\"]",
      "instances": [
        {
          "index_key": 0,
          "schema_version": 0,
          "attributes": {
            "address": null,
            "allocation_id": "eipalloc-0d9a3ce2fe50bfd79",
            "arn": "arn:aws:ec2:eu-north-1:938998270170:elastic-ip/eipalloc-0d9a3ce2fe50bfd79",
            "associate_with_private_ip": null,
            "association_id": "",
            "carrier_ip": "",
            "customer_owned_ip": "",
            "customer_owned_ipv4_pool": "",
            "domain": "vpc",
            "id": "eipalloc-0d9a3ce2fe50bfd79",
            "instance": "",
            "ipam_pool_id": null,
            "network_border_group": "eu-north-1",
            "network_interface": "",
            "private_dns": null,
            "private_ip": "",
            "ptr_record": "",
            "public_dns": "ec2-16-16-113-251.eu-north-1.compute.amazonaws.com",
            "public_ip": "16.16.113.251",
            "public_ipv4_pool": "amazon",
            "tags": {
              "Name": "devboard-vpc-eu-north-1a"
            },
            "tags_all": {
              "Name": "devboard-vpc-eu-north-1a"
            },
            "timeouts": null,
            "vpc": true
          },
          "sensitive_attributes": [],
          "identity_schema_version": 0,
          "private": "eyJlMmJmYjczMC1lY2FhLTExZTYtOGY4OC0zNDM2M2JjN2M0YzAiOnsiZGVsZXRlIjoxODAwMDAwMDAwMDAsInJlYWQiOjkwMDAwMDAwMDAwMCwidXBkYXRlIjozMDAwMDAwMDAwMDB9fQ==",
          "dependencies": [
            "data.aws_availability_zones.available",
            "module.vpc.aws_internet_gateway.this",
            "module.vpc.aws_vpc.this",
            "module.vpc.aws_vpc_ipv4_cidr_block_association.this"
          ]
        }
      ]
    },
    {
      "module": "module.vpc",
      "mode": "managed",
      "type": "aws_internet_gateway",
      "name": "this",
      "provider": "provider[\"registry.terraform.io/hashicorp/aws\"]",
      "instances": [
        {
          "index_key": 0,
          "schema_version": 0,
          "attributes": {
            "arn": "arn:aws:ec2:eu-north-1:938998270170:internet-gateway/igw-00d15ab19142ccb4a",
            "id": "igw-00d15ab19142ccb4a",
            "owner_id": "938998270170",
            "tags": {
              "Name": "devboard-vpc"
            },
            "tags_all": {
              "Name": "devboard-vpc"
            },
            "timeouts": null,
            "vpc_id": "vpc-08838944f2dac7d90"
          },
          "sensitive_attributes": [],
          "identity_schema_version": 0,
          "private": "eyJlMmJmYjczMC1lY2FhLTExZTYtOGY4OC0zNDM2M2JjN2M0YzAiOnsiY3JlYXRlIjoxMjAwMDAwMDAwMDAwLCJkZWxldGUiOjEyMDAwMDAwMDAwMDAsInVwZGF0ZSI6MTIwMDAwMDAwMDAwMH19",
          "dependencies": [
            "module.vpc.aws_vpc.this",
            "module.vpc.aws_vpc_ipv4_cidr_block_association.this"
          ]
        }
      ]
    },
    {
      "module": "module.vpc",
      "mode": "managed",
      "type": "aws_nat_gateway",
      "name": "this",
      "provider": "provider[\"registry.terraform.io/hashicorp/aws\"]",
      "instances": [
        {
          "index_key": 0,
          "schema_version": 0,
          "attributes": {
            "allocation_id": "eipalloc-0d9a3ce2fe50bfd79",
            "association_id": "eipassoc-0e4e457ccb36c72b2",
            "connectivity_type": "public",
            "id": "nat-0d0aaab5a19d14c67",
            "network_interface_id": "eni-084ee1aa41eec90dd",
            "private_ip": "10.0.1.91",
            "public_ip": "16.16.113.251",
            "secondary_allocation_ids": null,
            "secondary_private_ip_address_count": 0,
            "secondary_private_ip_addresses": [],
            "subnet_id": "subnet-085a5fbc7dc6aaf08",
            "tags": {
              "Name": "devboard-vpc-eu-north-1a"
            },
            "tags_all": {
              "Name": "devboard-vpc-eu-north-1a"
            },
            "timeouts": null
          },
          "sensitive_attributes": [],
          "identity_schema_version": 0,
          "private": "eyJlMmJmYjczMC1lY2FhLTExZTYtOGY4OC0zNDM2M2JjN2M0YzAiOnsiY3JlYXRlIjo2MDAwMDAwMDAwMDAsImRlbGV0ZSI6MTgwMDAwMDAwMDAwMCwidXBkYXRlIjo2MDAwMDAwMDAwMDB9fQ==",
          "dependencies": [
            "data.aws_availability_zones.available",
            "module.vpc.aws_eip.nat",
            "module.vpc.aws_internet_gateway.this",
            "module.vpc.aws_subnet.public",
            "module.vpc.aws_vpc.this",
            "module.vpc.aws_vpc_ipv4_cidr_block_association.this"
          ]
        }
      ]
    },
    {
      "module": "module.vpc",
      "mode": "managed",
      "type": "aws_route",
      "name": "private_nat_gateway",
      "provider": "provider[\"registry.terraform.io/hashicorp/aws\"]",
      "instances": [
        {
          "index_key": 0,
          "schema_version": 0,
          "attributes": {
            "carrier_gateway_id": "",
            "core_network_arn": "",
            "destination_cidr_block": "0.0.0.0/0",
            "destination_ipv6_cidr_block": "",
            "destination_prefix_list_id": "",
            "egress_only_gateway_id": "",
            "gateway_id": "",
            "id": "r-rtb-06fc7f5f4c3019f5d1080289494",
            "instance_id": "",
            "instance_owner_id": "",
            "local_gateway_id": "",
            "nat_gateway_id": "nat-0d0aaab5a19d14c67",
            "network_interface_id": "",
            "origin": "CreateRoute",
            "route_table_id": "rtb-06fc7f5f4c3019f5d",
            "state": "active",
            "timeouts": {
              "create": "5m",
              "delete": null,
              "update": null
            },
            "transit_gateway_id": "",
            "vpc_endpoint_id": "",
            "vpc_peering_connection_id": ""
          },
          "sensitive_attributes": [],
          "identity_schema_version": 0,
          "private": "eyJlMmJmYjczMC1lY2FhLTExZTYtOGY4OC0zNDM2M2JjN2M0YzAiOnsiY3JlYXRlIjozMDAwMDAwMDAwMDAsImRlbGV0ZSI6MzAwMDAwMDAwMDAwLCJ1cGRhdGUiOjEyMDAwMDAwMDAwMH19",
          "dependencies": [
            "data.aws_availability_zones.available",
            "module.vpc.aws_eip.nat",
            "module.vpc.aws_internet_gateway.this",
            "module.vpc.aws_nat_gateway.this",
            "module.vpc.aws_route_table.private",
            "module.vpc.aws_subnet.public",
            "module.vpc.aws_vpc.this",
            "module.vpc.aws_vpc_ipv4_cidr_block_association.this"
          ]
        }
      ]
    },
    {
      "module": "module.vpc",
      "mode": "managed",
      "type": "aws_route",
      "name": "public_internet_gateway",
      "provider": "provider[\"registry.terraform.io/hashicorp/aws\"]",
      "instances": [
        {
          "index_key": 0,
          "schema_version": 0,
          "attributes": {
            "carrier_gateway_id": "",
            "core_network_arn": "",
            "destination_cidr_block": "0.0.0.0/0",
            "destination_ipv6_cidr_block": "",
            "destination_prefix_list_id": "",
            "egress_only_gateway_id": "",
            "gateway_id": "igw-00d15ab19142ccb4a",
            "id": "r-rtb-0dc9dd814a8db57331080289494",
            "instance_id": "",
            "instance_owner_id": "",
            "local_gateway_id": "",
            "nat_gateway_id": "",
            "network_interface_id": "",
            "origin": "CreateRoute",
            "route_table_id": "rtb-0dc9dd814a8db5733",
            "state": "active",
            "timeouts": {
              "create": "5m",
              "delete": null,
              "update": null
            },
            "transit_gateway_id": "",
            "vpc_endpoint_id": "",
            "vpc_peering_connection_id": ""
          },
          "sensitive_attributes": [],
          "identity_schema_version": 0,
          "private": "eyJlMmJmYjczMC1lY2FhLTExZTYtOGY4OC0zNDM2M2JjN2M0YzAiOnsiY3JlYXRlIjozMDAwMDAwMDAwMDAsImRlbGV0ZSI6MzAwMDAwMDAwMDAwLCJ1cGRhdGUiOjEyMDAwMDAwMDAwMH19",
          "dependencies": [
            "data.aws_availability_zones.available",
            "module.vpc.aws_internet_gateway.this",
            "module.vpc.aws_route_table.public",
            "module.vpc.aws_vpc.this",
            "module.vpc.aws_vpc_ipv4_cidr_block_association.this"
          ]
        }
      ]
    },
    {
      "module": "module.vpc",
      "mode": "managed",
      "type": "aws_route_table",
      "name": "private",
      "provider": "provider[\"registry.terraform.io/hashicorp/aws\"]",
      "instances": [
        {
          "index_key": 0,
          "schema_version": 0,
          "attributes": {
            "arn": "arn:aws:ec2:eu-north-1:938998270170:route-table/rtb-06fc7f5f4c3019f5d",
            "id": "rtb-06fc7f5f4c3019f5d",
            "owner_id": "938998270170",
            "propagating_vgws": [],
            "route": [],
            "tags": {
              "Name": "devboard-vpc-private"
            },
            "tags_all": {
              "Name": "devboard-vpc-private"
            },
            "timeouts": null,
            "vpc_id": "vpc-08838944f2dac7d90"
          },
          "sensitive_attributes": [],
          "identity_schema_version": 0,
          "private": "eyJlMmJmYjczMC1lY2FhLTExZTYtOGY4OC0zNDM2M2JjN2M0YzAiOnsiY3JlYXRlIjozMDAwMDAwMDAwMDAsImRlbGV0ZSI6MzAwMDAwMDAwMDAwLCJ1cGRhdGUiOjEyMDAwMDAwMDAwMH19",
          "dependencies": [
            "data.aws_availability_zones.available",
            "module.vpc.aws_vpc.this",
            "module.vpc.aws_vpc_ipv4_cidr_block_association.this"
          ]
        }
      ]
    },
    {
      "module": "module.vpc",
      "mode": "managed",
      "type": "aws_route_table",
      "name": "public",
      "provider": "provider[\"registry.terraform.io/hashicorp/aws\"]",
      "instances": [
        {
          "index_key": 0,
          "schema_version": 0,
          "attributes": {
            "arn": "arn:aws:ec2:eu-north-1:938998270170:route-table/rtb-0dc9dd814a8db5733",
            "id": "rtb-0dc9dd814a8db5733",
            "owner_id": "938998270170",
            "propagating_vgws": [],
            "route": [],
            "tags": {
              "Name": "devboard-vpc-public"
            },
            "tags_all": {
              "Name": "devboard-vpc-public"
            },
            "timeouts": null,
            "vpc_id": "vpc-08838944f2dac7d90"
          },
          "sensitive_attributes": [],
          "identity_schema_version": 0,
          "private": "eyJlMmJmYjczMC1lY2FhLTExZTYtOGY4OC0zNDM2M2JjN2M0YzAiOnsiY3JlYXRlIjozMDAwMDAwMDAwMDAsImRlbGV0ZSI6MzAwMDAwMDAwMDAwLCJ1cGRhdGUiOjEyMDAwMDAwMDAwMH19",
          "dependencies": [
            "data.aws_availability_zones.available",
            "module.vpc.aws_vpc.this",
            "module.vpc.aws_vpc_ipv4_cidr_block_association.this"
          ]
        }
      ]
    },
    {
      "module": "module.vpc",
      "mode": "managed",
      "type": "aws_route_table_association",
      "name": "private",
      "provider": "provider[\"registry.terraform.io/hashicorp/aws\"]",
      "instances": [
        {
          "index_key": 0,
          "schema_version": 0,
          "attributes": {
            "gateway_id": "",
            "id": "rtbassoc-05a5ecf606660cd9b",
            "route_table_id": "rtb-06fc7f5f4c3019f5d",
            "subnet_id": "subnet-07553268cba52cd5a",
            "timeouts": null
          },
          "sensitive_attributes": [],
          "identity_schema_version": 0,
          "private": "eyJlMmJmYjczMC1lY2FhLTExZTYtOGY4OC0zNDM2M2JjN2M0YzAiOnsiY3JlYXRlIjozMDAwMDAwMDAwMDAsImRlbGV0ZSI6MzAwMDAwMDAwMDAwLCJ1cGRhdGUiOjEyMDAwMDAwMDAwMH19",
          "dependencies": [
            "data.aws_availability_zones.available",
            "module.vpc.aws_route_table.private",
            "module.vpc.aws_subnet.private",
            "module.vpc.aws_vpc.this",
            "module.vpc.aws_vpc_ipv4_cidr_block_association.this"
          ]
        },
        {
          "index_key": 1,
          "schema_version": 0,
          "attributes": {
            "gateway_id": "",
            "id": "rtbassoc-0dffb73585b52645c",
            "route_table_id": "rtb-06fc7f5f4c3019f5d",
            "subnet_id": "subnet-061865fbed3059865",
            "timeouts": null
          },
          "sensitive_attributes": [],
          "identity_schema_version": 0,
          "private": "eyJlMmJmYjczMC1lY2FhLTExZTYtOGY4OC0zNDM2M2JjN2M0YzAiOnsiY3JlYXRlIjozMDAwMDAwMDAwMDAsImRlbGV0ZSI6MzAwMDAwMDAwMDAwLCJ1cGRhdGUiOjEyMDAwMDAwMDAwMH19",
          "dependencies": [
            "data.aws_availability_zones.available",
            "module.vpc.aws_route_table.private",
            "module.vpc.aws_subnet.private",
            "module.vpc.aws_vpc.this",
            "module.vpc.aws_vpc_ipv4_cidr_block_association.this"
          ]
        }
      ]
    },
    {
      "module": "module.vpc",
      "mode": "managed",
      "type": "aws_route_table_association",
      "name": "public",
      "provider": "provider[\"registry.terraform.io/hashicorp/aws\"]",
      "instances": [
        {
          "index_key": 0,
          "schema_version": 0,
          "attributes": {
            "gateway_id": "",
            "id": "rtbassoc-0b442c3706447c890",
            "route_table_id": "rtb-0dc9dd814a8db5733",
            "subnet_id": "subnet-085a5fbc7dc6aaf08",
            "timeouts": null
          },
          "sensitive_attributes": [],
          "identity_schema_version": 0,
          "private": "eyJlMmJmYjczMC1lY2FhLTExZTYtOGY4OC0zNDM2M2JjN2M0YzAiOnsiY3JlYXRlIjozMDAwMDAwMDAwMDAsImRlbGV0ZSI6MzAwMDAwMDAwMDAwLCJ1cGRhdGUiOjEyMDAwMDAwMDAwMH19",
          "dependencies": [
            "data.aws_availability_zones.available",
            "module.vpc.aws_route_table.public",
            "module.vpc.aws_subnet.public",
            "module.vpc.aws_vpc.this",
            "module.vpc.aws_vpc_ipv4_cidr_block_association.this"
          ]
        },
        {
          "index_key": 1,
          "schema_version": 0,
          "attributes": {
            "gateway_id": "",
            "id": "rtbassoc-014564038f0104301",
            "route_table_id": "rtb-0dc9dd814a8db5733",
            "subnet_id": "subnet-06f3f585416463a47",
            "timeouts": null
          },
          "sensitive_attributes": [],
          "identity_schema_version": 0,
          "private": "eyJlMmJmYjczMC1lY2FhLTExZTYtOGY4OC0zNDM2M2JjN2M0YzAiOnsiY3JlYXRlIjozMDAwMDAwMDAwMDAsImRlbGV0ZSI6MzAwMDAwMDAwMDAwLCJ1cGRhdGUiOjEyMDAwMDAwMDAwMH19",
          "dependencies": [
            "data.aws_availability_zones.available",
            "module.vpc.aws_route_table.public",
            "module.vpc.aws_subnet.public",
            "module.vpc.aws_vpc.this",
            "module.vpc.aws_vpc_ipv4_cidr_block_association.this"
          ]
        }
      ]
    },
    {
      "module": "module.vpc",
      "mode": "managed",
      "type": "aws_subnet",
      "name": "private",
      "provider": "provider[\"registry.terraform.io/hashicorp/aws\"]",
      "instances": [
        {
          "index_key": 0,
          "schema_version": 1,
          "attributes": {
            "arn": "arn:aws:ec2:eu-north-1:938998270170:subnet/subnet-07553268cba52cd5a",
            "assign_ipv6_address_on_creation": false,
            "availability_zone": "eu-north-1a",
            "availability_zone_id": "eun1-az1",
            "cidr_block": "10.0.3.0/24",
            "customer_owned_ipv4_pool": "",
            "enable_dns64": false,
            "enable_lni_at_device_index": 0,
            "enable_resource_name_dns_a_record_on_launch": false,
            "enable_resource_name_dns_aaaa_record_on_launch": false,
            "id": "subnet-07553268cba52cd5a",
            "ipv6_cidr_block": "",
            "ipv6_cidr_block_association_id": "",
            "ipv6_native": false,
            "map_customer_owned_ip_on_launch": false,
            "map_public_ip_on_launch": false,
            "outpost_arn": "",
            "owner_id": "938998270170",
            "private_dns_hostname_type_on_launch": "ip-name",
            "tags": {
              "Name": "devboard-vpc-private-eu-north-1a",
              "kubernetes.io/role/internal-elb": "1"
            },
            "tags_all": {
              "Name": "devboard-vpc-private-eu-north-1a",
              "kubernetes.io/role/internal-elb": "1"
            },
            "timeouts": null,
            "vpc_id": "vpc-08838944f2dac7d90"
          },
          "sensitive_attributes": [],
          "identity_schema_version": 0,
          "private": "eyJlMmJmYjczMC1lY2FhLTExZTYtOGY4OC0zNDM2M2JjN2M0YzAiOnsiY3JlYXRlIjo2MDAwMDAwMDAwMDAsImRlbGV0ZSI6MTIwMDAwMDAwMDAwMH0sInNjaGVtYV92ZXJzaW9uIjoiMSJ9",
          "dependencies": [
            "data.aws_availability_zones.available",
            "module.vpc.aws_vpc.this",
            "module.vpc.aws_vpc_ipv4_cidr_block_association.this"
          ],
          "create_before_destroy": true
        },
        {
          "index_key": 1,
          "schema_version": 1,
          "attributes": {
            "arn": "arn:aws:ec2:eu-north-1:938998270170:subnet/subnet-061865fbed3059865",
            "assign_ipv6_address_on_creation": false,
            "availability_zone": "eu-north-1b",
            "availability_zone_id": "eun1-az2",
            "cidr_block": "10.0.4.0/24",
            "customer_owned_ipv4_pool": "",
            "enable_dns64": false,
            "enable_lni_at_device_index": 0,
            "enable_resource_name_dns_a_record_on_launch": false,
            "enable_resource_name_dns_aaaa_record_on_launch": false,
            "id": "subnet-061865fbed3059865",
            "ipv6_cidr_block": "",
            "ipv6_cidr_block_association_id": "",
            "ipv6_native": false,
            "map_customer_owned_ip_on_launch": false,
            "map_public_ip_on_launch": false,
            "outpost_arn": "",
            "owner_id": "938998270170",
            "private_dns_hostname_type_on_launch": "ip-name",
            "tags": {
              "Name": "devboard-vpc-private-eu-north-1b",
              "kubernetes.io/role/internal-elb": "1"
            },
            "tags_all": {
              "Name": "devboard-vpc-private-eu-north-1b",
              "kubernetes.io/role/internal-elb": "1"
            },
            "timeouts": null,
            "vpc_id": "vpc-08838944f2dac7d90"
          },
          "sensitive_attributes": [],
          "identity_schema_version": 0,
          "private": "eyJlMmJmYjczMC1lY2FhLTExZTYtOGY4OC0zNDM2M2JjN2M0YzAiOnsiY3JlYXRlIjo2MDAwMDAwMDAwMDAsImRlbGV0ZSI6MTIwMDAwMDAwMDAwMH0sInNjaGVtYV92ZXJzaW9uIjoiMSJ9",
          "dependencies": [
            "data.aws_availability_zones.available",
            "module.vpc.aws_vpc.this",
            "module.vpc.aws_vpc_ipv4_cidr_block_association.this"
          ],
          "create_before_destroy": true
        }
      ]
    },
    {
      "module": "module.vpc",
      "mode": "managed",
      "type": "aws_subnet",
      "name": "public",
      "provider": "provider[\"registry.terraform.io/hashicorp/aws\"]",
      "instances": [
        {
          "index_key": 0,
          "schema_version": 1,
          "attributes": {
            "arn": "arn:aws:ec2:eu-north-1:938998270170:subnet/subnet-085a5fbc7dc6aaf08",
            "assign_ipv6_address_on_creation": false,
            "availability_zone": "eu-north-1a",
            "availability_zone_id": "eun1-az1",
            "cidr_block": "10.0.1.0/24",
            "customer_owned_ipv4_pool": "",
            "enable_dns64": false,
            "enable_lni_at_device_index": 0,
            "enable_resource_name_dns_a_record_on_launch": false,
            "enable_resource_name_dns_aaaa_record_on_launch": false,
            "id": "subnet-085a5fbc7dc6aaf08",
            "ipv6_cidr_block": "",
            "ipv6_cidr_block_association_id": "",
            "ipv6_native": false,
            "map_customer_owned_ip_on_launch": false,
            "map_public_ip_on_launch": false,
            "outpost_arn": "",
            "owner_id": "938998270170",
            "private_dns_hostname_type_on_launch": "ip-name",
            "tags": {
              "Name": "devboard-vpc-public-eu-north-1a",
              "kubernetes.io/role/elb": "1"
            },
            "tags_all": {
              "Name": "devboard-vpc-public-eu-north-1a",
              "kubernetes.io/role/elb": "1"
            },
            "timeouts": null,
            "vpc_id": "vpc-08838944f2dac7d90"
          },
          "sensitive_attributes": [],
          "identity_schema_version": 0,
          "private": "eyJlMmJmYjczMC1lY2FhLTExZTYtOGY4OC0zNDM2M2JjN2M0YzAiOnsiY3JlYXRlIjo2MDAwMDAwMDAwMDAsImRlbGV0ZSI6MTIwMDAwMDAwMDAwMH0sInNjaGVtYV92ZXJzaW9uIjoiMSJ9",
          "dependencies": [
            "data.aws_availability_zones.available",
            "module.vpc.aws_vpc.this",
            "module.vpc.aws_vpc_ipv4_cidr_block_association.this"
          ]
        },
        {
          "index_key": 1,
          "schema_version": 1,
          "attributes": {
            "arn": "arn:aws:ec2:eu-north-1:938998270170:subnet/subnet-06f3f585416463a47",
            "assign_ipv6_address_on_creation": false,
            "availability_zone": "eu-north-1b",
            "availability_zone_id": "eun1-az2",
            "cidr_block": "10.0.2.0/24",
            "customer_owned_ipv4_pool": "",
            "enable_dns64": false,
            "enable_lni_at_device_index": 0,
            "enable_resource_name_dns_a_record_on_launch": false,
            "enable_resource_name_dns_aaaa_record_on_launch": false,
            "id": "subnet-06f3f585416463a47",
            "ipv6_cidr_block": "",
            "ipv6_cidr_block_association_id": "",
            "ipv6_native": false,
            "map_customer_owned_ip_on_launch": false,
            "map_public_ip_on_launch": false,
            "outpost_arn": "",
            "owner_id": "938998270170",
            "private_dns_hostname_type_on_launch": "ip-name",
            "tags": {
              "Name": "devboard-vpc-public-eu-north-1b",
              "kubernetes.io/role/elb": "1"
            },
            "tags_all": {
              "Name": "devboard-vpc-public-eu-north-1b",
              "kubernetes.io/role/elb": "1"
            },
            "timeouts": null,
            "vpc_id": "vpc-08838944f2dac7d90"
          },
          "sensitive_attributes": [],
          "identity_schema_version": 0,
          "private": "eyJlMmJmYjczMC1lY2FhLTExZTYtOGY4OC0zNDM2M2JjN2M0YzAiOnsiY3JlYXRlIjo2MDAwMDAwMDAwMDAsImRlbGV0ZSI6MTIwMDAwMDAwMDAwMH0sInNjaGVtYV92ZXJzaW9uIjoiMSJ9",
          "dependencies": [
            "data.aws_availability_zones.available",
            "module.vpc.aws_vpc.this",
            "module.vpc.aws_vpc_ipv4_cidr_block_association.this"
          ]
        }
      ]
    },
    {
      "module": "module.vpc",
      "mode": "managed",
      "type": "aws_vpc",
      "name": "this",
      "provider": "provider[\"registry.terraform.io/hashicorp/aws\"]",
      "instances": [
        {
          "index_key": 0,
          "schema_version": 1,
          "attributes": {
            "arn": "arn:aws:ec2:eu-north-1:938998270170:vpc/vpc-08838944f2dac7d90",
            "assign_generated_ipv6_cidr_block": false,
            "cidr_block": "10.0.0.0/16",
            "default_network_acl_id": "acl-06c96ab33d71a5cf3",
            "default_route_table_id": "rtb-0dc7dc93a6d1cff6d",
            "default_security_group_id": "sg-0d56f67361cb5cb0e",
            "dhcp_options_id": "dopt-02f336034527832b0",
            "enable_dns_hostnames": true,
            "enable_dns_support": true,
            "enable_network_address_usage_metrics": false,
            "id": "vpc-08838944f2dac7d90",
            "instance_tenancy": "default",
            "ipv4_ipam_pool_id": null,
            "ipv4_netmask_length": null,
            "ipv6_association_id": "",
            "ipv6_cidr_block": "",
            "ipv6_cidr_block_network_border_group": "",
            "ipv6_ipam_pool_id": "",
            "ipv6_netmask_length": 0,
            "main_route_table_id": "rtb-0dc7dc93a6d1cff6d",
            "owner_id": "938998270170",
            "tags": {
              "Name": "devboard-vpc"
            },
            "tags_all": {
              "Name": "devboard-vpc"
            }
          },
          "sensitive_attributes": [],
          "identity_schema_version": 0,
          "private": "eyJzY2hlbWFfdmVyc2lvbiI6IjEifQ==",
          "create_before_destroy": true
        }
      ]
    }
  ],
  "check_results": [
    {
      "object_kind": "var",
      "config_addr": "module.eks.module.self_managed_node_group.var.platform",
      "status": "pass",
      "objects": null
    },
    {
      "object_kind": "resource",
      "config_addr": "module.eks.module.self_managed_node_group.module.user_data.null_resource.validate_cluster_service_cidr",
      "status": "pass",
      "objects": null
    },
    {
      "object_kind": "resource",
      "config_addr": "module.eks.module.eks_managed_node_group.module.user_data.null_resource.validate_cluster_service_cidr",
      "status": "pass",
      "objects": [
        {
          "object_addr": "module.eks.module.eks_managed_node_group[\"general_nodes\"].module.user_data.null_resource.validate_cluster_service_cidr",
          "status": "pass"
        }
      ]
    }
  ]
}
